Microsoft Visual Studio Solution File, Format Version 12.00
# Visual Studio 15
Project("{2150E333-8FDC-42A3-9474-1A3956D46DE8}") = "CMakePredefinedTargets", "CMakePredefinedTargets", "{813025D0-BB22-3B8F-BED9-7AF3D8E33C1E}"
EndProject
Project("{2150E333-8FDC-42A3-9474-1A3956D46DE8}") = "GLFW3", "GLFW3", "{0B4B7FE4-7269-3E3D-8B28-1671870A4AF1}"
EndProject
Project("{2150E333-8FDC-42A3-9474-1A3956D46DE8}") = "Examples", "GLFW3\Examples", "{0263FCEC-AFF5-3CAF-B045-A64F5CC3BDD5}"
EndProject
Project("{2150E333-8FDC-42A3-9474-1A3956D46DE8}") = "Tests", "GLFW3\Tests", "{F3C7DB2F-B5F0-35B6-BFE1-C100CD62F2B5}"
EndProject
Project("{8BC9CEB8-8B4A-11D0-8D11-00A0C91BC942}") = "ALL_BUILD", "ALL_BUILD.vcxproj", "{7D66796E-5562-38D5-92FF-00F05CE02369}"
	ProjectSection(ProjectDependencies) = postProject
		{37D7D732-34FE-3F6F-864A-144F47B12309} = {37D7D732-34FE-3F6F-864A-144F47B12309}
		{C88C0361-04F1-3921-9BAF-187C2D60AFFC} = {C88C0361-04F1-3921-9BAF-187C2D60AFFC}
		{E12BEAE1-119C-3A03-A437-A0C841BB1434} = {E12BEAE1-119C-3A03-A437-A0C841BB1434}
		{C09C8226-656A-31FB-895F-F003DD82638B} = {C09C8226-656A-31FB-895F-F003DD82638B}
		{094523C9-60D4-3DCA-985A-5D477D3ABA36} = {094523C9-60D4-3DCA-985A-5D477D3ABA36}
		{1FDBBBAC-349B-3900-9B2A-906150D8E74B} = {1FDBBBAC-349B-3900-9B2A-906150D8E74B}
		{001BD456-5A02-35F9-9EF1-130108A2D1CF} = {001BD456-5A02-35F9-9EF1-130108A2D1CF}
		{A4ED84B2-A2DD-3064-AA03-A778A7635AC7} = {A4ED84B2-A2DD-3064-AA03-A778A7635AC7}
		{2E386D00-4D9D-30FE-9840-C6DBD7A3D946} = {2E386D00-4D9D-30FE-9840-C6DBD7A3D946}
		{F962E56E-C1AC-3DE0-9F95-2B875BE439F3} = {F962E56E-C1AC-3DE0-9F95-2B875BE439F3}
		{1E16C1C4-ED38-353B-9558-4F93F96C88D2} = {1E16C1C4-ED38-353B-9558-4F93F96C88D2}
		{12575AF0-C35A-3AA3-877A-231C329CC68D} = {12575AF0-C35A-3AA3-877A-231C329CC68D}
		{7DAF5421-4CCB-3940-B0DD-1453F0D01A4C} = {7DAF5421-4CCB-3940-B0DD-1453F0D01A4C}
		{00D5B6A4-8DC4-3D96-B4B5-EEC76B12A2B6} = {00D5B6A4-8DC4-3D96-B4B5-EEC76B12A2B6}
		{DC92B5ED-2AC3-3866-84FC-5FCFF116EE7B} = {DC92B5ED-2AC3-3866-84FC-5FCFF116EE7B}
		{0BFB788E-4A24-360B-B9C6-5DD949BC8B5F} = {0BFB788E-4A24-360B-B9C6-5DD949BC8B5F}
		{4E75BE0B-D007-39EC-AE08-7A90CF32075B} = {4E75BE0B-D007-39EC-AE08-7A90CF32075B}
		{D282A9CB-F033-3BE7-8AD9-CAB4EEF76A4B} = {D282A9CB-F033-3BE7-8AD9-CAB4EEF76A4B}
		{3DFBE0FD-5987-3455-AB06-E350B183BB78} = {3DFBE0FD-5987-3455-AB06-E350B183BB78}
		{37936DE7-7BEA-3D13-BA52-6BCB895C39A9} = {37936DE7-7BEA-3D13-BA52-6BCB895C39A9}
		{B2C2FA33-4CAB-3C96-970A-4AAFE3BF94BA} = {B2C2FA33-4CAB-3C96-970A-4AAFE3BF94BA}
		{538A9DED-EBF6-35FF-8D7C-29AD1332A62F} = {538A9DED-EBF6-35FF-8D7C-29AD1332A62F}
		{0EFFC93C-4B8A-3AFA-BB6E-F9D0C5D13717} = {0EFFC93C-4B8A-3AFA-BB6E-F9D0C5D13717}
		{35919F3B-6FE9-3C96-8FDE-C5B158EEAD4B} = {35919F3B-6FE9-3C96-8FDE-C5B158EEAD4B}
		{0C3694F5-74DA-39EC-BC4E-984A08EF37C2} = {0C3694F5-74DA-39EC-BC4E-984A08EF37C2}
		{A1F26444-770D-389C-B49F-D7E50B2CD039} = {A1F26444-770D-389C-B49F-D7E50B2CD039}
		{66086E72-195F-337F-B2AA-0CC085DF5F2F} = {66086E72-195F-337F-B2AA-0CC085DF5F2F}
	EndProjectSection
EndProject
Project("{8BC9CEB8-8B4A-11D0-8D11-00A0C91BC942}") = "INSTALL", "INSTALL.vcxproj", "{C26C9670-B9E4-3E0C-A2C4-8E727348CA58}"
	ProjectSection(ProjectDependencies) = postProject
		{7D66796E-5562-38D5-92FF-00F05CE02369} = {7D66796E-5562-38D5-92FF-00F05CE02369}
		{37D7D732-34FE-3F6F-864A-144F47B12309} = {37D7D732-34FE-3F6F-864A-144F47B12309}
	EndProjectSection
EndProject
Project("{8BC9CEB8-8B4A-11D0-8D11-00A0C91BC942}") = "ZERO_CHECK", "ZERO_CHECK.vcxproj", "{37D7D732-34FE-3F6F-864A-144F47B12309}"
	ProjectSection(ProjectDependencies) = postProject
	EndProjectSection
EndProject
Project("{8BC9CEB8-8B4A-11D0-8D11-00A0C91BC942}") = "boing", "examples\boing.vcxproj", "{C88C0361-04F1-3921-9BAF-187C2D60AFFC}"
	ProjectSection(ProjectDependencies) = postProject
		{37D7D732-34FE-3F6F-864A-144F47B12309} = {37D7D732-34FE-3F6F-864A-144F47B12309}
		{2E386D00-4D9D-30FE-9840-C6DBD7A3D946} = {2E386D00-4D9D-30FE-9840-C6DBD7A3D946}
	EndProjectSection
EndProject
Project("{8BC9CEB8-8B4A-11D0-8D11-00A0C91BC942}") = "clipboard", "tests\clipboard.vcxproj", "{E12BEAE1-119C-3A03-A437-A0C841BB1434}"
	ProjectSection(ProjectDependencies) = postProject
		{37D7D732-34FE-3F6F-864A-144F47B12309} = {37D7D732-34FE-3F6F-864A-144F47B12309}
		{2E386D00-4D9D-30FE-9840-C6DBD7A3D946} = {2E386D00-4D9D-30FE-9840-C6DBD7A3D946}
	EndProjectSection
EndProject
Project("{8BC9CEB8-8B4A-11D0-8D11-00A0C91BC942}") = "cursor", "tests\cursor.vcxproj", "{C09C8226-656A-31FB-895F-F003DD82638B}"
	ProjectSection(ProjectDependencies) = postProject
		{37D7D732-34FE-3F6F-864A-144F47B12309} = {37D7D732-34FE-3F6F-864A-144F47B12309}
		{2E386D00-4D9D-30FE-9840-C6DBD7A3D946} = {2E386D00-4D9D-30FE-9840-C6DBD7A3D946}
	EndProjectSection
EndProject
Project("{8BC9CEB8-8B4A-11D0-8D11-00A0C91BC942}") = "empty", "tests\empty.vcxproj", "{094523C9-60D4-3DCA-985A-5D477D3ABA36}"
	ProjectSection(ProjectDependencies) = postProject
		{37D7D732-34FE-3F6F-864A-144F47B12309} = {37D7D732-34FE-3F6F-864A-144F47B12309}
		{2E386D00-4D9D-30FE-9840-C6DBD7A3D946} = {2E386D00-4D9D-30FE-9840-C6DBD7A3D946}
	EndProjectSection
EndProject
Project("{8BC9CEB8-8B4A-11D0-8D11-00A0C91BC942}") = "events", "tests\events.vcxproj", "{1FDBBBAC-349B-3900-9B2A-906150D8E74B}"
	ProjectSection(ProjectDependencies) = postProject
		{37D7D732-34FE-3F6F-864A-144F47B12309} = {37D7D732-34FE-3F6F-864A-144F47B12309}
		{2E386D00-4D9D-30FE-9840-C6DBD7A3D946} = {2E386D00-4D9D-30FE-9840-C6DBD7A3D946}
	EndProjectSection
EndProject
Project("{8BC9CEB8-8B4A-11D0-8D11-00A0C91BC942}") = "gamma", "tests\gamma.vcxproj", "{001BD456-5A02-35F9-9EF1-130108A2D1CF}"
	ProjectSection(ProjectDependencies) = postProject
		{37D7D732-34FE-3F6F-864A-144F47B12309} = {37D7D732-34FE-3F6F-864A-144F47B12309}
		{2E386D00-4D9D-30FE-9840-C6DBD7A3D946} = {2E386D00-4D9D-30FE-9840-C6DBD7A3D946}
	EndProjectSection
EndProject
Project("{8BC9CEB8-8B4A-11D0-8D11-00A0C91BC942}") = "gears", "examples\gears.vcxproj", "{A4ED84B2-A2DD-3064-AA03-A778A7635AC7}"
	ProjectSection(ProjectDependencies) = postProject
		{37D7D732-34FE-3F6F-864A-144F47B12309} = {37D7D732-34FE-3F6F-864A-144F47B12309}
		{2E386D00-4D9D-30FE-9840-C6DBD7A3D946} = {2E386D00-4D9D-30FE-9840-C6DBD7A3D946}
	EndProjectSection
EndProject
Project("{8BC9CEB8-8B4A-11D0-8D11-00A0C91BC942}") = "glfw", "src\glfw.vcxproj", "{2E386D00-4D9D-30FE-9840-C6DBD7A3D946}"
	ProjectSection(ProjectDependencies) = postProject
		{37D7D732-34FE-3F6F-864A-144F47B12309} = {37D7D732-34FE-3F6F-864A-144F47B12309}
	EndProjectSection
EndProject
Project("{8BC9CEB8-8B4A-11D0-8D11-00A0C91BC942}") = "glfwinfo", "tests\glfwinfo.vcxproj", "{F962E56E-C1AC-3DE0-9F95-2B875BE439F3}"
	ProjectSection(ProjectDependencies) = postProject
		{37D7D732-34FE-3F6F-864A-144F47B12309} = {37D7D732-34FE-3F6F-864A-144F47B12309}
		{2E386D00-4D9D-30FE-9840-C6DBD7A3D946} = {2E386D00-4D9D-30FE-9840-C6DBD7A3D946}
	EndProjectSection
EndProject
Project("{8BC9CEB8-8B4A-11D0-8D11-00A0C91BC942}") = "heightmap", "examples\heightmap.vcxproj", "{1E16C1C4-ED38-353B-9558-4F93F96C88D2}"
	ProjectSection(ProjectDependencies) = postProject
		{37D7D732-34FE-3F6F-864A-144F47B12309} = {37D7D732-34FE-3F6F-864A-144F47B12309}
		{2E386D00-4D9D-30FE-9840-C6DBD7A3D946} = {2E386D00-4D9D-30FE-9840-C6DBD7A3D946}
	EndProjectSection
EndProject
Project("{8BC9CEB8-8B4A-11D0-8D11-00A0C91BC942}") = "icon", "tests\icon.vcxproj", "{12575AF0-C35A-3AA3-877A-231C329CC68D}"
	ProjectSection(ProjectDependencies) = postProject
		{37D7D732-34FE-3F6F-864A-144F47B12309} = {37D7D732-34FE-3F6F-864A-144F47B12309}
		{2E386D00-4D9D-30FE-9840-C6DBD7A3D946} = {2E386D00-4D9D-30FE-9840-C6DBD7A3D946}
	EndProjectSection
EndProject
Project("{8BC9CEB8-8B4A-11D0-8D11-00A0C91BC942}") = "iconify", "tests\iconify.vcxproj", "{7DAF5421-4CCB-3940-B0DD-1453F0D01A4C}"
	ProjectSection(ProjectDependencies) = postProject
		{37D7D732-34FE-3F6F-864A-144F47B12309} = {37D7D732-34FE-3F6F-864A-144F47B12309}
		{2E386D00-4D9D-30FE-9840-C6DBD7A3D946} = {2E386D00-4D9D-30FE-9840-C6DBD7A3D946}
	EndProjectSection
EndProject
Project("{8BC9CEB8-8B4A-11D0-8D11-00A0C91BC942}") = "joysticks", "tests\joysticks.vcxproj", "{00D5B6A4-8DC4-3D96-B4B5-EEC76B12A2B6}"
	ProjectSection(ProjectDependencies) = postProject
		{37D7D732-34FE-3F6F-864A-144F47B12309} = {37D7D732-34FE-3F6F-864A-144F47B12309}
		{2E386D00-4D9D-30FE-9840-C6DBD7A3D946} = {2E386D00-4D9D-30FE-9840-C6DBD7A3D946}
	EndProjectSection
EndProject
Project("{8BC9CEB8-8B4A-11D0-8D11-00A0C91BC942}") = "monitors", "tests\monitors.vcxproj", "{DC92B5ED-2AC3-3866-84FC-5FCFF116EE7B}"
	ProjectSection(ProjectDependencies) = postProject
		{37D7D732-34FE-3F6F-864A-144F47B12309} = {37D7D732-34FE-3F6F-864A-144F47B12309}
		{2E386D00-4D9D-30FE-9840-C6DBD7A3D946} = {2E386D00-4D9D-30FE-9840-C6DBD7A3D946}
	EndProjectSection
EndProject
Project("{8BC9CEB8-8B4A-11D0-8D11-00A0C91BC942}") = "msaa", "tests\msaa.vcxproj", "{0BFB788E-4A24-360B-B9C6-5DD949BC8B5F}"
	ProjectSection(ProjectDependencies) = postProject
		{37D7D732-34FE-3F6F-864A-144F47B12309} = {37D7D732-34FE-3F6F-864A-144F47B12309}
		{2E386D00-4D9D-30FE-9840-C6DBD7A3D946} = {2E386D00-4D9D-30FE-9840-C6DBD7A3D946}
	EndProjectSection
EndProject
Project("{8BC9CEB8-8B4A-11D0-8D11-00A0C91BC942}") = "particles", "examples\particles.vcxproj", "{4E75BE0B-D007-39EC-AE08-7A90CF32075B}"
	ProjectSection(ProjectDependencies) = postProject
		{37D7D732-34FE-3F6F-864A-144F47B12309} = {37D7D732-34FE-3F6F-864A-144F47B12309}
		{2E386D00-4D9D-30FE-9840-C6DBD7A3D946} = {2E386D00-4D9D-30FE-9840-C6DBD7A3D946}
	EndProjectSection
EndProject
Project("{8BC9CEB8-8B4A-11D0-8D11-00A0C91BC942}") = "reopen", "tests\reopen.vcxproj", "{D282A9CB-F033-3BE7-8AD9-CAB4EEF76A4B}"
	ProjectSection(ProjectDependencies) = postProject
		{37D7D732-34FE-3F6F-864A-144F47B12309} = {37D7D732-34FE-3F6F-864A-144F47B12309}
		{2E386D00-4D9D-30FE-9840-C6DBD7A3D946} = {2E386D00-4D9D-30FE-9840-C6DBD7A3D946}
	EndProjectSection
EndProject
Project("{8BC9CEB8-8B4A-11D0-8D11-00A0C91BC942}") = "sharing", "tests\sharing.vcxproj", "{3DFBE0FD-5987-3455-AB06-E350B183BB78}"
	ProjectSection(ProjectDependencies) = postProject
		{37D7D732-34FE-3F6F-864A-144F47B12309} = {37D7D732-34FE-3F6F-864A-144F47B12309}
		{2E386D00-4D9D-30FE-9840-C6DBD7A3D946} = {2E386D00-4D9D-30FE-9840-C6DBD7A3D946}
	EndProjectSection
EndProject
Project("{8BC9CEB8-8B4A-11D0-8D11-00A0C91BC942}") = "simple", "examples\simple.vcxproj", "{37936DE7-7BEA-3D13-BA52-6BCB895C39A9}"
	ProjectSection(ProjectDependencies) = postProject
		{37D7D732-34FE-3F6F-864A-144F47B12309} = {37D7D732-34FE-3F6F-864A-144F47B12309}
		{2E386D00-4D9D-30FE-9840-C6DBD7A3D946} = {2E386D00-4D9D-30FE-9840-C6DBD7A3D946}
	EndProjectSection
EndProject
Project("{8BC9CEB8-8B4A-11D0-8D11-00A0C91BC942}") = "splitview", "examples\splitview.vcxproj", "{B2C2FA33-4CAB-3C96-970A-4AAFE3BF94BA}"
	ProjectSection(ProjectDependencies) = postProject
		{37D7D732-34FE-3F6F-864A-144F47B12309} = {37D7D732-34FE-3F6F-864A-144F47B12309}
		{2E386D00-4D9D-30FE-9840-C6DBD7A3D946} = {2E386D00-4D9D-30FE-9840-C6DBD7A3D946}
	EndProjectSection
EndProject
Project("{8BC9CEB8-8B4A-11D0-8D11-00A0C91BC942}") = "tearing", "tests\tearing.vcxproj", "{538A9DED-EBF6-35FF-8D7C-29AD1332A62F}"
	ProjectSection(ProjectDependencies) = postProject
		{37D7D732-34FE-3F6F-864A-144F47B12309} = {37D7D732-34FE-3F6F-864A-144F47B12309}
		{2E386D00-4D9D-30FE-9840-C6DBD7A3D946} = {2E386D00-4D9D-30FE-9840-C6DBD7A3D946}
	EndProjectSection
EndProject
Project("{8BC9CEB8-8B4A-11D0-8D11-00A0C91BC942}") = "threads", "tests\threads.vcxproj", "{0EFFC93C-4B8A-3AFA-BB6E-F9D0C5D13717}"
	ProjectSection(ProjectDependencies) = postProject
		{37D7D732-34FE-3F6F-864A-144F47B12309} = {37D7D732-34FE-3F6F-864A-144F47B12309}
		{2E386D00-4D9D-30FE-9840-C6DBD7A3D946} = {2E386D00-4D9D-30FE-9840-C6DBD7A3D946}
	EndProjectSection
EndProject
Project("{8BC9CEB8-8B4A-11D0-8D11-00A0C91BC942}") = "timeout", "tests\timeout.vcxproj", "{35919F3B-6FE9-3C96-8FDE-C5B158EEAD4B}"
	ProjectSection(ProjectDependencies) = postProject
		{37D7D732-34FE-3F6F-864A-144F47B12309} = {37D7D732-34FE-3F6F-864A-144F47B12309}
		{2E386D00-4D9D-30FE-9840-C6DBD7A3D946} = {2E386D00-4D9D-30FE-9840-C6DBD7A3D946}
	EndProjectSection
EndProject
Project("{8BC9CEB8-8B4A-11D0-8D11-00A0C91BC942}") = "title", "tests\title.vcxproj", "{0C3694F5-74DA-39EC-BC4E-984A08EF37C2}"
	ProjectSection(ProjectDependencies) = postProject
		{37D7D732-34FE-3F6F-864A-144F47B12309} = {37D7D732-34FE-3F6F-864A-144F47B12309}
		{2E386D00-4D9D-30FE-9840-C6DBD7A3D946} = {2E386D00-4D9D-30FE-9840-C6DBD7A3D946}
	EndProjectSection
EndProject
Project("{8BC9CEB8-8B4A-11D0-8D11-00A0C91BC942}") = "uninstall", "uninstall.vcxproj", "{33AD3E57-BB1C-3444-95A5-D1DCD41BB6BB}"
	ProjectSection(ProjectDependencies) = postProject
		{37D7D732-34FE-3F6F-864A-144F47B12309} = {37D7D732-34FE-3F6F-864A-144F47B12309}
	EndProjectSection
EndProject
Project("{8BC9CEB8-8B4A-11D0-8D11-00A0C91BC942}") = "wave", "examples\wave.vcxproj", "{A1F26444-770D-389C-B49F-D7E50B2CD039}"
	ProjectSection(ProjectDependencies) = postProject
		{37D7D732-34FE-3F6F-864A-144F47B12309} = {37D7D732-34FE-3F6F-864A-144F47B12309}
		{2E386D00-4D9D-30FE-9840-C6DBD7A3D946} = {2E386D00-4D9D-30FE-9840-C6DBD7A3D946}
	EndProjectSection
EndProject
Project("{8BC9CEB8-8B4A-11D0-8D11-00A0C91BC942}") = "windows", "tests\windows.vcxproj", "{66086E72-195F-337F-B2AA-0CC085DF5F2F}"
	ProjectSection(ProjectDependencies) = postProject
		{37D7D732-34FE-3F6F-864A-144F47B12309} = {37D7D732-34FE-3F6F-864A-144F47B12309}
		{2E386D00-4D9D-30FE-9840-C6DBD7A3D946} = {2E386D00-4D9D-30FE-9840-C6DBD7A3D946}
	EndProjectSection
EndProject
Global
	GlobalSection(SolutionConfigurationPlatforms) = preSolution
		Debug|x64 = Debug|x64
		Release|x64 = Release|x64
		MinSizeRel|x64 = MinSizeRel|x64
		RelWithDebInfo|x64 = RelWithDebInfo|x64
	EndGlobalSection
	GlobalSection(ProjectConfigurationPlatforms) = postSolution
		{7D66796E-5562-38D5-92FF-00F05CE02369}.Debug|x64.ActiveCfg = Debug|x64
		{7D66796E-5562-38D5-92FF-00F05CE02369}.Debug|x64.Build.0 = Debug|x64
		{7D66796E-5562-38D5-92FF-00F05CE02369}.Release|x64.ActiveCfg = Release|x64
		{7D66796E-5562-38D5-92FF-00F05CE02369}.Release|x64.Build.0 = Release|x64
		{7D66796E-5562-38D5-92FF-00F05CE02369}.MinSizeRel|x64.ActiveCfg = MinSizeRel|x64
		{7D66796E-5562-38D5-92FF-00F05CE02369}.MinSizeRel|x64.Build.0 = MinSizeRel|x64
		{7D66796E-5562-38D5-92FF-00F05CE02369}.RelWithDebInfo|x64.ActiveCfg = RelWithDebInfo|x64
		{7D66796E-5562-38D5-92FF-00F05CE02369}.RelWithDebInfo|x64.Build.0 = RelWithDebInfo|x64
		{C26C9670-B9E4-3E0C-A2C4-8E727348CA58}.Debug|x64.ActiveCfg = Debug|x64
		{C26C9670-B9E4-3E0C-A2C4-8E727348CA58}.Release|x64.ActiveCfg = Release|x64
		{C26C9670-B9E4-3E0C-A2C4-8E727348CA58}.MinSizeRel|x64.ActiveCfg = MinSizeRel|x64
		{C26C9670-B9E4-3E0C-A2C4-8E727348CA58}.RelWithDebInfo|x64.ActiveCfg = RelWithDebInfo|x64
		{37D7D732-34FE-3F6F-864A-144F47B12309}.Debug|x64.ActiveCfg = Debug|x64
		{37D7D732-34FE-3F6F-864A-144F47B12309}.Debug|x64.Build.0 = Debug|x64
		{37D7D732-34FE-3F6F-864A-144F47B12309}.Release|x64.ActiveCfg = Release|x64
		{37D7D732-34FE-3F6F-864A-144F47B12309}.Release|x64.Build.0 = Release|x64
		{37D7D732-34FE-3F6F-864A-144F47B12309}.MinSizeRel|x64.ActiveCfg = MinSizeRel|x64
		{37D7D732-34FE-3F6F-864A-144F47B12309}.MinSizeRel|x64.Build.0 = MinSizeRel|x64
		{37D7D732-34FE-3F6F-864A-144F47B12309}.RelWithDebInfo|x64.ActiveCfg = RelWithDebInfo|x64
		{37D7D732-34FE-3F6F-864A-144F47B12309}.RelWithDebInfo|x64.Build.0 = RelWithDebInfo|x64
		{C88C0361-04F1-3921-9BAF-187C2D60AFFC}.Debug|x64.ActiveCfg = Debug|x64
		{C88C0361-04F1-3921-9BAF-187C2D60AFFC}.Debug|x64.Build.0 = Debug|x64
		{C88C0361-04F1-3921-9BAF-187C2D60AFFC}.Release|x64.ActiveCfg = Release|x64
		{C88C0361-04F1-3921-9BAF-187C2D60AFFC}.Release|x64.Build.0 = Release|x64
		{C88C0361-04F1-3921-9BAF-187C2D60AFFC}.MinSizeRel|x64.ActiveCfg = MinSizeRel|x64
		{C88C0361-04F1-3921-9BAF-187C2D60AFFC}.MinSizeRel|x64.Build.0 = MinSizeRel|x64
		{C88C0361-04F1-3921-9BAF-187C2D60AFFC}.RelWithDebInfo|x64.ActiveCfg = RelWithDebInfo|x64
		{C88C0361-04F1-3921-9BAF-187C2D60AFFC}.RelWithDebInfo|x64.Build.0 = RelWithDebInfo|x64
		{E12BEAE1-119C-3A03-A437-A0C841BB1434}.Debug|x64.ActiveCfg = Debug|x64
		{E12BEAE1-119C-3A03-A437-A0C841BB1434}.Debug|x64.Build.0 = Debug|x64
		{E12BEAE1-119C-3A03-A437-A0C841BB1434}.Release|x64.ActiveCfg = Release|x64
		{E12BEAE1-119C-3A03-A437-A0C841BB1434}.Release|x64.Build.0 = Release|x64
		{E12BEAE1-119C-3A03-A437-A0C841BB1434}.MinSizeRel|x64.ActiveCfg = MinSizeRel|x64
		{E12BEAE1-119C-3A03-A437-A0C841BB1434}.MinSizeRel|x64.Build.0 = MinSizeRel|x64
		{E12BEAE1-119C-3A03-A437-A0C841BB1434}.RelWithDebInfo|x64.ActiveCfg = RelWithDebInfo|x64
		{E12BEAE1-119C-3A03-A437-A0C841BB1434}.RelWithDebInfo|x64.Build.0 = RelWithDebInfo|x64
		{C09C8226-656A-31FB-895F-F003DD82638B}.Debug|x64.ActiveCfg = Debug|x64
		{C09C8226-656A-31FB-895F-F003DD82638B}.Debug|x64.Build.0 = Debug|x64
		{C09C8226-656A-31FB-895F-F003DD82638B}.Release|x64.ActiveCfg = Release|x64
		{C09C8226-656A-31FB-895F-F003DD82638B}.Release|x64.Build.0 = Release|x64
		{C09C8226-656A-31FB-895F-F003DD82638B}.MinSizeRel|x64.ActiveCfg = MinSizeRel|x64
		{C09C8226-656A-31FB-895F-F003DD82638B}.MinSizeRel|x64.Build.0 = MinSizeRel|x64
		{C09C8226-656A-31FB-895F-F003DD82638B}.RelWithDebInfo|x64.ActiveCfg = RelWithDebInfo|x64
		{C09C8226-656A-31FB-895F-F003DD82638B}.RelWithDebInfo|x64.Build.0 = RelWithDebInfo|x64
		{094523C9-60D4-3DCA-985A-5D477D3ABA36}.Debug|x64.ActiveCfg = Debug|x64
		{094523C9-60D4-3DCA-985A-5D477D3ABA36}.Debug|x64.Build.0 = Debug|x64
		{094523C9-60D4-3DCA-985A-5D477D3ABA36}.Release|x64.ActiveCfg = Release|x64
		{094523C9-60D4-3DCA-985A-5D477D3ABA36}.Release|x64.Build.0 = Release|x64
		{094523C9-60D4-3DCA-985A-5D477D3ABA36}.MinSizeRel|x64.ActiveCfg = MinSizeRel|x64
		{094523C9-60D4-3DCA-985A-5D477D3ABA36}.MinSizeRel|x64.Build.0 = MinSizeRel|x64
		{094523C9-60D4-3DCA-985A-5D477D3ABA36}.RelWithDebInfo|x64.ActiveCfg = RelWithDebInfo|x64
		{094523C9-60D4-3DCA-985A-5D477D3ABA36}.RelWithDebInfo|x64.Build.0 = RelWithDebInfo|x64
		{1FDBBBAC-349B-3900-9B2A-906150D8E74B}.Debug|x64.ActiveCfg = Debug|x64
		{1FDBBBAC-349B-3900-9B2A-906150D8E74B}.Debug|x64.Build.0 = Debug|x64
		{1FDBBBAC-349B-3900-9B2A-906150D8E74B}.Release|x64.ActiveCfg = Release|x64
		{1FDBBBAC-349B-3900-9B2A-906150D8E74B}.Release|x64.Build.0 = Release|x64
		{1FDBBBAC-349B-3900-9B2A-906150D8E74B}.MinSizeRel|x64.ActiveCfg = MinSizeRel|x64
		{1FDBBBAC-349B-3900-9B2A-906150D8E74B}.MinSizeRel|x64.Build.0 = MinSizeRel|x64
		{1FDBBBAC-349B-3900-9B2A-906150D8E74B}.RelWithDebInfo|x64.ActiveCfg = RelWithDebInfo|x64
		{1FDBBBAC-349B-3900-9B2A-906150D8E74B}.RelWithDebInfo|x64.Build.0 = RelWithDebInfo|x64
		{001BD456-5A02-35F9-9EF1-130108A2D1CF}.Debug|x64.ActiveCfg = Debug|x64
		{001BD456-5A02-35F9-9EF1-130108A2D1CF}.Debug|x64.Build.0 = Debug|x64
		{001BD456-5A02-35F9-9EF1-130108A2D1CF}.Release|x64.ActiveCfg = Release|x64
		{001BD456-5A02-35F9-9EF1-130108A2D1CF}.Release|x64.Build.0 = Release|x64
		{001BD456-5A02-35F9-9EF1-130108A2D1CF}.MinSizeRel|x64.ActiveCfg = MinSizeRel|x64
		{001BD456-5A02-35F9-9EF1-130108A2D1CF}.MinSizeRel|x64.Build.0 = MinSizeRel|x64
		{001BD456-5A02-35F9-9EF1-130108A2D1CF}.RelWithDebInfo|x64.ActiveCfg = RelWithDebInfo|x64
		{001BD456-5A02-35F9-9EF1-130108A2D1CF}.RelWithDebInfo|x64.Build.0 = RelWithDebInfo|x64
		{A4ED84B2-A2DD-3064-AA03-A778A7635AC7}.Debug|x64.ActiveCfg = Debug|x64
		{A4ED84B2-A2DD-3064-AA03-A778A7635AC7}.Debug|x64.Build.0 = Debug|x64
		{A4ED84B2-A2DD-3064-AA03-A778A7635AC7}.Release|x64.ActiveCfg = Release|x64
		{A4ED84B2-A2DD-3064-AA03-A778A7635AC7}.Release|x64.Build.0 = Release|x64
		{A4ED84B2-A2DD-3064-AA03-A778A7635AC7}.MinSizeRel|x64.ActiveCfg = MinSizeRel|x64
		{A4ED84B2-A2DD-3064-AA03-A778A7635AC7}.MinSizeRel|x64.Build.0 = MinSizeRel|x64
		{A4ED84B2-A2DD-3064-AA03-A778A7635AC7}.RelWithDebInfo|x64.ActiveCfg = RelWithDebInfo|x64
		{A4ED84B2-A2DD-3064-AA03-A778A7635AC7}.RelWithDebInfo|x64.Build.0 = RelWithDebInfo|x64
		{2E386D00-4D9D-30FE-9840-C6DBD7A3D946}.Debug|x64.ActiveCfg = Debug|x64
		{2E386D00-4D9D-30FE-9840-C6DBD7A3D946}.Debug|x64.Build.0 = Debug|x64
		{2E386D00-4D9D-30FE-9840-C6DBD7A3D946}.Release|x64.ActiveCfg = Release|x64
		{2E386D00-4D9D-30FE-9840-C6DBD7A3D946}.Release|x64.Build.0 = Release|x64
		{2E386D00-4D9D-30FE-9840-C6DBD7A3D946}.MinSizeRel|x64.ActiveCfg = MinSizeRel|x64
		{2E386D00-4D9D-30FE-9840-C6DBD7A3D946}.MinSizeRel|x64.Build.0 = MinSizeRel|x64
		{2E386D00-4D9D-30FE-9840-C6DBD7A3D946}.RelWithDebInfo|x64.ActiveCfg = RelWithDebInfo|x64
		{2E386D00-4D9D-30FE-9840-C6DBD7A3D946}.RelWithDebInfo|x64.Build.0 = RelWithDebInfo|x64
		{F962E56E-C1AC-3DE0-9F95-2B875BE439F3}.Debug|x64.ActiveCfg = Debug|x64
		{F962E56E-C1AC-3DE0-9F95-2B875BE439F3}.Debug|x64.Build.0 = Debug|x64
		{F962E56E-C1AC-3DE0-9F95-2B875BE439F3}.Release|x64.ActiveCfg = Release|x64
		{F962E56E-C1AC-3DE0-9F95-2B875BE439F3}.Release|x64.Build.0 = Release|x64
		{F962E56E-C1AC-3DE0-9F95-2B875BE439F3}.MinSizeRel|x64.ActiveCfg = MinSizeRel|x64
		{F962E56E-C1AC-3DE0-9F95-2B875BE439F3}.MinSizeRel|x64.Build.0 = MinSizeRel|x64
		{F962E56E-C1AC-3DE0-9F95-2B875BE439F3}.RelWithDebInfo|x64.ActiveCfg = RelWithDebInfo|x64
		{F962E56E-C1AC-3DE0-9F95-2B875BE439F3}.RelWithDebInfo|x64.Build.0 = RelWithDebInfo|x64
		{1E16C1C4-ED38-353B-9558-4F93F96C88D2}.Debug|x64.ActiveCfg = Debug|x64
		{1E16C1C4-ED38-353B-9558-4F93F96C88D2}.Debug|x64.Build.0 = Debug|x64
		{1E16C1C4-ED38-353B-9558-4F93F96C88D2}.Release|x64.ActiveCfg = Release|x64
		{1E16C1C4-ED38-353B-9558-4F93F96C88D2}.Release|x64.Build.0 = Release|x64
		{1E16C1C4-ED38-353B-9558-4F93F96C88D2}.MinSizeRel|x64.ActiveCfg = MinSizeRel|x64
		{1E16C1C4-ED38-353B-9558-4F93F96C88D2}.MinSizeRel|x64.Build.0 = MinSizeRel|x64
		{1E16C1C4-ED38-353B-9558-4F93F96C88D2}.RelWithDebInfo|x64.ActiveCfg = RelWithDebInfo|x64
		{1E16C1C4-ED38-353B-9558-4F93F96C88D2}.RelWithDebInfo|x64.Build.0 = RelWithDebInfo|x64
		{12575AF0-C35A-3AA3-877A-231C329CC68D}.Debug|x64.ActiveCfg = Debug|x64
		{12575AF0-C35A-3AA3-877A-231C329CC68D}.Debug|x64.Build.0 = Debug|x64
		{12575AF0-C35A-3AA3-877A-231C329CC68D}.Release|x64.ActiveCfg = Release|x64
		{12575AF0-C35A-3AA3-877A-231C329CC68D}.Release|x64.Build.0 = Release|x64
		{12575AF0-C35A-3AA3-877A-231C329CC68D}.MinSizeRel|x64.ActiveCfg = MinSizeRel|x64
		{12575AF0-C35A-3AA3-877A-231C329CC68D}.MinSizeRel|x64.Build.0 = MinSizeRel|x64
		{12575AF0-C35A-3AA3-877A-231C329CC68D}.RelWithDebInfo|x64.ActiveCfg = RelWithDebInfo|x64
		{12575AF0-C35A-3AA3-877A-231C329CC68D}.RelWithDebInfo|x64.Build.0 = RelWithDebInfo|x64
		{7DAF5421-4CCB-3940-B0DD-1453F0D01A4C}.Debug|x64.ActiveCfg = Debug|x64
		{7DAF5421-4CCB-3940-B0DD-1453F0D01A4C}.Debug|x64.Build.0 = Debug|x64
		{7DAF5421-4CCB-3940-B0DD-1453F0D01A4C}.Release|x64.ActiveCfg = Release|x64
		{7DAF5421-4CCB-3940-B0DD-1453F0D01A4C}.Release|x64.Build.0 = Release|x64
		{7DAF5421-4CCB-3940-B0DD-1453F0D01A4C}.MinSizeRel|x64.ActiveCfg = MinSizeRel|x64
		{7DAF5421-4CCB-3940-B0DD-1453F0D01A4C}.MinSizeRel|x64.Build.0 = MinSizeRel|x64
		{7DAF5421-4CCB-3940-B0DD-1453F0D01A4C}.RelWithDebInfo|x64.ActiveCfg = RelWithDebInfo|x64
		{7DAF5421-4CCB-3940-B0DD-1453F0D01A4C}.RelWithDebInfo|x64.Build.0 = RelWithDebInfo|x64
		{00D5B6A4-8DC4-3D96-B4B5-EEC76B12A2B6}.Debug|x64.ActiveCfg = Debug|x64
		{00D5B6A4-8DC4-3D96-B4B5-EEC76B12A2B6}.Debug|x64.Build.0 = Debug|x64
		{00D5B6A4-8DC4-3D96-B4B5-EEC76B12A2B6}.Release|x64.ActiveCfg = Release|x64
		{00D5B6A4-8DC4-3D96-B4B5-EEC76B12A2B6}.Release|x64.Build.0 = Release|x64
		{00D5B6A4-8DC4-3D96-B4B5-EEC76B12A2B6}.MinSizeRel|x64.ActiveCfg = MinSizeRel|x64
		{00D5B6A4-8DC4-3D96-B4B5-EEC76B12A2B6}.MinSizeRel|x64.Build.0 = MinSizeRel|x64
		{00D5B6A4-8DC4-3D96-B4B5-EEC76B12A2B6}.RelWithDebInfo|x64.ActiveCfg = RelWithDebInfo|x64
		{00D5B6A4-8DC4-3D96-B4B5-EEC76B12A2B6}.RelWithDebInfo|x64.Build.0 = RelWithDebInfo|x64
		{DC92B5ED-2AC3-3866-84FC-5FCFF116EE7B}.Debug|x64.ActiveCfg = Debug|x64
		{DC92B5ED-2AC3-3866-84FC-5FCFF116EE7B}.Debug|x64.Build.0 = Debug|x64
		{DC92B5ED-2AC3-3866-84FC-5FCFF116EE7B}.Release|x64.ActiveCfg = Release|x64
		{DC92B5ED-2AC3-3866-84FC-5FCFF116EE7B}.Release|x64.Build.0 = Release|x64
		{DC92B5ED-2AC3-3866-84FC-5FCFF116EE7B}.MinSizeRel|x64.ActiveCfg = MinSizeRel|x64
		{DC92B5ED-2AC3-3866-84FC-5FCFF116EE7B}.MinSizeRel|x64.Build.0 = MinSizeRel|x64
		{DC92B5ED-2AC3-3866-84FC-5FCFF116EE7B}.RelWithDebInfo|x64.ActiveCfg = RelWithDebInfo|x64
		{DC92B5ED-2AC3-3866-84FC-5FCFF116EE7B}.RelWithDebInfo|x64.Build.0 = RelWithDebInfo|x64
		{0BFB788E-4A24-360B-B9C6-5DD949BC8B5F}.Debug|x64.ActiveCfg = Debug|x64
		{0BFB788E-4A24-360B-B9C6-5DD949BC8B5F}.Debug|x64.Build.0 = Debug|x64
		{0BFB788E-4A24-360B-B9C6-5DD949BC8B5F}.Release|x64.ActiveCfg = Release|x64
		{0BFB788E-4A24-360B-B9C6-5DD949BC8B5F}.Release|x64.Build.0 = Release|x64
		{0BFB788E-4A24-360B-B9C6-5DD949BC8B5F}.MinSizeRel|x64.ActiveCfg = MinSizeRel|x64
		{0BFB788E-4A24-360B-B9C6-5DD949BC8B5F}.MinSizeRel|x64.Build.0 = MinSizeRel|x64
		{0BFB788E-4A24-360B-B9C6-5DD949BC8B5F}.RelWithDebInfo|x64.ActiveCfg = RelWithDebInfo|x64
		{0BFB788E-4A24-360B-B9C6-5DD949BC8B5F}.RelWithDebInfo|x64.Build.0 = RelWithDebInfo|x64
		{4E75BE0B-D007-39EC-AE08-7A90CF32075B}.Debug|x64.ActiveCfg = Debug|x64
		{4E75BE0B-D007-39EC-AE08-7A90CF32075B}.Debug|x64.Build.0 = Debug|x64
		{4E75BE0B-D007-39EC-AE08-7A90CF32075B}.Release|x64.ActiveCfg = Release|x64
		{4E75BE0B-D007-39EC-AE08-7A90CF32075B}.Release|x64.Build.0 = Release|x64
		{4E75BE0B-D007-39EC-AE08-7A90CF32075B}.MinSizeRel|x64.ActiveCfg = MinSizeRel|x64
		{4E75BE0B-D007-39EC-AE08-7A90CF32075B}.MinSizeRel|x64.Build.0 = MinSizeRel|x64
		{4E75BE0B-D007-39EC-AE08-7A90CF32075B}.RelWithDebInfo|x64.ActiveCfg = RelWithDebInfo|x64
		{4E75BE0B-D007-39EC-AE08-7A90CF32075B}.RelWithDebInfo|x64.Build.0 = RelWithDebInfo|x64
		{D282A9CB-F033-3BE7-8AD9-CAB4EEF76A4B}.Debug|x64.ActiveCfg = Debug|x64
		{D282A9CB-F033-3BE7-8AD9-CAB4EEF76A4B}.Debug|x64.Build.0 = Debug|x64
		{D282A9CB-F033-3BE7-8AD9-CAB4EEF76A4B}.Release|x64.ActiveCfg = Release|x64
		{D282A9CB-F033-3BE7-8AD9-CAB4EEF76A4B}.Release|x64.Build.0 = Release|x64
		{D282A9CB-F033-3BE7-8AD9-CAB4EEF76A4B}.MinSizeRel|x64.ActiveCfg = MinSizeRel|x64
		{D282A9CB-F033-3BE7-8AD9-CAB4EEF76A4B}.MinSizeRel|x64.Build.0 = MinSizeRel|x64
		{D282A9CB-F033-3BE7-8AD9-CAB4EEF76A4B}.RelWithDebInfo|x64.ActiveCfg = RelWithDebInfo|x64
		{D282A9CB-F033-3BE7-8AD9-CAB4EEF76A4B}.RelWithDebInfo|x64.Build.0 = RelWithDebInfo|x64
		{3DFBE0FD-5987-3455-AB06-E350B183BB78}.Debug|x64.ActiveCfg = Debug|x64
		{3DFBE0FD-5987-3455-AB06-E350B183BB78}.Debug|x64.Build.0 = Debug|x64
		{3DFBE0FD-5987-3455-AB06-E350B183BB78}.Release|x64.ActiveCfg = Release|x64
		{3DFBE0FD-5987-3455-AB06-E350B183BB78}.Release|x64.Build.0 = Release|x64
		{3DFBE0FD-5987-3455-AB06-E350B183BB78}.MinSizeRel|x64.ActiveCfg = MinSizeRel|x64
		{3DFBE0FD-5987-3455-AB06-E350B183BB78}.MinSizeRel|x64.Build.0 = MinSizeRel|x64
		{3DFBE0FD-5987-3455-AB06-E350B183BB78}.RelWithDebInfo|x64.ActiveCfg = RelWithDebInfo|x64
		{3DFBE0FD-5987-3455-AB06-E350B183BB78}.RelWithDebInfo|x64.Build.0 = RelWithDebInfo|x64
		{37936DE7-7BEA-3D13-BA52-6BCB895C39A9}.Debug|x64.ActiveCfg = Debug|x64
		{37936DE7-7BEA-3D13-BA52-6BCB895C39A9}.Debug|x64.Build.0 = Debug|x64
		{37936DE7-7BEA-3D13-BA52-6BCB895C39A9}.Release|x64.ActiveCfg = Release|x64
		{37936DE7-7BEA-3D13-BA52-6BCB895C39A9}.Release|x64.Build.0 = Release|x64
		{37936DE7-7BEA-3D13-BA52-6BCB895C39A9}.MinSizeRel|x64.ActiveCfg = MinSizeRel|x64
		{37936DE7-7BEA-3D13-BA52-6BCB895C39A9}.MinSizeRel|x64.Build.0 = MinSizeRel|x64
		{37936DE7-7BEA-3D13-BA52-6BCB895C39A9}.RelWithDebInfo|x64.ActiveCfg = RelWithDebInfo|x64
		{37936DE7-7BEA-3D13-BA52-6BCB895C39A9}.RelWithDebInfo|x64.Build.0 = RelWithDebInfo|x64
		{B2C2FA33-4CAB-3C96-970A-4AAFE3BF94BA}.Debug|x64.ActiveCfg = Debug|x64
		{B2C2FA33-4CAB-3C96-970A-4AAFE3BF94BA}.Debug|x64.Build.0 = Debug|x64
		{B2C2FA33-4CAB-3C96-970A-4AAFE3BF94BA}.Release|x64.ActiveCfg = Release|x64
		{B2C2FA33-4CAB-3C96-970A-4AAFE3BF94BA}.Release|x64.Build.0 = Release|x64
		{B2C2FA33-4CAB-3C96-970A-4AAFE3BF94BA}.MinSizeRel|x64.ActiveCfg = MinSizeRel|x64
		{B2C2FA33-4CAB-3C96-970A-4AAFE3BF94BA}.MinSizeRel|x64.Build.0 = MinSizeRel|x64
		{B2C2FA33-4CAB-3C96-970A-4AAFE3BF94BA}.RelWithDebInfo|x64.ActiveCfg = RelWithDebInfo|x64
		{B2C2FA33-4CAB-3C96-970A-4AAFE3BF94BA}.RelWithDebInfo|x64.Build.0 = RelWithDebInfo|x64
		{538A9DED-EBF6-35FF-8D7C-29AD1332A62F}.Debug|x64.ActiveCfg = Debug|x64
		{538A9DED-EBF6-35FF-8D7C-29AD1332A62F}.Debug|x64.Build.0 = Debug|x64
		{538A9DED-EBF6-35FF-8D7C-29AD1332A62F}.Release|x64.ActiveCfg = Release|x64
		{538A9DED-EBF6-35FF-8D7C-29AD1332A62F}.Release|x64.Build.0 = Release|x64
		{538A9DED-EBF6-35FF-8D7C-29AD1332A62F}.MinSizeRel|x64.ActiveCfg = MinSizeRel|x64
		{538A9DED-EBF6-35FF-8D7C-29AD1332A62F}.MinSizeRel|x64.Build.0 = MinSizeRel|x64
		{538A9DED-EBF6-35FF-8D7C-29AD1332A62F}.RelWithDebInfo|x64.ActiveCfg = RelWithDebInfo|x64
		{538A9DED-EBF6-35FF-8D7C-29AD1332A62F}.RelWithDebInfo|x64.Build.0 = RelWithDebInfo|x64
		{0EFFC93C-4B8A-3AFA-BB6E-F9D0C5D13717}.Debug|x64.ActiveCfg = Debug|x64
		{0EFFC93C-4B8A-3AFA-BB6E-F9D0C5D13717}.Debug|x64.Build.0 = Debug|x64
		{0EFFC93C-4B8A-3AFA-BB6E-F9D0C5D13717}.Release|x64.ActiveCfg = Release|x64
		{0EFFC93C-4B8A-3AFA-BB6E-F9D0C5D13717}.Release|x64.Build.0 = Release|x64
		{0EFFC93C-4B8A-3AFA-BB6E-F9D0C5D13717}.MinSizeRel|x64.ActiveCfg = MinSizeRel|x64
		{0EFFC93C-4B8A-3AFA-BB6E-F9D0C5D13717}.MinSizeRel|x64.Build.0 = MinSizeRel|x64
		{0EFFC93C-4B8A-3AFA-BB6E-F9D0C5D13717}.RelWithDebInfo|x64.ActiveCfg = RelWithDebInfo|x64
		{0EFFC93C-4B8A-3AFA-BB6E-F9D0C5D13717}.RelWithDebInfo|x64.Build.0 = RelWithDebInfo|x64
		{35919F3B-6FE9-3C96-8FDE-C5B158EEAD4B}.Debug|x64.ActiveCfg = Debug|x64
		{35919F3B-6FE9-3C96-8FDE-C5B158EEAD4B}.Debug|x64.Build.0 = Debug|x64
		{35919F3B-6FE9-3C96-8FDE-C5B158EEAD4B}.Release|x64.ActiveCfg = Release|x64
		{35919F3B-6FE9-3C96-8FDE-C5B158EEAD4B}.Release|x64.Build.0 = Release|x64
		{35919F3B-6FE9-3C96-8FDE-C5B158EEAD4B}.MinSizeRel|x64.ActiveCfg = MinSizeRel|x64
		{35919F3B-6FE9-3C96-8FDE-C5B158EEAD4B}.MinSizeRel|x64.Build.0 = MinSizeRel|x64
		{35919F3B-6FE9-3C96-8FDE-C5B158EEAD4B}.RelWithDebInfo|x64.ActiveCfg = RelWithDebInfo|x64
		{35919F3B-6FE9-3C96-8FDE-C5B158EEAD4B}.RelWithDebInfo|x64.Build.0 = RelWithDebInfo|x64
		{0C3694F5-74DA-39EC-BC4E-984A08EF37C2}.Debug|x64.ActiveCfg = Debug|x64
		{0C3694F5-74DA-39EC-BC4E-984A08EF37C2}.Debug|x64.Build.0 = Debug|x64
		{0C3694F5-74DA-39EC-BC4E-984A08EF37C2}.Release|x64.ActiveCfg = Release|x64
		{0C3694F5-74DA-39EC-BC4E-984A08EF37C2}.Release|x64.Build.0 = Release|x64
		{0C3694F5-74DA-39EC-BC4E-984A08EF37C2}.MinSizeRel|x64.ActiveCfg = MinSizeRel|x64
		{0C3694F5-74DA-39EC-BC4E-984A08EF37C2}.MinSizeRel|x64.Build.0 = MinSizeRel|x64
		{0C3694F5-74DA-39EC-BC4E-984A08EF37C2}.RelWithDebInfo|x64.ActiveCfg = RelWithDebInfo|x64
		{0C3694F5-74DA-39EC-BC4E-984A08EF37C2}.RelWithDebInfo|x64.Build.0 = RelWithDebInfo|x64
		{33AD3E57-BB1C-3444-95A5-D1DCD41BB6BB}.Debug|x64.ActiveCfg = Debug|x64
		{33AD3E57-BB1C-3444-95A5-D1DCD41BB6BB}.Release|x64.ActiveCfg = Release|x64
		{33AD3E57-BB1C-3444-95A5-D1DCD41BB6BB}.MinSizeRel|x64.ActiveCfg = MinSizeRel|x64
		{33AD3E57-BB1C-3444-95A5-D1DCD41BB6BB}.RelWithDebInfo|x64.ActiveCfg = RelWithDebInfo|x64
		{A1F26444-770D-389C-B49F-D7E50B2CD039}.Debug|x64.ActiveCfg = Debug|x64
		{A1F26444-770D-389C-B49F-D7E50B2CD039}.Debug|x64.Build.0 = Debug|x64
		{A1F26444-770D-389C-B49F-D7E50B2CD039}.Release|x64.ActiveCfg = Release|x64
		{A1F26444-770D-389C-B49F-D7E50B2CD039}.Release|x64.Build.0 = Release|x64
		{A1F26444-770D-389C-B49F-D7E50B2CD039}.MinSizeRel|x64.ActiveCfg = MinSizeRel|x64
		{A1F26444-770D-389C-B49F-D7E50B2CD039}.MinSizeRel|x64.Build.0 = MinSizeRel|x64
		{A1F26444-770D-389C-B49F-D7E50B2CD039}.RelWithDebInfo|x64.ActiveCfg = RelWithDebInfo|x64
		{A1F26444-770D-389C-B49F-D7E50B2CD039}.RelWithDebInfo|x64.Build.0 = RelWithDebInfo|x64
		{66086E72-195F-337F-B2AA-0CC085DF5F2F}.Debug|x64.ActiveCfg = Debug|x64
		{66086E72-195F-337F-B2AA-0CC085DF5F2F}.Debug|x64.Build.0 = Debug|x64
		{66086E72-195F-337F-B2AA-0CC085DF5F2F}.Release|x64.ActiveCfg = Release|x64
		{66086E72-195F-337F-B2AA-0CC085DF5F2F}.Release|x64.Build.0 = Release|x64
		{66086E72-195F-337F-B2AA-0CC085DF5F2F}.MinSizeRel|x64.ActiveCfg = MinSizeRel|x64
		{66086E72-195F-337F-B2AA-0CC085DF5F2F}.MinSizeRel|x64.Build.0 = MinSizeRel|x64
		{66086E72-195F-337F-B2AA-0CC085DF5F2F}.RelWithDebInfo|x64.ActiveCfg = RelWithDebInfo|x64
		{66086E72-195F-337F-B2AA-0CC085DF5F2F}.RelWithDebInfo|x64.Build.0 = RelWithDebInfo|x64
	EndGlobalSection
	GlobalSection(NestedProjects) = preSolution
		{7D66796E-5562-38D5-92FF-00F05CE02369} = {813025D0-BB22-3B8F-BED9-7AF3D8E33C1E}
		{C26C9670-B9E4-3E0C-A2C4-8E727348CA58} = {813025D0-BB22-3B8F-BED9-7AF3D8E33C1E}
		{37D7D732-34FE-3F6F-864A-144F47B12309} = {813025D0-BB22-3B8F-BED9-7AF3D8E33C1E}
		{0263FCEC-AFF5-3CAF-B045-A64F5CC3BDD5} = {0B4B7FE4-7269-3E3D-8B28-1671870A4AF1}
		{F3C7DB2F-B5F0-35B6-BFE1-C100CD62F2B5} = {0B4B7FE4-7269-3E3D-8B28-1671870A4AF1}
		{2E386D00-4D9D-30FE-9840-C6DBD7A3D946} = {0B4B7FE4-7269-3E3D-8B28-1671870A4AF1}
		{C88C0361-04F1-3921-9BAF-187C2D60AFFC} = {0263FCEC-AFF5-3CAF-B045-A64F5CC3BDD5}
		{A4ED84B2-A2DD-3064-AA03-A778A7635AC7} = {0263FCEC-AFF5-3CAF-B045-A64F5CC3BDD5}
		{1E16C1C4-ED38-353B-9558-4F93F96C88D2} = {0263FCEC-AFF5-3CAF-B045-A64F5CC3BDD5}
		{4E75BE0B-D007-39EC-AE08-7A90CF32075B} = {0263FCEC-AFF5-3CAF-B045-A64F5CC3BDD5}
		{37936DE7-7BEA-3D13-BA52-6BCB895C39A9} = {0263FCEC-AFF5-3CAF-B045-A64F5CC3BDD5}
		{B2C2FA33-4CAB-3C96-970A-4AAFE3BF94BA} = {0263FCEC-AFF5-3CAF-B045-A64F5CC3BDD5}
		{A1F26444-770D-389C-B49F-D7E50B2CD039} = {0263FCEC-AFF5-3CAF-B045-A64F5CC3BDD5}
		{E12BEAE1-119C-3A03-A437-A0C841BB1434} = {F3C7DB2F-B5F0-35B6-BFE1-C100CD62F2B5}
		{C09C8226-656A-31FB-895F-F003DD82638B} = {F3C7DB2F-B5F0-35B6-BFE1-C100CD62F2B5}
		{094523C9-60D4-3DCA-985A-5D477D3ABA36} = {F3C7DB2F-B5F0-35B6-BFE1-C100CD62F2B5}
		{1FDBBBAC-349B-3900-9B2A-906150D8E74B} = {F3C7DB2F-B5F0-35B6-BFE1-C100CD62F2B5}
		{001BD456-5A02-35F9-9EF1-130108A2D1CF} = {F3C7DB2F-B5F0-35B6-BFE1-C100CD62F2B5}
		{F962E56E-C1AC-3DE0-9F95-2B875BE439F3} = {F3C7DB2F-B5F0-35B6-BFE1-C100CD62F2B5}
		{12575AF0-C35A-3AA3-877A-231C329CC68D} = {F3C7DB2F-B5F0-35B6-BFE1-C100CD62F2B5}
		{7DAF5421-4CCB-3940-B0DD-1453F0D01A4C} = {F3C7DB2F-B5F0-35B6-BFE1-C100CD62F2B5}
		{00D5B6A4-8DC4-3D96-B4B5-EEC76B12A2B6} = {F3C7DB2F-B5F0-35B6-BFE1-C100CD62F2B5}
		{DC92B5ED-2AC3-3866-84FC-5FCFF116EE7B} = {F3C7DB2F-B5F0-35B6-BFE1-C100CD62F2B5}
		{0BFB788E-4A24-360B-B9C6-5DD949BC8B5F} = {F3C7DB2F-B5F0-35B6-BFE1-C100CD62F2B5}
		{D282A9CB-F033-3BE7-8AD9-CAB4EEF76A4B} = {F3C7DB2F-B5F0-35B6-BFE1-C100CD62F2B5}
		{3DFBE0FD-5987-3455-AB06-E350B183BB78} = {F3C7DB2F-B5F0-35B6-BFE1-C100CD62F2B5}
		{538A9DED-EBF6-35FF-8D7C-29AD1332A62F} = {F3C7DB2F-B5F0-35B6-BFE1-C100CD62F2B5}
		{0EFFC93C-4B8A-3AFA-BB6E-F9D0C5D13717} = {F3C7DB2F-B5F0-35B6-BFE1-C100CD62F2B5}
		{35919F3B-6FE9-3C96-8FDE-C5B158EEAD4B} = {F3C7DB2F-B5F0-35B6-BFE1-C100CD62F2B5}
		{0C3694F5-74DA-39EC-BC4E-984A08EF37C2} = {F3C7DB2F-B5F0-35B6-BFE1-C100CD62F2B5}
		{66086E72-195F-337F-B2AA-0CC085DF5F2F} = {F3C7DB2F-B5F0-35B6-BFE1-C100CD62F2B5}
	EndGlobalSection
	GlobalSection(ExtensibilityGlobals) = postSolution
		SolutionGuid = {02771289-6253-390B-8930-37B1D4150D00}
	EndGlobalSection
	GlobalSection(ExtensibilityAddIns) = postSolution
	EndGlobalSection
EndGlobal
