Microsoft Visual Studio Solution File, Format Version 12.00
# Visual Studio 15
Project("{2150E333-8FDC-42A3-9474-1A3956D46DE8}") = "CMakePredefinedTargets", "CMakePredefinedTargets", "{0DFA2E2A-2476-309E-9C90-C848B8526CE8}"
EndProject
Project("{2150E333-8FDC-42A3-9474-1A3956D46DE8}") = "GLFW3", "GLFW3", "{7ECEC184-44E4-3057-8F9F-AD349915F4DB}"
EndProject
Project("{2150E333-8FDC-42A3-9474-1A3956D46DE8}") = "Examples", "GLFW3\Examples", "{9FA4F181-463E-3BE6-8044-9B9170D6E86C}"
EndProject
Project("{2150E333-8FDC-42A3-9474-1A3956D46DE8}") = "Tests", "GLFW3\Tests", "{1EBA4834-9C43-332B-8DD1-550472E7E7A2}"
EndProject
Project("{8BC9CEB8-8B4A-11D0-8D11-00A0C91BC942}") = "ALL_BUILD", "ALL_BUILD.vcxproj", "{CB09C93B-C174-32B7-9618-5C0085D65808}"
	ProjectSection(ProjectDependencies) = postProject
		{774B185B-C8CA-3132-89CE-A21BE90EAE85} = {774B185B-C8CA-3132-89CE-A21BE90EAE85}
		{42B8D42A-CD10-3AF8-BA01-EF54900AAA2A} = {42B8D42A-CD10-3AF8-BA01-EF54900AAA2A}
		{C798AD49-78B7-3688-BE34-0C3B05220F08} = {C798AD49-78B7-3688-BE34-0C3B05220F08}
		{D3429A3D-6D3D-3C32-94FB-44BE6D5D2DC6} = {D3429A3D-6D3D-3C32-94FB-44BE6D5D2DC6}
		{49B31C3F-9425-3BEC-A57A-2CBBCE85C77B} = {49B31C3F-9425-3BEC-A57A-2CBBCE85C77B}
		{75620C90-3CD7-37D8-984D-E81FF8E9E1F4} = {75620C90-3CD7-37D8-984D-E81FF8E9E1F4}
		{B6061A62-8449-3F29-97A1-6D74534EE4F9} = {B6061A62-8449-3F29-97A1-6D74534EE4F9}
		{A176B0F4-5478-312A-9B42-A9B85114C776} = {A176B0F4-5478-312A-9B42-A9B85114C776}
		{8DD1C13D-93E8-344E-A2E6-62320BE90341} = {8DD1C13D-93E8-344E-A2E6-62320BE90341}
		{157B0A8C-2FDF-338A-BBA1-51433718CD07} = {157B0A8C-2FDF-338A-BBA1-51433718CD07}
		{C7863207-6B6D-3233-A57F-5C500DBF88CC} = {C7863207-6B6D-3233-A57F-5C500DBF88CC}
		{49430F4B-4FC4-3C5B-B4D3-EBE5243DE6BB} = {49430F4B-4FC4-3C5B-B4D3-EBE5243DE6BB}
		{1A6C8728-B217-3FBD-90F0-5BE9B2E09ED5} = {1A6C8728-B217-3FBD-90F0-5BE9B2E09ED5}
		{401D4402-9575-3E78-9277-1C728C52F549} = {401D4402-9575-3E78-9277-1C728C52F549}
		{143DA63C-7461-324E-B02B-2E3B49ED0311} = {143DA63C-7461-324E-B02B-2E3B49ED0311}
		{00743380-261B-37B1-BC9A-1FD50518FB50} = {00743380-261B-37B1-BC9A-1FD50518FB50}
		{7978E1C8-BDC5-3606-BABF-D6830613F249} = {7978E1C8-BDC5-3606-BABF-D6830613F249}
		{72FDEA7C-2057-31A8-B733-2D555A59E621} = {72FDEA7C-2057-31A8-B733-2D555A59E621}
		{DED1337F-CC36-3DDA-9C2C-9611D209DF98} = {DED1337F-CC36-3DDA-9C2C-9611D209DF98}
		{8E68F262-D1B8-334C-8409-CD5DB8C9F696} = {8E68F262-D1B8-334C-8409-CD5DB8C9F696}
		{2527241A-61BE-3A57-9A66-337D133EACA2} = {2527241A-61BE-3A57-9A66-337D133EACA2}
		{8F358F1B-8F8C-3B8C-A82E-776D44D1C70F} = {8F358F1B-8F8C-3B8C-A82E-776D44D1C70F}
		{6530EF6C-A892-39DC-876B-2F497AC17BD0} = {6530EF6C-A892-39DC-876B-2F497AC17BD0}
		{5AF503AF-2667-3AD8-AF77-8A328AB1AD1B} = {5AF503AF-2667-3AD8-AF77-8A328AB1AD1B}
		{14CA8F6D-0D6D-34A1-B1FB-D1F2C323462E} = {14CA8F6D-0D6D-34A1-B1FB-D1F2C323462E}
		{528CE7FD-D696-3EF2-88F9-3C085F3C182B} = {528CE7FD-D696-3EF2-88F9-3C085F3C182B}
		{630E9099-1D97-31F7-B467-2274BC73D7FC} = {630E9099-1D97-31F7-B467-2274BC73D7FC}
	EndProjectSection
EndProject
Project("{8BC9CEB8-8B4A-11D0-8D11-00A0C91BC942}") = "INSTALL", "INSTALL.vcxproj", "{733C57B5-9379-3FFF-BF35-B4F9DD502621}"
	ProjectSection(ProjectDependencies) = postProject
		{CB09C93B-C174-32B7-9618-5C0085D65808} = {CB09C93B-C174-32B7-9618-5C0085D65808}
		{774B185B-C8CA-3132-89CE-A21BE90EAE85} = {774B185B-C8CA-3132-89CE-A21BE90EAE85}
	EndProjectSection
EndProject
Project("{8BC9CEB8-8B4A-11D0-8D11-00A0C91BC942}") = "ZERO_CHECK", "ZERO_CHECK.vcxproj", "{774B185B-C8CA-3132-89CE-A21BE90EAE85}"
	ProjectSection(ProjectDependencies) = postProject
	EndProjectSection
EndProject
Project("{8BC9CEB8-8B4A-11D0-8D11-00A0C91BC942}") = "boing", "examples\boing.vcxproj", "{42B8D42A-CD10-3AF8-BA01-EF54900AAA2A}"
	ProjectSection(ProjectDependencies) = postProject
		{774B185B-C8CA-3132-89CE-A21BE90EAE85} = {774B185B-C8CA-3132-89CE-A21BE90EAE85}
		{8DD1C13D-93E8-344E-A2E6-62320BE90341} = {8DD1C13D-93E8-344E-A2E6-62320BE90341}
	EndProjectSection
EndProject
Project("{8BC9CEB8-8B4A-11D0-8D11-00A0C91BC942}") = "clipboard", "tests\clipboard.vcxproj", "{C798AD49-78B7-3688-BE34-0C3B05220F08}"
	ProjectSection(ProjectDependencies) = postProject
		{774B185B-C8CA-3132-89CE-A21BE90EAE85} = {774B185B-C8CA-3132-89CE-A21BE90EAE85}
		{8DD1C13D-93E8-344E-A2E6-62320BE90341} = {8DD1C13D-93E8-344E-A2E6-62320BE90341}
	EndProjectSection
EndProject
Project("{8BC9CEB8-8B4A-11D0-8D11-00A0C91BC942}") = "cursor", "tests\cursor.vcxproj", "{D3429A3D-6D3D-3C32-94FB-44BE6D5D2DC6}"
	ProjectSection(ProjectDependencies) = postProject
		{774B185B-C8CA-3132-89CE-A21BE90EAE85} = {774B185B-C8CA-3132-89CE-A21BE90EAE85}
		{8DD1C13D-93E8-344E-A2E6-62320BE90341} = {8DD1C13D-93E8-344E-A2E6-62320BE90341}
	EndProjectSection
EndProject
Project("{8BC9CEB8-8B4A-11D0-8D11-00A0C91BC942}") = "empty", "tests\empty.vcxproj", "{49B31C3F-9425-3BEC-A57A-2CBBCE85C77B}"
	ProjectSection(ProjectDependencies) = postProject
		{774B185B-C8CA-3132-89CE-A21BE90EAE85} = {774B185B-C8CA-3132-89CE-A21BE90EAE85}
		{8DD1C13D-93E8-344E-A2E6-62320BE90341} = {8DD1C13D-93E8-344E-A2E6-62320BE90341}
	EndProjectSection
EndProject
Project("{8BC9CEB8-8B4A-11D0-8D11-00A0C91BC942}") = "events", "tests\events.vcxproj", "{75620C90-3CD7-37D8-984D-E81FF8E9E1F4}"
	ProjectSection(ProjectDependencies) = postProject
		{774B185B-C8CA-3132-89CE-A21BE90EAE85} = {774B185B-C8CA-3132-89CE-A21BE90EAE85}
		{8DD1C13D-93E8-344E-A2E6-62320BE90341} = {8DD1C13D-93E8-344E-A2E6-62320BE90341}
	EndProjectSection
EndProject
Project("{8BC9CEB8-8B4A-11D0-8D11-00A0C91BC942}") = "gamma", "tests\gamma.vcxproj", "{B6061A62-8449-3F29-97A1-6D74534EE4F9}"
	ProjectSection(ProjectDependencies) = postProject
		{774B185B-C8CA-3132-89CE-A21BE90EAE85} = {774B185B-C8CA-3132-89CE-A21BE90EAE85}
		{8DD1C13D-93E8-344E-A2E6-62320BE90341} = {8DD1C13D-93E8-344E-A2E6-62320BE90341}
	EndProjectSection
EndProject
Project("{8BC9CEB8-8B4A-11D0-8D11-00A0C91BC942}") = "gears", "examples\gears.vcxproj", "{A176B0F4-5478-312A-9B42-A9B85114C776}"
	ProjectSection(ProjectDependencies) = postProject
		{774B185B-C8CA-3132-89CE-A21BE90EAE85} = {774B185B-C8CA-3132-89CE-A21BE90EAE85}
		{8DD1C13D-93E8-344E-A2E6-62320BE90341} = {8DD1C13D-93E8-344E-A2E6-62320BE90341}
	EndProjectSection
EndProject
Project("{8BC9CEB8-8B4A-11D0-8D11-00A0C91BC942}") = "glfw", "src\glfw.vcxproj", "{8DD1C13D-93E8-344E-A2E6-62320BE90341}"
	ProjectSection(ProjectDependencies) = postProject
		{774B185B-C8CA-3132-89CE-A21BE90EAE85} = {774B185B-C8CA-3132-89CE-A21BE90EAE85}
	EndProjectSection
EndProject
Project("{8BC9CEB8-8B4A-11D0-8D11-00A0C91BC942}") = "glfwinfo", "tests\glfwinfo.vcxproj", "{157B0A8C-2FDF-338A-BBA1-51433718CD07}"
	ProjectSection(ProjectDependencies) = postProject
		{774B185B-C8CA-3132-89CE-A21BE90EAE85} = {774B185B-C8CA-3132-89CE-A21BE90EAE85}
		{8DD1C13D-93E8-344E-A2E6-62320BE90341} = {8DD1C13D-93E8-344E-A2E6-62320BE90341}
	EndProjectSection
EndProject
Project("{8BC9CEB8-8B4A-11D0-8D11-00A0C91BC942}") = "heightmap", "examples\heightmap.vcxproj", "{C7863207-6B6D-3233-A57F-5C500DBF88CC}"
	ProjectSection(ProjectDependencies) = postProject
		{774B185B-C8CA-3132-89CE-A21BE90EAE85} = {774B185B-C8CA-3132-89CE-A21BE90EAE85}
		{8DD1C13D-93E8-344E-A2E6-62320BE90341} = {8DD1C13D-93E8-344E-A2E6-62320BE90341}
	EndProjectSection
EndProject
Project("{8BC9CEB8-8B4A-11D0-8D11-00A0C91BC942}") = "icon", "tests\icon.vcxproj", "{49430F4B-4FC4-3C5B-B4D3-EBE5243DE6BB}"
	ProjectSection(ProjectDependencies) = postProject
		{774B185B-C8CA-3132-89CE-A21BE90EAE85} = {774B185B-C8CA-3132-89CE-A21BE90EAE85}
		{8DD1C13D-93E8-344E-A2E6-62320BE90341} = {8DD1C13D-93E8-344E-A2E6-62320BE90341}
	EndProjectSection
EndProject
Project("{8BC9CEB8-8B4A-11D0-8D11-00A0C91BC942}") = "iconify", "tests\iconify.vcxproj", "{1A6C8728-B217-3FBD-90F0-5BE9B2E09ED5}"
	ProjectSection(ProjectDependencies) = postProject
		{774B185B-C8CA-3132-89CE-A21BE90EAE85} = {774B185B-C8CA-3132-89CE-A21BE90EAE85}
		{8DD1C13D-93E8-344E-A2E6-62320BE90341} = {8DD1C13D-93E8-344E-A2E6-62320BE90341}
	EndProjectSection
EndProject
Project("{8BC9CEB8-8B4A-11D0-8D11-00A0C91BC942}") = "joysticks", "tests\joysticks.vcxproj", "{401D4402-9575-3E78-9277-1C728C52F549}"
	ProjectSection(ProjectDependencies) = postProject
		{774B185B-C8CA-3132-89CE-A21BE90EAE85} = {774B185B-C8CA-3132-89CE-A21BE90EAE85}
		{8DD1C13D-93E8-344E-A2E6-62320BE90341} = {8DD1C13D-93E8-344E-A2E6-62320BE90341}
	EndProjectSection
EndProject
Project("{8BC9CEB8-8B4A-11D0-8D11-00A0C91BC942}") = "monitors", "tests\monitors.vcxproj", "{143DA63C-7461-324E-B02B-2E3B49ED0311}"
	ProjectSection(ProjectDependencies) = postProject
		{774B185B-C8CA-3132-89CE-A21BE90EAE85} = {774B185B-C8CA-3132-89CE-A21BE90EAE85}
		{8DD1C13D-93E8-344E-A2E6-62320BE90341} = {8DD1C13D-93E8-344E-A2E6-62320BE90341}
	EndProjectSection
EndProject
Project("{8BC9CEB8-8B4A-11D0-8D11-00A0C91BC942}") = "msaa", "tests\msaa.vcxproj", "{00743380-261B-37B1-BC9A-1FD50518FB50}"
	ProjectSection(ProjectDependencies) = postProject
		{774B185B-C8CA-3132-89CE-A21BE90EAE85} = {774B185B-C8CA-3132-89CE-A21BE90EAE85}
		{8DD1C13D-93E8-344E-A2E6-62320BE90341} = {8DD1C13D-93E8-344E-A2E6-62320BE90341}
	EndProjectSection
EndProject
Project("{8BC9CEB8-8B4A-11D0-8D11-00A0C91BC942}") = "particles", "examples\particles.vcxproj", "{7978E1C8-BDC5-3606-BABF-D6830613F249}"
	ProjectSection(ProjectDependencies) = postProject
		{774B185B-C8CA-3132-89CE-A21BE90EAE85} = {774B185B-C8CA-3132-89CE-A21BE90EAE85}
		{8DD1C13D-93E8-344E-A2E6-62320BE90341} = {8DD1C13D-93E8-344E-A2E6-62320BE90341}
	EndProjectSection
EndProject
Project("{8BC9CEB8-8B4A-11D0-8D11-00A0C91BC942}") = "reopen", "tests\reopen.vcxproj", "{72FDEA7C-2057-31A8-B733-2D555A59E621}"
	ProjectSection(ProjectDependencies) = postProject
		{774B185B-C8CA-3132-89CE-A21BE90EAE85} = {774B185B-C8CA-3132-89CE-A21BE90EAE85}
		{8DD1C13D-93E8-344E-A2E6-62320BE90341} = {8DD1C13D-93E8-344E-A2E6-62320BE90341}
	EndProjectSection
EndProject
Project("{8BC9CEB8-8B4A-11D0-8D11-00A0C91BC942}") = "sharing", "tests\sharing.vcxproj", "{DED1337F-CC36-3DDA-9C2C-9611D209DF98}"
	ProjectSection(ProjectDependencies) = postProject
		{774B185B-C8CA-3132-89CE-A21BE90EAE85} = {774B185B-C8CA-3132-89CE-A21BE90EAE85}
		{8DD1C13D-93E8-344E-A2E6-62320BE90341} = {8DD1C13D-93E8-344E-A2E6-62320BE90341}
	EndProjectSection
EndProject
Project("{8BC9CEB8-8B4A-11D0-8D11-00A0C91BC942}") = "simple", "examples\simple.vcxproj", "{8E68F262-D1B8-334C-8409-CD5DB8C9F696}"
	ProjectSection(ProjectDependencies) = postProject
		{774B185B-C8CA-3132-89CE-A21BE90EAE85} = {774B185B-C8CA-3132-89CE-A21BE90EAE85}
		{8DD1C13D-93E8-344E-A2E6-62320BE90341} = {8DD1C13D-93E8-344E-A2E6-62320BE90341}
	EndProjectSection
EndProject
Project("{8BC9CEB8-8B4A-11D0-8D11-00A0C91BC942}") = "splitview", "examples\splitview.vcxproj", "{2527241A-61BE-3A57-9A66-337D133EACA2}"
	ProjectSection(ProjectDependencies) = postProject
		{774B185B-C8CA-3132-89CE-A21BE90EAE85} = {774B185B-C8CA-3132-89CE-A21BE90EAE85}
		{8DD1C13D-93E8-344E-A2E6-62320BE90341} = {8DD1C13D-93E8-344E-A2E6-62320BE90341}
	EndProjectSection
EndProject
Project("{8BC9CEB8-8B4A-11D0-8D11-00A0C91BC942}") = "tearing", "tests\tearing.vcxproj", "{8F358F1B-8F8C-3B8C-A82E-776D44D1C70F}"
	ProjectSection(ProjectDependencies) = postProject
		{774B185B-C8CA-3132-89CE-A21BE90EAE85} = {774B185B-C8CA-3132-89CE-A21BE90EAE85}
		{8DD1C13D-93E8-344E-A2E6-62320BE90341} = {8DD1C13D-93E8-344E-A2E6-62320BE90341}
	EndProjectSection
EndProject
Project("{8BC9CEB8-8B4A-11D0-8D11-00A0C91BC942}") = "threads", "tests\threads.vcxproj", "{6530EF6C-A892-39DC-876B-2F497AC17BD0}"
	ProjectSection(ProjectDependencies) = postProject
		{774B185B-C8CA-3132-89CE-A21BE90EAE85} = {774B185B-C8CA-3132-89CE-A21BE90EAE85}
		{8DD1C13D-93E8-344E-A2E6-62320BE90341} = {8DD1C13D-93E8-344E-A2E6-62320BE90341}
	EndProjectSection
EndProject
Project("{8BC9CEB8-8B4A-11D0-8D11-00A0C91BC942}") = "timeout", "tests\timeout.vcxproj", "{5AF503AF-2667-3AD8-AF77-8A328AB1AD1B}"
	ProjectSection(ProjectDependencies) = postProject
		{774B185B-C8CA-3132-89CE-A21BE90EAE85} = {774B185B-C8CA-3132-89CE-A21BE90EAE85}
		{8DD1C13D-93E8-344E-A2E6-62320BE90341} = {8DD1C13D-93E8-344E-A2E6-62320BE90341}
	EndProjectSection
EndProject
Project("{8BC9CEB8-8B4A-11D0-8D11-00A0C91BC942}") = "title", "tests\title.vcxproj", "{14CA8F6D-0D6D-34A1-B1FB-D1F2C323462E}"
	ProjectSection(ProjectDependencies) = postProject
		{774B185B-C8CA-3132-89CE-A21BE90EAE85} = {774B185B-C8CA-3132-89CE-A21BE90EAE85}
		{8DD1C13D-93E8-344E-A2E6-62320BE90341} = {8DD1C13D-93E8-344E-A2E6-62320BE90341}
	EndProjectSection
EndProject
Project("{8BC9CEB8-8B4A-11D0-8D11-00A0C91BC942}") = "uninstall", "uninstall.vcxproj", "{FA0B3E7D-69B4-3D53-A00F-0D3160EC5E56}"
	ProjectSection(ProjectDependencies) = postProject
		{774B185B-C8CA-3132-89CE-A21BE90EAE85} = {774B185B-C8CA-3132-89CE-A21BE90EAE85}
	EndProjectSection
EndProject
Project("{8BC9CEB8-8B4A-11D0-8D11-00A0C91BC942}") = "wave", "examples\wave.vcxproj", "{528CE7FD-D696-3EF2-88F9-3C085F3C182B}"
	ProjectSection(ProjectDependencies) = postProject
		{774B185B-C8CA-3132-89CE-A21BE90EAE85} = {774B185B-C8CA-3132-89CE-A21BE90EAE85}
		{8DD1C13D-93E8-344E-A2E6-62320BE90341} = {8DD1C13D-93E8-344E-A2E6-62320BE90341}
	EndProjectSection
EndProject
Project("{8BC9CEB8-8B4A-11D0-8D11-00A0C91BC942}") = "windows", "tests\windows.vcxproj", "{630E9099-1D97-31F7-B467-2274BC73D7FC}"
	ProjectSection(ProjectDependencies) = postProject
		{774B185B-C8CA-3132-89CE-A21BE90EAE85} = {774B185B-C8CA-3132-89CE-A21BE90EAE85}
		{8DD1C13D-93E8-344E-A2E6-62320BE90341} = {8DD1C13D-93E8-344E-A2E6-62320BE90341}
	EndProjectSection
EndProject
Global
	GlobalSection(SolutionConfigurationPlatforms) = preSolution
		Debug|x64 = Debug|x64
		Release|x64 = Release|x64
		MinSizeRel|x64 = MinSizeRel|x64
		RelWithDebInfo|x64 = RelWithDebInfo|x64
	EndGlobalSection
	GlobalSection(ProjectConfigurationPlatforms) = postSolution
		{CB09C93B-C174-32B7-9618-5C0085D65808}.Debug|x64.ActiveCfg = Debug|x64
		{CB09C93B-C174-32B7-9618-5C0085D65808}.Debug|x64.Build.0 = Debug|x64
		{CB09C93B-C174-32B7-9618-5C0085D65808}.Release|x64.ActiveCfg = Release|x64
		{CB09C93B-C174-32B7-9618-5C0085D65808}.Release|x64.Build.0 = Release|x64
		{CB09C93B-C174-32B7-9618-5C0085D65808}.MinSizeRel|x64.ActiveCfg = MinSizeRel|x64
		{CB09C93B-C174-32B7-9618-5C0085D65808}.MinSizeRel|x64.Build.0 = MinSizeRel|x64
		{CB09C93B-C174-32B7-9618-5C0085D65808}.RelWithDebInfo|x64.ActiveCfg = RelWithDebInfo|x64
		{CB09C93B-C174-32B7-9618-5C0085D65808}.RelWithDebInfo|x64.Build.0 = RelWithDebInfo|x64
		{733C57B5-9379-3FFF-BF35-B4F9DD502621}.Debug|x64.ActiveCfg = Debug|x64
		{733C57B5-9379-3FFF-BF35-B4F9DD502621}.Release|x64.ActiveCfg = Release|x64
		{733C57B5-9379-3FFF-BF35-B4F9DD502621}.MinSizeRel|x64.ActiveCfg = MinSizeRel|x64
		{733C57B5-9379-3FFF-BF35-B4F9DD502621}.RelWithDebInfo|x64.ActiveCfg = RelWithDebInfo|x64
		{774B185B-C8CA-3132-89CE-A21BE90EAE85}.Debug|x64.ActiveCfg = Debug|x64
		{774B185B-C8CA-3132-89CE-A21BE90EAE85}.Debug|x64.Build.0 = Debug|x64
		{774B185B-C8CA-3132-89CE-A21BE90EAE85}.Release|x64.ActiveCfg = Release|x64
		{774B185B-C8CA-3132-89CE-A21BE90EAE85}.Release|x64.Build.0 = Release|x64
		{774B185B-C8CA-3132-89CE-A21BE90EAE85}.MinSizeRel|x64.ActiveCfg = MinSizeRel|x64
		{774B185B-C8CA-3132-89CE-A21BE90EAE85}.MinSizeRel|x64.Build.0 = MinSizeRel|x64
		{774B185B-C8CA-3132-89CE-A21BE90EAE85}.RelWithDebInfo|x64.ActiveCfg = RelWithDebInfo|x64
		{774B185B-C8CA-3132-89CE-A21BE90EAE85}.RelWithDebInfo|x64.Build.0 = RelWithDebInfo|x64
		{42B8D42A-CD10-3AF8-BA01-EF54900AAA2A}.Debug|x64.ActiveCfg = Debug|x64
		{42B8D42A-CD10-3AF8-BA01-EF54900AAA2A}.Debug|x64.Build.0 = Debug|x64
		{42B8D42A-CD10-3AF8-BA01-EF54900AAA2A}.Release|x64.ActiveCfg = Release|x64
		{42B8D42A-CD10-3AF8-BA01-EF54900AAA2A}.Release|x64.Build.0 = Release|x64
		{42B8D42A-CD10-3AF8-BA01-EF54900AAA2A}.MinSizeRel|x64.ActiveCfg = MinSizeRel|x64
		{42B8D42A-CD10-3AF8-BA01-EF54900AAA2A}.MinSizeRel|x64.Build.0 = MinSizeRel|x64
		{42B8D42A-CD10-3AF8-BA01-EF54900AAA2A}.RelWithDebInfo|x64.ActiveCfg = RelWithDebInfo|x64
		{42B8D42A-CD10-3AF8-BA01-EF54900AAA2A}.RelWithDebInfo|x64.Build.0 = RelWithDebInfo|x64
		{C798AD49-78B7-3688-BE34-0C3B05220F08}.Debug|x64.ActiveCfg = Debug|x64
		{C798AD49-78B7-3688-BE34-0C3B05220F08}.Debug|x64.Build.0 = Debug|x64
		{C798AD49-78B7-3688-BE34-0C3B05220F08}.Release|x64.ActiveCfg = Release|x64
		{C798AD49-78B7-3688-BE34-0C3B05220F08}.Release|x64.Build.0 = Release|x64
		{C798AD49-78B7-3688-BE34-0C3B05220F08}.MinSizeRel|x64.ActiveCfg = MinSizeRel|x64
		{C798AD49-78B7-3688-BE34-0C3B05220F08}.MinSizeRel|x64.Build.0 = MinSizeRel|x64
		{C798AD49-78B7-3688-BE34-0C3B05220F08}.RelWithDebInfo|x64.ActiveCfg = RelWithDebInfo|x64
		{C798AD49-78B7-3688-BE34-0C3B05220F08}.RelWithDebInfo|x64.Build.0 = RelWithDebInfo|x64
		{D3429A3D-6D3D-3C32-94FB-44BE6D5D2DC6}.Debug|x64.ActiveCfg = Debug|x64
		{D3429A3D-6D3D-3C32-94FB-44BE6D5D2DC6}.Debug|x64.Build.0 = Debug|x64
		{D3429A3D-6D3D-3C32-94FB-44BE6D5D2DC6}.Release|x64.ActiveCfg = Release|x64
		{D3429A3D-6D3D-3C32-94FB-44BE6D5D2DC6}.Release|x64.Build.0 = Release|x64
		{D3429A3D-6D3D-3C32-94FB-44BE6D5D2DC6}.MinSizeRel|x64.ActiveCfg = MinSizeRel|x64
		{D3429A3D-6D3D-3C32-94FB-44BE6D5D2DC6}.MinSizeRel|x64.Build.0 = MinSizeRel|x64
		{D3429A3D-6D3D-3C32-94FB-44BE6D5D2DC6}.RelWithDebInfo|x64.ActiveCfg = RelWithDebInfo|x64
		{D3429A3D-6D3D-3C32-94FB-44BE6D5D2DC6}.RelWithDebInfo|x64.Build.0 = RelWithDebInfo|x64
		{49B31C3F-9425-3BEC-A57A-2CBBCE85C77B}.Debug|x64.ActiveCfg = Debug|x64
		{49B31C3F-9425-3BEC-A57A-2CBBCE85C77B}.Debug|x64.Build.0 = Debug|x64
		{49B31C3F-9425-3BEC-A57A-2CBBCE85C77B}.Release|x64.ActiveCfg = Release|x64
		{49B31C3F-9425-3BEC-A57A-2CBBCE85C77B}.Release|x64.Build.0 = Release|x64
		{49B31C3F-9425-3BEC-A57A-2CBBCE85C77B}.MinSizeRel|x64.ActiveCfg = MinSizeRel|x64
		{49B31C3F-9425-3BEC-A57A-2CBBCE85C77B}.MinSizeRel|x64.Build.0 = MinSizeRel|x64
		{49B31C3F-9425-3BEC-A57A-2CBBCE85C77B}.RelWithDebInfo|x64.ActiveCfg = RelWithDebInfo|x64
		{49B31C3F-9425-3BEC-A57A-2CBBCE85C77B}.RelWithDebInfo|x64.Build.0 = RelWithDebInfo|x64
		{75620C90-3CD7-37D8-984D-E81FF8E9E1F4}.Debug|x64.ActiveCfg = Debug|x64
		{75620C90-3CD7-37D8-984D-E81FF8E9E1F4}.Debug|x64.Build.0 = Debug|x64
		{75620C90-3CD7-37D8-984D-E81FF8E9E1F4}.Release|x64.ActiveCfg = Release|x64
		{75620C90-3CD7-37D8-984D-E81FF8E9E1F4}.Release|x64.Build.0 = Release|x64
		{75620C90-3CD7-37D8-984D-E81FF8E9E1F4}.MinSizeRel|x64.ActiveCfg = MinSizeRel|x64
		{75620C90-3CD7-37D8-984D-E81FF8E9E1F4}.MinSizeRel|x64.Build.0 = MinSizeRel|x64
		{75620C90-3CD7-37D8-984D-E81FF8E9E1F4}.RelWithDebInfo|x64.ActiveCfg = RelWithDebInfo|x64
		{75620C90-3CD7-37D8-984D-E81FF8E9E1F4}.RelWithDebInfo|x64.Build.0 = RelWithDebInfo|x64
		{B6061A62-8449-3F29-97A1-6D74534EE4F9}.Debug|x64.ActiveCfg = Debug|x64
		{B6061A62-8449-3F29-97A1-6D74534EE4F9}.Debug|x64.Build.0 = Debug|x64
		{B6061A62-8449-3F29-97A1-6D74534EE4F9}.Release|x64.ActiveCfg = Release|x64
		{B6061A62-8449-3F29-97A1-6D74534EE4F9}.Release|x64.Build.0 = Release|x64
		{B6061A62-8449-3F29-97A1-6D74534EE4F9}.MinSizeRel|x64.ActiveCfg = MinSizeRel|x64
		{B6061A62-8449-3F29-97A1-6D74534EE4F9}.MinSizeRel|x64.Build.0 = MinSizeRel|x64
		{B6061A62-8449-3F29-97A1-6D74534EE4F9}.RelWithDebInfo|x64.ActiveCfg = RelWithDebInfo|x64
		{B6061A62-8449-3F29-97A1-6D74534EE4F9}.RelWithDebInfo|x64.Build.0 = RelWithDebInfo|x64
		{A176B0F4-5478-312A-9B42-A9B85114C776}.Debug|x64.ActiveCfg = Debug|x64
		{A176B0F4-5478-312A-9B42-A9B85114C776}.Debug|x64.Build.0 = Debug|x64
		{A176B0F4-5478-312A-9B42-A9B85114C776}.Release|x64.ActiveCfg = Release|x64
		{A176B0F4-5478-312A-9B42-A9B85114C776}.Release|x64.Build.0 = Release|x64
		{A176B0F4-5478-312A-9B42-A9B85114C776}.MinSizeRel|x64.ActiveCfg = MinSizeRel|x64
		{A176B0F4-5478-312A-9B42-A9B85114C776}.MinSizeRel|x64.Build.0 = MinSizeRel|x64
		{A176B0F4-5478-312A-9B42-A9B85114C776}.RelWithDebInfo|x64.ActiveCfg = RelWithDebInfo|x64
		{A176B0F4-5478-312A-9B42-A9B85114C776}.RelWithDebInfo|x64.Build.0 = RelWithDebInfo|x64
		{8DD1C13D-93E8-344E-A2E6-62320BE90341}.Debug|x64.ActiveCfg = Debug|x64
		{8DD1C13D-93E8-344E-A2E6-62320BE90341}.Debug|x64.Build.0 = Debug|x64
		{8DD1C13D-93E8-344E-A2E6-62320BE90341}.Release|x64.ActiveCfg = Release|x64
		{8DD1C13D-93E8-344E-A2E6-62320BE90341}.Release|x64.Build.0 = Release|x64
		{8DD1C13D-93E8-344E-A2E6-62320BE90341}.MinSizeRel|x64.ActiveCfg = MinSizeRel|x64
		{8DD1C13D-93E8-344E-A2E6-62320BE90341}.MinSizeRel|x64.Build.0 = MinSizeRel|x64
		{8DD1C13D-93E8-344E-A2E6-62320BE90341}.RelWithDebInfo|x64.ActiveCfg = RelWithDebInfo|x64
		{8DD1C13D-93E8-344E-A2E6-62320BE90341}.RelWithDebInfo|x64.Build.0 = RelWithDebInfo|x64
		{157B0A8C-2FDF-338A-BBA1-51433718CD07}.Debug|x64.ActiveCfg = Debug|x64
		{157B0A8C-2FDF-338A-BBA1-51433718CD07}.Debug|x64.Build.0 = Debug|x64
		{157B0A8C-2FDF-338A-BBA1-51433718CD07}.Release|x64.ActiveCfg = Release|x64
		{157B0A8C-2FDF-338A-BBA1-51433718CD07}.Release|x64.Build.0 = Release|x64
		{157B0A8C-2FDF-338A-BBA1-51433718CD07}.MinSizeRel|x64.ActiveCfg = MinSizeRel|x64
		{157B0A8C-2FDF-338A-BBA1-51433718CD07}.MinSizeRel|x64.Build.0 = MinSizeRel|x64
		{157B0A8C-2FDF-338A-BBA1-51433718CD07}.RelWithDebInfo|x64.ActiveCfg = RelWithDebInfo|x64
		{157B0A8C-2FDF-338A-BBA1-51433718CD07}.RelWithDebInfo|x64.Build.0 = RelWithDebInfo|x64
		{C7863207-6B6D-3233-A57F-5C500DBF88CC}.Debug|x64.ActiveCfg = Debug|x64
		{C7863207-6B6D-3233-A57F-5C500DBF88CC}.Debug|x64.Build.0 = Debug|x64
		{C7863207-6B6D-3233-A57F-5C500DBF88CC}.Release|x64.ActiveCfg = Release|x64
		{C7863207-6B6D-3233-A57F-5C500DBF88CC}.Release|x64.Build.0 = Release|x64
		{C7863207-6B6D-3233-A57F-5C500DBF88CC}.MinSizeRel|x64.ActiveCfg = MinSizeRel|x64
		{C7863207-6B6D-3233-A57F-5C500DBF88CC}.MinSizeRel|x64.Build.0 = MinSizeRel|x64
		{C7863207-6B6D-3233-A57F-5C500DBF88CC}.RelWithDebInfo|x64.ActiveCfg = RelWithDebInfo|x64
		{C7863207-6B6D-3233-A57F-5C500DBF88CC}.RelWithDebInfo|x64.Build.0 = RelWithDebInfo|x64
		{49430F4B-4FC4-3C5B-B4D3-EBE5243DE6BB}.Debug|x64.ActiveCfg = Debug|x64
		{49430F4B-4FC4-3C5B-B4D3-EBE5243DE6BB}.Debug|x64.Build.0 = Debug|x64
		{49430F4B-4FC4-3C5B-B4D3-EBE5243DE6BB}.Release|x64.ActiveCfg = Release|x64
		{49430F4B-4FC4-3C5B-B4D3-EBE5243DE6BB}.Release|x64.Build.0 = Release|x64
		{49430F4B-4FC4-3C5B-B4D3-EBE5243DE6BB}.MinSizeRel|x64.ActiveCfg = MinSizeRel|x64
		{49430F4B-4FC4-3C5B-B4D3-EBE5243DE6BB}.MinSizeRel|x64.Build.0 = MinSizeRel|x64
		{49430F4B-4FC4-3C5B-B4D3-EBE5243DE6BB}.RelWithDebInfo|x64.ActiveCfg = RelWithDebInfo|x64
		{49430F4B-4FC4-3C5B-B4D3-EBE5243DE6BB}.RelWithDebInfo|x64.Build.0 = RelWithDebInfo|x64
		{1A6C8728-B217-3FBD-90F0-5BE9B2E09ED5}.Debug|x64.ActiveCfg = Debug|x64
		{1A6C8728-B217-3FBD-90F0-5BE9B2E09ED5}.Debug|x64.Build.0 = Debug|x64
		{1A6C8728-B217-3FBD-90F0-5BE9B2E09ED5}.Release|x64.ActiveCfg = Release|x64
		{1A6C8728-B217-3FBD-90F0-5BE9B2E09ED5}.Release|x64.Build.0 = Release|x64
		{1A6C8728-B217-3FBD-90F0-5BE9B2E09ED5}.MinSizeRel|x64.ActiveCfg = MinSizeRel|x64
		{1A6C8728-B217-3FBD-90F0-5BE9B2E09ED5}.MinSizeRel|x64.Build.0 = MinSizeRel|x64
		{1A6C8728-B217-3FBD-90F0-5BE9B2E09ED5}.RelWithDebInfo|x64.ActiveCfg = RelWithDebInfo|x64
		{1A6C8728-B217-3FBD-90F0-5BE9B2E09ED5}.RelWithDebInfo|x64.Build.0 = RelWithDebInfo|x64
		{401D4402-9575-3E78-9277-1C728C52F549}.Debug|x64.ActiveCfg = Debug|x64
		{401D4402-9575-3E78-9277-1C728C52F549}.Debug|x64.Build.0 = Debug|x64
		{401D4402-9575-3E78-9277-1C728C52F549}.Release|x64.ActiveCfg = Release|x64
		{401D4402-9575-3E78-9277-1C728C52F549}.Release|x64.Build.0 = Release|x64
		{401D4402-9575-3E78-9277-1C728C52F549}.MinSizeRel|x64.ActiveCfg = MinSizeRel|x64
		{401D4402-9575-3E78-9277-1C728C52F549}.MinSizeRel|x64.Build.0 = MinSizeRel|x64
		{401D4402-9575-3E78-9277-1C728C52F549}.RelWithDebInfo|x64.ActiveCfg = RelWithDebInfo|x64
		{401D4402-9575-3E78-9277-1C728C52F549}.RelWithDebInfo|x64.Build.0 = RelWithDebInfo|x64
		{143DA63C-7461-324E-B02B-2E3B49ED0311}.Debug|x64.ActiveCfg = Debug|x64
		{143DA63C-7461-324E-B02B-2E3B49ED0311}.Debug|x64.Build.0 = Debug|x64
		{143DA63C-7461-324E-B02B-2E3B49ED0311}.Release|x64.ActiveCfg = Release|x64
		{143DA63C-7461-324E-B02B-2E3B49ED0311}.Release|x64.Build.0 = Release|x64
		{143DA63C-7461-324E-B02B-2E3B49ED0311}.MinSizeRel|x64.ActiveCfg = MinSizeRel|x64
		{143DA63C-7461-324E-B02B-2E3B49ED0311}.MinSizeRel|x64.Build.0 = MinSizeRel|x64
		{143DA63C-7461-324E-B02B-2E3B49ED0311}.RelWithDebInfo|x64.ActiveCfg = RelWithDebInfo|x64
		{143DA63C-7461-324E-B02B-2E3B49ED0311}.RelWithDebInfo|x64.Build.0 = RelWithDebInfo|x64
		{00743380-261B-37B1-BC9A-1FD50518FB50}.Debug|x64.ActiveCfg = Debug|x64
		{00743380-261B-37B1-BC9A-1FD50518FB50}.Debug|x64.Build.0 = Debug|x64
		{00743380-261B-37B1-BC9A-1FD50518FB50}.Release|x64.ActiveCfg = Release|x64
		{00743380-261B-37B1-BC9A-1FD50518FB50}.Release|x64.Build.0 = Release|x64
		{00743380-261B-37B1-BC9A-1FD50518FB50}.MinSizeRel|x64.ActiveCfg = MinSizeRel|x64
		{00743380-261B-37B1-BC9A-1FD50518FB50}.MinSizeRel|x64.Build.0 = MinSizeRel|x64
		{00743380-261B-37B1-BC9A-1FD50518FB50}.RelWithDebInfo|x64.ActiveCfg = RelWithDebInfo|x64
		{00743380-261B-37B1-BC9A-1FD50518FB50}.RelWithDebInfo|x64.Build.0 = RelWithDebInfo|x64
		{7978E1C8-BDC5-3606-BABF-D6830613F249}.Debug|x64.ActiveCfg = Debug|x64
		{7978E1C8-BDC5-3606-BABF-D6830613F249}.Debug|x64.Build.0 = Debug|x64
		{7978E1C8-BDC5-3606-BABF-D6830613F249}.Release|x64.ActiveCfg = Release|x64
		{7978E1C8-BDC5-3606-BABF-D6830613F249}.Release|x64.Build.0 = Release|x64
		{7978E1C8-BDC5-3606-BABF-D6830613F249}.MinSizeRel|x64.ActiveCfg = MinSizeRel|x64
		{7978E1C8-BDC5-3606-BABF-D6830613F249}.MinSizeRel|x64.Build.0 = MinSizeRel|x64
		{7978E1C8-BDC5-3606-BABF-D6830613F249}.RelWithDebInfo|x64.ActiveCfg = RelWithDebInfo|x64
		{7978E1C8-BDC5-3606-BABF-D6830613F249}.RelWithDebInfo|x64.Build.0 = RelWithDebInfo|x64
		{72FDEA7C-2057-31A8-B733-2D555A59E621}.Debug|x64.ActiveCfg = Debug|x64
		{72FDEA7C-2057-31A8-B733-2D555A59E621}.Debug|x64.Build.0 = Debug|x64
		{72FDEA7C-2057-31A8-B733-2D555A59E621}.Release|x64.ActiveCfg = Release|x64
		{72FDEA7C-2057-31A8-B733-2D555A59E621}.Release|x64.Build.0 = Release|x64
		{72FDEA7C-2057-31A8-B733-2D555A59E621}.MinSizeRel|x64.ActiveCfg = MinSizeRel|x64
		{72FDEA7C-2057-31A8-B733-2D555A59E621}.MinSizeRel|x64.Build.0 = MinSizeRel|x64
		{72FDEA7C-2057-31A8-B733-2D555A59E621}.RelWithDebInfo|x64.ActiveCfg = RelWithDebInfo|x64
		{72FDEA7C-2057-31A8-B733-2D555A59E621}.RelWithDebInfo|x64.Build.0 = RelWithDebInfo|x64
		{DED1337F-CC36-3DDA-9C2C-9611D209DF98}.Debug|x64.ActiveCfg = Debug|x64
		{DED1337F-CC36-3DDA-9C2C-9611D209DF98}.Debug|x64.Build.0 = Debug|x64
		{DED1337F-CC36-3DDA-9C2C-9611D209DF98}.Release|x64.ActiveCfg = Release|x64
		{DED1337F-CC36-3DDA-9C2C-9611D209DF98}.Release|x64.Build.0 = Release|x64
		{DED1337F-CC36-3DDA-9C2C-9611D209DF98}.MinSizeRel|x64.ActiveCfg = MinSizeRel|x64
		{DED1337F-CC36-3DDA-9C2C-9611D209DF98}.MinSizeRel|x64.Build.0 = MinSizeRel|x64
		{DED1337F-CC36-3DDA-9C2C-9611D209DF98}.RelWithDebInfo|x64.ActiveCfg = RelWithDebInfo|x64
		{DED1337F-CC36-3DDA-9C2C-9611D209DF98}.RelWithDebInfo|x64.Build.0 = RelWithDebInfo|x64
		{8E68F262-D1B8-334C-8409-CD5DB8C9F696}.Debug|x64.ActiveCfg = Debug|x64
		{8E68F262-D1B8-334C-8409-CD5DB8C9F696}.Debug|x64.Build.0 = Debug|x64
		{8E68F262-D1B8-334C-8409-CD5DB8C9F696}.Release|x64.ActiveCfg = Release|x64
		{8E68F262-D1B8-334C-8409-CD5DB8C9F696}.Release|x64.Build.0 = Release|x64
		{8E68F262-D1B8-334C-8409-CD5DB8C9F696}.MinSizeRel|x64.ActiveCfg = MinSizeRel|x64
		{8E68F262-D1B8-334C-8409-CD5DB8C9F696}.MinSizeRel|x64.Build.0 = MinSizeRel|x64
		{8E68F262-D1B8-334C-8409-CD5DB8C9F696}.RelWithDebInfo|x64.ActiveCfg = RelWithDebInfo|x64
		{8E68F262-D1B8-334C-8409-CD5DB8C9F696}.RelWithDebInfo|x64.Build.0 = RelWithDebInfo|x64
		{2527241A-61BE-3A57-9A66-337D133EACA2}.Debug|x64.ActiveCfg = Debug|x64
		{2527241A-61BE-3A57-9A66-337D133EACA2}.Debug|x64.Build.0 = Debug|x64
		{2527241A-61BE-3A57-9A66-337D133EACA2}.Release|x64.ActiveCfg = Release|x64
		{2527241A-61BE-3A57-9A66-337D133EACA2}.Release|x64.Build.0 = Release|x64
		{2527241A-61BE-3A57-9A66-337D133EACA2}.MinSizeRel|x64.ActiveCfg = MinSizeRel|x64
		{2527241A-61BE-3A57-9A66-337D133EACA2}.MinSizeRel|x64.Build.0 = MinSizeRel|x64
		{2527241A-61BE-3A57-9A66-337D133EACA2}.RelWithDebInfo|x64.ActiveCfg = RelWithDebInfo|x64
		{2527241A-61BE-3A57-9A66-337D133EACA2}.RelWithDebInfo|x64.Build.0 = RelWithDebInfo|x64
		{8F358F1B-8F8C-3B8C-A82E-776D44D1C70F}.Debug|x64.ActiveCfg = Debug|x64
		{8F358F1B-8F8C-3B8C-A82E-776D44D1C70F}.Debug|x64.Build.0 = Debug|x64
		{8F358F1B-8F8C-3B8C-A82E-776D44D1C70F}.Release|x64.ActiveCfg = Release|x64
		{8F358F1B-8F8C-3B8C-A82E-776D44D1C70F}.Release|x64.Build.0 = Release|x64
		{8F358F1B-8F8C-3B8C-A82E-776D44D1C70F}.MinSizeRel|x64.ActiveCfg = MinSizeRel|x64
		{8F358F1B-8F8C-3B8C-A82E-776D44D1C70F}.MinSizeRel|x64.Build.0 = MinSizeRel|x64
		{8F358F1B-8F8C-3B8C-A82E-776D44D1C70F}.RelWithDebInfo|x64.ActiveCfg = RelWithDebInfo|x64
		{8F358F1B-8F8C-3B8C-A82E-776D44D1C70F}.RelWithDebInfo|x64.Build.0 = RelWithDebInfo|x64
		{6530EF6C-A892-39DC-876B-2F497AC17BD0}.Debug|x64.ActiveCfg = Debug|x64
		{6530EF6C-A892-39DC-876B-2F497AC17BD0}.Debug|x64.Build.0 = Debug|x64
		{6530EF6C-A892-39DC-876B-2F497AC17BD0}.Release|x64.ActiveCfg = Release|x64
		{6530EF6C-A892-39DC-876B-2F497AC17BD0}.Release|x64.Build.0 = Release|x64
		{6530EF6C-A892-39DC-876B-2F497AC17BD0}.MinSizeRel|x64.ActiveCfg = MinSizeRel|x64
		{6530EF6C-A892-39DC-876B-2F497AC17BD0}.MinSizeRel|x64.Build.0 = MinSizeRel|x64
		{6530EF6C-A892-39DC-876B-2F497AC17BD0}.RelWithDebInfo|x64.ActiveCfg = RelWithDebInfo|x64
		{6530EF6C-A892-39DC-876B-2F497AC17BD0}.RelWithDebInfo|x64.Build.0 = RelWithDebInfo|x64
		{5AF503AF-2667-3AD8-AF77-8A328AB1AD1B}.Debug|x64.ActiveCfg = Debug|x64
		{5AF503AF-2667-3AD8-AF77-8A328AB1AD1B}.Debug|x64.Build.0 = Debug|x64
		{5AF503AF-2667-3AD8-AF77-8A328AB1AD1B}.Release|x64.ActiveCfg = Release|x64
		{5AF503AF-2667-3AD8-AF77-8A328AB1AD1B}.Release|x64.Build.0 = Release|x64
		{5AF503AF-2667-3AD8-AF77-8A328AB1AD1B}.MinSizeRel|x64.ActiveCfg = MinSizeRel|x64
		{5AF503AF-2667-3AD8-AF77-8A328AB1AD1B}.MinSizeRel|x64.Build.0 = MinSizeRel|x64
		{5AF503AF-2667-3AD8-AF77-8A328AB1AD1B}.RelWithDebInfo|x64.ActiveCfg = RelWithDebInfo|x64
		{5AF503AF-2667-3AD8-AF77-8A328AB1AD1B}.RelWithDebInfo|x64.Build.0 = RelWithDebInfo|x64
		{14CA8F6D-0D6D-34A1-B1FB-D1F2C323462E}.Debug|x64.ActiveCfg = Debug|x64
		{14CA8F6D-0D6D-34A1-B1FB-D1F2C323462E}.Debug|x64.Build.0 = Debug|x64
		{14CA8F6D-0D6D-34A1-B1FB-D1F2C323462E}.Release|x64.ActiveCfg = Release|x64
		{14CA8F6D-0D6D-34A1-B1FB-D1F2C323462E}.Release|x64.Build.0 = Release|x64
		{14CA8F6D-0D6D-34A1-B1FB-D1F2C323462E}.MinSizeRel|x64.ActiveCfg = MinSizeRel|x64
		{14CA8F6D-0D6D-34A1-B1FB-D1F2C323462E}.MinSizeRel|x64.Build.0 = MinSizeRel|x64
		{14CA8F6D-0D6D-34A1-B1FB-D1F2C323462E}.RelWithDebInfo|x64.ActiveCfg = RelWithDebInfo|x64
		{14CA8F6D-0D6D-34A1-B1FB-D1F2C323462E}.RelWithDebInfo|x64.Build.0 = RelWithDebInfo|x64
		{FA0B3E7D-69B4-3D53-A00F-0D3160EC5E56}.Debug|x64.ActiveCfg = Debug|x64
		{FA0B3E7D-69B4-3D53-A00F-0D3160EC5E56}.Release|x64.ActiveCfg = Release|x64
		{FA0B3E7D-69B4-3D53-A00F-0D3160EC5E56}.MinSizeRel|x64.ActiveCfg = MinSizeRel|x64
		{FA0B3E7D-69B4-3D53-A00F-0D3160EC5E56}.RelWithDebInfo|x64.ActiveCfg = RelWithDebInfo|x64
		{528CE7FD-D696-3EF2-88F9-3C085F3C182B}.Debug|x64.ActiveCfg = Debug|x64
		{528CE7FD-D696-3EF2-88F9-3C085F3C182B}.Debug|x64.Build.0 = Debug|x64
		{528CE7FD-D696-3EF2-88F9-3C085F3C182B}.Release|x64.ActiveCfg = Release|x64
		{528CE7FD-D696-3EF2-88F9-3C085F3C182B}.Release|x64.Build.0 = Release|x64
		{528CE7FD-D696-3EF2-88F9-3C085F3C182B}.MinSizeRel|x64.ActiveCfg = MinSizeRel|x64
		{528CE7FD-D696-3EF2-88F9-3C085F3C182B}.MinSizeRel|x64.Build.0 = MinSizeRel|x64
		{528CE7FD-D696-3EF2-88F9-3C085F3C182B}.RelWithDebInfo|x64.ActiveCfg = RelWithDebInfo|x64
		{528CE7FD-D696-3EF2-88F9-3C085F3C182B}.RelWithDebInfo|x64.Build.0 = RelWithDebInfo|x64
		{630E9099-1D97-31F7-B467-2274BC73D7FC}.Debug|x64.ActiveCfg = Debug|x64
		{630E9099-1D97-31F7-B467-2274BC73D7FC}.Debug|x64.Build.0 = Debug|x64
		{630E9099-1D97-31F7-B467-2274BC73D7FC}.Release|x64.ActiveCfg = Release|x64
		{630E9099-1D97-31F7-B467-2274BC73D7FC}.Release|x64.Build.0 = Release|x64
		{630E9099-1D97-31F7-B467-2274BC73D7FC}.MinSizeRel|x64.ActiveCfg = MinSizeRel|x64
		{630E9099-1D97-31F7-B467-2274BC73D7FC}.MinSizeRel|x64.Build.0 = MinSizeRel|x64
		{630E9099-1D97-31F7-B467-2274BC73D7FC}.RelWithDebInfo|x64.ActiveCfg = RelWithDebInfo|x64
		{630E9099-1D97-31F7-B467-2274BC73D7FC}.RelWithDebInfo|x64.Build.0 = RelWithDebInfo|x64
	EndGlobalSection
	GlobalSection(NestedProjects) = preSolution
		{CB09C93B-C174-32B7-9618-5C0085D65808} = {0DFA2E2A-2476-309E-9C90-C848B8526CE8}
		{733C57B5-9379-3FFF-BF35-B4F9DD502621} = {0DFA2E2A-2476-309E-9C90-C848B8526CE8}
		{774B185B-C8CA-3132-89CE-A21BE90EAE85} = {0DFA2E2A-2476-309E-9C90-C848B8526CE8}
		{9FA4F181-463E-3BE6-8044-9B9170D6E86C} = {7ECEC184-44E4-3057-8F9F-AD349915F4DB}
		{1EBA4834-9C43-332B-8DD1-550472E7E7A2} = {7ECEC184-44E4-3057-8F9F-AD349915F4DB}
		{8DD1C13D-93E8-344E-A2E6-62320BE90341} = {7ECEC184-44E4-3057-8F9F-AD349915F4DB}
		{42B8D42A-CD10-3AF8-BA01-EF54900AAA2A} = {9FA4F181-463E-3BE6-8044-9B9170D6E86C}
		{A176B0F4-5478-312A-9B42-A9B85114C776} = {9FA4F181-463E-3BE6-8044-9B9170D6E86C}
		{C7863207-6B6D-3233-A57F-5C500DBF88CC} = {9FA4F181-463E-3BE6-8044-9B9170D6E86C}
		{7978E1C8-BDC5-3606-BABF-D6830613F249} = {9FA4F181-463E-3BE6-8044-9B9170D6E86C}
		{8E68F262-D1B8-334C-8409-CD5DB8C9F696} = {9FA4F181-463E-3BE6-8044-9B9170D6E86C}
		{2527241A-61BE-3A57-9A66-337D133EACA2} = {9FA4F181-463E-3BE6-8044-9B9170D6E86C}
		{528CE7FD-D696-3EF2-88F9-3C085F3C182B} = {9FA4F181-463E-3BE6-8044-9B9170D6E86C}
		{C798AD49-78B7-3688-BE34-0C3B05220F08} = {1EBA4834-9C43-332B-8DD1-550472E7E7A2}
		{D3429A3D-6D3D-3C32-94FB-44BE6D5D2DC6} = {1EBA4834-9C43-332B-8DD1-550472E7E7A2}
		{49B31C3F-9425-3BEC-A57A-2CBBCE85C77B} = {1EBA4834-9C43-332B-8DD1-550472E7E7A2}
		{75620C90-3CD7-37D8-984D-E81FF8E9E1F4} = {1EBA4834-9C43-332B-8DD1-550472E7E7A2}
		{B6061A62-8449-3F29-97A1-6D74534EE4F9} = {1EBA4834-9C43-332B-8DD1-550472E7E7A2}
		{157B0A8C-2FDF-338A-BBA1-51433718CD07} = {1EBA4834-9C43-332B-8DD1-550472E7E7A2}
		{49430F4B-4FC4-3C5B-B4D3-EBE5243DE6BB} = {1EBA4834-9C43-332B-8DD1-550472E7E7A2}
		{1A6C8728-B217-3FBD-90F0-5BE9B2E09ED5} = {1EBA4834-9C43-332B-8DD1-550472E7E7A2}
		{401D4402-9575-3E78-9277-1C728C52F549} = {1EBA4834-9C43-332B-8DD1-550472E7E7A2}
		{143DA63C-7461-324E-B02B-2E3B49ED0311} = {1EBA4834-9C43-332B-8DD1-550472E7E7A2}
		{00743380-261B-37B1-BC9A-1FD50518FB50} = {1EBA4834-9C43-332B-8DD1-550472E7E7A2}
		{72FDEA7C-2057-31A8-B733-2D555A59E621} = {1EBA4834-9C43-332B-8DD1-550472E7E7A2}
		{DED1337F-CC36-3DDA-9C2C-9611D209DF98} = {1EBA4834-9C43-332B-8DD1-550472E7E7A2}
		{8F358F1B-8F8C-3B8C-A82E-776D44D1C70F} = {1EBA4834-9C43-332B-8DD1-550472E7E7A2}
		{6530EF6C-A892-39DC-876B-2F497AC17BD0} = {1EBA4834-9C43-332B-8DD1-550472E7E7A2}
		{5AF503AF-2667-3AD8-AF77-8A328AB1AD1B} = {1EBA4834-9C43-332B-8DD1-550472E7E7A2}
		{14CA8F6D-0D6D-34A1-B1FB-D1F2C323462E} = {1EBA4834-9C43-332B-8DD1-550472E7E7A2}
		{630E9099-1D97-31F7-B467-2274BC73D7FC} = {1EBA4834-9C43-332B-8DD1-550472E7E7A2}
	EndGlobalSection
	GlobalSection(ExtensibilityGlobals) = postSolution
		SolutionGuid = {FA2D5214-6FA7-3EB7-A7A2-A75AAD663902}
	EndGlobalSection
	GlobalSection(ExtensibilityAddIns) = postSolution
	EndGlobalSection
EndGlobal
