Microsoft Visual Studio Solution File, Format Version 12.00
# Visual Studio 15
Project("{2150E333-8FDC-42A3-9474-1A3956D46DE8}") = "CMakePredefinedTargets", "CMakePredefinedTargets", "{CE346C1F-5A88-3AA5-A5EC-D8E80040D367}"
EndProject
Project("{2150E333-8FDC-42A3-9474-1A3956D46DE8}") = "GLFW3", "GLFW3", "{CCD4D87E-2DC8-3AE2-AAFC-9B40330A2340}"
EndProject
Project("{2150E333-8FDC-42A3-9474-1A3956D46DE8}") = "Examples", "GLFW3\Examples", "{B4C7C137-B518-3D70-96BC-C28CCA3604A2}"
EndProject
Project("{2150E333-8FDC-42A3-9474-1A3956D46DE8}") = "Tests", "GLFW3\Tests", "{F97CB645-73A0-3436-8942-6D65C609409E}"
EndProject
Project("{8BC9CEB8-8B4A-11D0-8D11-00A0C91BC942}") = "ALL_BUILD", "ALL_BUILD.vcxproj", "{D09B6AF9-0A0D-32E7-B4AF-4CC6C44447E1}"
	ProjectSection(ProjectDependencies) = postProject
		{32603704-7A75-3520-9AC6-D9A524F9364F} = {32603704-7A75-3520-9AC6-D9A524F9364F}
		{52E61D03-2E2B-343E-AC6F-AF340FC0F472} = {52E61D03-2E2B-343E-AC6F-AF340FC0F472}
		{41D50E1D-1FB2-3B78-9899-C6AB4006BD6C} = {41D50E1D-1FB2-3B78-9899-C6AB4006BD6C}
		{2708396F-239E-3B46-A363-22447E8B480C} = {2708396F-239E-3B46-A363-22447E8B480C}
		{27923F21-9A49-33E9-A576-862C975E5654} = {27923F21-9A49-33E9-A576-862C975E5654}
		{423C641E-06CF-3D42-831E-2E2C7DAEC084} = {423C641E-06CF-3D42-831E-2E2C7DAEC084}
		{FD2A607C-1647-3A6E-8887-B32F5BA5C8A2} = {FD2A607C-1647-3A6E-8887-B32F5BA5C8A2}
		{3D13B8E8-32B9-324A-918A-3AFCFA066F64} = {3D13B8E8-32B9-324A-918A-3AFCFA066F64}
		{7A4E9BB6-B9BD-3588-B699-22A1530112BF} = {7A4E9BB6-B9BD-3588-B699-22A1530112BF}
		{01BC564F-27D2-32E0-9B17-1E6BEBC4F5A2} = {01BC564F-27D2-32E0-9B17-1E6BEBC4F5A2}
		{F92C70A8-5547-352D-9763-406269F30F61} = {F92C70A8-5547-352D-9763-406269F30F61}
		{180A0033-7CCD-3842-A7E1-47DFBDA849D6} = {180A0033-7CCD-3842-A7E1-47DFBDA849D6}
		{4C956234-1397-3662-8C9C-5550626FA116} = {4C956234-1397-3662-8C9C-5550626FA116}
		{D69E6871-36E6-3AE7-90FD-75FE3D825DE3} = {D69E6871-36E6-3AE7-90FD-75FE3D825DE3}
		{BDBA40BE-8103-33C3-85BE-7ACFEE96029A} = {BDBA40BE-8103-33C3-85BE-7ACFEE96029A}
		{F6545930-2030-3020-B642-1DA745AA1A9B} = {F6545930-2030-3020-B642-1DA745AA1A9B}
		{3ECB5B29-0D04-331D-BE8B-CE9868FEC3F6} = {3ECB5B29-0D04-331D-BE8B-CE9868FEC3F6}
		{19ED5A31-5926-355A-B36D-18CB4471C3E5} = {19ED5A31-5926-355A-B36D-18CB4471C3E5}
		{E2D4C3B1-9CB0-37BC-87BB-E9F7563AF795} = {E2D4C3B1-9CB0-37BC-87BB-E9F7563AF795}
		{1073AD1D-0815-399B-83A1-FAF8284E1A09} = {1073AD1D-0815-399B-83A1-FAF8284E1A09}
		{E822962D-39F0-3879-8E59-0D92701D904F} = {E822962D-39F0-3879-8E59-0D92701D904F}
		{6A51CC94-C6FA-3872-8B90-2D67C4037625} = {6A51CC94-C6FA-3872-8B90-2D67C4037625}
		{FDEB5E5F-BD02-37F2-A611-DFDC57885D5F} = {FDEB5E5F-BD02-37F2-A611-DFDC57885D5F}
		{0968118E-9CEE-339D-B3BF-127D291F73AB} = {0968118E-9CEE-339D-B3BF-127D291F73AB}
		{4E43B238-6BC8-3874-8717-33C97CF96ADB} = {4E43B238-6BC8-3874-8717-33C97CF96ADB}
		{2BAC2928-8B0C-35D2-8591-D661DB559CF0} = {2BAC2928-8B0C-35D2-8591-D661DB559CF0}
		{AE03D5BD-4704-38E5-9595-AE3060E5E06E} = {AE03D5BD-4704-38E5-9595-AE3060E5E06E}
	EndProjectSection
EndProject
Project("{8BC9CEB8-8B4A-11D0-8D11-00A0C91BC942}") = "INSTALL", "INSTALL.vcxproj", "{8269F2BF-B36E-3A9F-BFE7-E8AE149A7605}"
	ProjectSection(ProjectDependencies) = postProject
		{D09B6AF9-0A0D-32E7-B4AF-4CC6C44447E1} = {D09B6AF9-0A0D-32E7-B4AF-4CC6C44447E1}
		{32603704-7A75-3520-9AC6-D9A524F9364F} = {32603704-7A75-3520-9AC6-D9A524F9364F}
	EndProjectSection
EndProject
Project("{8BC9CEB8-8B4A-11D0-8D11-00A0C91BC942}") = "ZERO_CHECK", "ZERO_CHECK.vcxproj", "{32603704-7A75-3520-9AC6-D9A524F9364F}"
	ProjectSection(ProjectDependencies) = postProject
	EndProjectSection
EndProject
Project("{8BC9CEB8-8B4A-11D0-8D11-00A0C91BC942}") = "boing", "examples\boing.vcxproj", "{52E61D03-2E2B-343E-AC6F-AF340FC0F472}"
	ProjectSection(ProjectDependencies) = postProject
		{32603704-7A75-3520-9AC6-D9A524F9364F} = {32603704-7A75-3520-9AC6-D9A524F9364F}
		{7A4E9BB6-B9BD-3588-B699-22A1530112BF} = {7A4E9BB6-B9BD-3588-B699-22A1530112BF}
	EndProjectSection
EndProject
Project("{8BC9CEB8-8B4A-11D0-8D11-00A0C91BC942}") = "clipboard", "tests\clipboard.vcxproj", "{41D50E1D-1FB2-3B78-9899-C6AB4006BD6C}"
	ProjectSection(ProjectDependencies) = postProject
		{32603704-7A75-3520-9AC6-D9A524F9364F} = {32603704-7A75-3520-9AC6-D9A524F9364F}
		{7A4E9BB6-B9BD-3588-B699-22A1530112BF} = {7A4E9BB6-B9BD-3588-B699-22A1530112BF}
	EndProjectSection
EndProject
Project("{8BC9CEB8-8B4A-11D0-8D11-00A0C91BC942}") = "cursor", "tests\cursor.vcxproj", "{2708396F-239E-3B46-A363-22447E8B480C}"
	ProjectSection(ProjectDependencies) = postProject
		{32603704-7A75-3520-9AC6-D9A524F9364F} = {32603704-7A75-3520-9AC6-D9A524F9364F}
		{7A4E9BB6-B9BD-3588-B699-22A1530112BF} = {7A4E9BB6-B9BD-3588-B699-22A1530112BF}
	EndProjectSection
EndProject
Project("{8BC9CEB8-8B4A-11D0-8D11-00A0C91BC942}") = "empty", "tests\empty.vcxproj", "{27923F21-9A49-33E9-A576-862C975E5654}"
	ProjectSection(ProjectDependencies) = postProject
		{32603704-7A75-3520-9AC6-D9A524F9364F} = {32603704-7A75-3520-9AC6-D9A524F9364F}
		{7A4E9BB6-B9BD-3588-B699-22A1530112BF} = {7A4E9BB6-B9BD-3588-B699-22A1530112BF}
	EndProjectSection
EndProject
Project("{8BC9CEB8-8B4A-11D0-8D11-00A0C91BC942}") = "events", "tests\events.vcxproj", "{423C641E-06CF-3D42-831E-2E2C7DAEC084}"
	ProjectSection(ProjectDependencies) = postProject
		{32603704-7A75-3520-9AC6-D9A524F9364F} = {32603704-7A75-3520-9AC6-D9A524F9364F}
		{7A4E9BB6-B9BD-3588-B699-22A1530112BF} = {7A4E9BB6-B9BD-3588-B699-22A1530112BF}
	EndProjectSection
EndProject
Project("{8BC9CEB8-8B4A-11D0-8D11-00A0C91BC942}") = "gamma", "tests\gamma.vcxproj", "{FD2A607C-1647-3A6E-8887-B32F5BA5C8A2}"
	ProjectSection(ProjectDependencies) = postProject
		{32603704-7A75-3520-9AC6-D9A524F9364F} = {32603704-7A75-3520-9AC6-D9A524F9364F}
		{7A4E9BB6-B9BD-3588-B699-22A1530112BF} = {7A4E9BB6-B9BD-3588-B699-22A1530112BF}
	EndProjectSection
EndProject
Project("{8BC9CEB8-8B4A-11D0-8D11-00A0C91BC942}") = "gears", "examples\gears.vcxproj", "{3D13B8E8-32B9-324A-918A-3AFCFA066F64}"
	ProjectSection(ProjectDependencies) = postProject
		{32603704-7A75-3520-9AC6-D9A524F9364F} = {32603704-7A75-3520-9AC6-D9A524F9364F}
		{7A4E9BB6-B9BD-3588-B699-22A1530112BF} = {7A4E9BB6-B9BD-3588-B699-22A1530112BF}
	EndProjectSection
EndProject
Project("{8BC9CEB8-8B4A-11D0-8D11-00A0C91BC942}") = "glfw", "src\glfw.vcxproj", "{7A4E9BB6-B9BD-3588-B699-22A1530112BF}"
	ProjectSection(ProjectDependencies) = postProject
		{32603704-7A75-3520-9AC6-D9A524F9364F} = {32603704-7A75-3520-9AC6-D9A524F9364F}
	EndProjectSection
EndProject
Project("{8BC9CEB8-8B4A-11D0-8D11-00A0C91BC942}") = "glfwinfo", "tests\glfwinfo.vcxproj", "{01BC564F-27D2-32E0-9B17-1E6BEBC4F5A2}"
	ProjectSection(ProjectDependencies) = postProject
		{32603704-7A75-3520-9AC6-D9A524F9364F} = {32603704-7A75-3520-9AC6-D9A524F9364F}
		{7A4E9BB6-B9BD-3588-B699-22A1530112BF} = {7A4E9BB6-B9BD-3588-B699-22A1530112BF}
	EndProjectSection
EndProject
Project("{8BC9CEB8-8B4A-11D0-8D11-00A0C91BC942}") = "heightmap", "examples\heightmap.vcxproj", "{F92C70A8-5547-352D-9763-406269F30F61}"
	ProjectSection(ProjectDependencies) = postProject
		{32603704-7A75-3520-9AC6-D9A524F9364F} = {32603704-7A75-3520-9AC6-D9A524F9364F}
		{7A4E9BB6-B9BD-3588-B699-22A1530112BF} = {7A4E9BB6-B9BD-3588-B699-22A1530112BF}
	EndProjectSection
EndProject
Project("{8BC9CEB8-8B4A-11D0-8D11-00A0C91BC942}") = "icon", "tests\icon.vcxproj", "{180A0033-7CCD-3842-A7E1-47DFBDA849D6}"
	ProjectSection(ProjectDependencies) = postProject
		{32603704-7A75-3520-9AC6-D9A524F9364F} = {32603704-7A75-3520-9AC6-D9A524F9364F}
		{7A4E9BB6-B9BD-3588-B699-22A1530112BF} = {7A4E9BB6-B9BD-3588-B699-22A1530112BF}
	EndProjectSection
EndProject
Project("{8BC9CEB8-8B4A-11D0-8D11-00A0C91BC942}") = "iconify", "tests\iconify.vcxproj", "{4C956234-1397-3662-8C9C-5550626FA116}"
	ProjectSection(ProjectDependencies) = postProject
		{32603704-7A75-3520-9AC6-D9A524F9364F} = {32603704-7A75-3520-9AC6-D9A524F9364F}
		{7A4E9BB6-B9BD-3588-B699-22A1530112BF} = {7A4E9BB6-B9BD-3588-B699-22A1530112BF}
	EndProjectSection
EndProject
Project("{8BC9CEB8-8B4A-11D0-8D11-00A0C91BC942}") = "joysticks", "tests\joysticks.vcxproj", "{D69E6871-36E6-3AE7-90FD-75FE3D825DE3}"
	ProjectSection(ProjectDependencies) = postProject
		{32603704-7A75-3520-9AC6-D9A524F9364F} = {32603704-7A75-3520-9AC6-D9A524F9364F}
		{7A4E9BB6-B9BD-3588-B699-22A1530112BF} = {7A4E9BB6-B9BD-3588-B699-22A1530112BF}
	EndProjectSection
EndProject
Project("{8BC9CEB8-8B4A-11D0-8D11-00A0C91BC942}") = "monitors", "tests\monitors.vcxproj", "{BDBA40BE-8103-33C3-85BE-7ACFEE96029A}"
	ProjectSection(ProjectDependencies) = postProject
		{32603704-7A75-3520-9AC6-D9A524F9364F} = {32603704-7A75-3520-9AC6-D9A524F9364F}
		{7A4E9BB6-B9BD-3588-B699-22A1530112BF} = {7A4E9BB6-B9BD-3588-B699-22A1530112BF}
	EndProjectSection
EndProject
Project("{8BC9CEB8-8B4A-11D0-8D11-00A0C91BC942}") = "msaa", "tests\msaa.vcxproj", "{F6545930-2030-3020-B642-1DA745AA1A9B}"
	ProjectSection(ProjectDependencies) = postProject
		{32603704-7A75-3520-9AC6-D9A524F9364F} = {32603704-7A75-3520-9AC6-D9A524F9364F}
		{7A4E9BB6-B9BD-3588-B699-22A1530112BF} = {7A4E9BB6-B9BD-3588-B699-22A1530112BF}
	EndProjectSection
EndProject
Project("{8BC9CEB8-8B4A-11D0-8D11-00A0C91BC942}") = "particles", "examples\particles.vcxproj", "{3ECB5B29-0D04-331D-BE8B-CE9868FEC3F6}"
	ProjectSection(ProjectDependencies) = postProject
		{32603704-7A75-3520-9AC6-D9A524F9364F} = {32603704-7A75-3520-9AC6-D9A524F9364F}
		{7A4E9BB6-B9BD-3588-B699-22A1530112BF} = {7A4E9BB6-B9BD-3588-B699-22A1530112BF}
	EndProjectSection
EndProject
Project("{8BC9CEB8-8B4A-11D0-8D11-00A0C91BC942}") = "reopen", "tests\reopen.vcxproj", "{19ED5A31-5926-355A-B36D-18CB4471C3E5}"
	ProjectSection(ProjectDependencies) = postProject
		{32603704-7A75-3520-9AC6-D9A524F9364F} = {32603704-7A75-3520-9AC6-D9A524F9364F}
		{7A4E9BB6-B9BD-3588-B699-22A1530112BF} = {7A4E9BB6-B9BD-3588-B699-22A1530112BF}
	EndProjectSection
EndProject
Project("{8BC9CEB8-8B4A-11D0-8D11-00A0C91BC942}") = "sharing", "tests\sharing.vcxproj", "{E2D4C3B1-9CB0-37BC-87BB-E9F7563AF795}"
	ProjectSection(ProjectDependencies) = postProject
		{32603704-7A75-3520-9AC6-D9A524F9364F} = {32603704-7A75-3520-9AC6-D9A524F9364F}
		{7A4E9BB6-B9BD-3588-B699-22A1530112BF} = {7A4E9BB6-B9BD-3588-B699-22A1530112BF}
	EndProjectSection
EndProject
Project("{8BC9CEB8-8B4A-11D0-8D11-00A0C91BC942}") = "simple", "examples\simple.vcxproj", "{1073AD1D-0815-399B-83A1-FAF8284E1A09}"
	ProjectSection(ProjectDependencies) = postProject
		{32603704-7A75-3520-9AC6-D9A524F9364F} = {32603704-7A75-3520-9AC6-D9A524F9364F}
		{7A4E9BB6-B9BD-3588-B699-22A1530112BF} = {7A4E9BB6-B9BD-3588-B699-22A1530112BF}
	EndProjectSection
EndProject
Project("{8BC9CEB8-8B4A-11D0-8D11-00A0C91BC942}") = "splitview", "examples\splitview.vcxproj", "{E822962D-39F0-3879-8E59-0D92701D904F}"
	ProjectSection(ProjectDependencies) = postProject
		{32603704-7A75-3520-9AC6-D9A524F9364F} = {32603704-7A75-3520-9AC6-D9A524F9364F}
		{7A4E9BB6-B9BD-3588-B699-22A1530112BF} = {7A4E9BB6-B9BD-3588-B699-22A1530112BF}
	EndProjectSection
EndProject
Project("{8BC9CEB8-8B4A-11D0-8D11-00A0C91BC942}") = "tearing", "tests\tearing.vcxproj", "{6A51CC94-C6FA-3872-8B90-2D67C4037625}"
	ProjectSection(ProjectDependencies) = postProject
		{32603704-7A75-3520-9AC6-D9A524F9364F} = {32603704-7A75-3520-9AC6-D9A524F9364F}
		{7A4E9BB6-B9BD-3588-B699-22A1530112BF} = {7A4E9BB6-B9BD-3588-B699-22A1530112BF}
	EndProjectSection
EndProject
Project("{8BC9CEB8-8B4A-11D0-8D11-00A0C91BC942}") = "threads", "tests\threads.vcxproj", "{FDEB5E5F-BD02-37F2-A611-DFDC57885D5F}"
	ProjectSection(ProjectDependencies) = postProject
		{32603704-7A75-3520-9AC6-D9A524F9364F} = {32603704-7A75-3520-9AC6-D9A524F9364F}
		{7A4E9BB6-B9BD-3588-B699-22A1530112BF} = {7A4E9BB6-B9BD-3588-B699-22A1530112BF}
	EndProjectSection
EndProject
Project("{8BC9CEB8-8B4A-11D0-8D11-00A0C91BC942}") = "timeout", "tests\timeout.vcxproj", "{0968118E-9CEE-339D-B3BF-127D291F73AB}"
	ProjectSection(ProjectDependencies) = postProject
		{32603704-7A75-3520-9AC6-D9A524F9364F} = {32603704-7A75-3520-9AC6-D9A524F9364F}
		{7A4E9BB6-B9BD-3588-B699-22A1530112BF} = {7A4E9BB6-B9BD-3588-B699-22A1530112BF}
	EndProjectSection
EndProject
Project("{8BC9CEB8-8B4A-11D0-8D11-00A0C91BC942}") = "title", "tests\title.vcxproj", "{4E43B238-6BC8-3874-8717-33C97CF96ADB}"
	ProjectSection(ProjectDependencies) = postProject
		{32603704-7A75-3520-9AC6-D9A524F9364F} = {32603704-7A75-3520-9AC6-D9A524F9364F}
		{7A4E9BB6-B9BD-3588-B699-22A1530112BF} = {7A4E9BB6-B9BD-3588-B699-22A1530112BF}
	EndProjectSection
EndProject
Project("{8BC9CEB8-8B4A-11D0-8D11-00A0C91BC942}") = "uninstall", "uninstall.vcxproj", "{FC80C31C-D178-3D4B-87D2-68E827E96EA1}"
	ProjectSection(ProjectDependencies) = postProject
		{32603704-7A75-3520-9AC6-D9A524F9364F} = {32603704-7A75-3520-9AC6-D9A524F9364F}
	EndProjectSection
EndProject
Project("{8BC9CEB8-8B4A-11D0-8D11-00A0C91BC942}") = "wave", "examples\wave.vcxproj", "{2BAC2928-8B0C-35D2-8591-D661DB559CF0}"
	ProjectSection(ProjectDependencies) = postProject
		{32603704-7A75-3520-9AC6-D9A524F9364F} = {32603704-7A75-3520-9AC6-D9A524F9364F}
		{7A4E9BB6-B9BD-3588-B699-22A1530112BF} = {7A4E9BB6-B9BD-3588-B699-22A1530112BF}
	EndProjectSection
EndProject
Project("{8BC9CEB8-8B4A-11D0-8D11-00A0C91BC942}") = "windows", "tests\windows.vcxproj", "{AE03D5BD-4704-38E5-9595-AE3060E5E06E}"
	ProjectSection(ProjectDependencies) = postProject
		{32603704-7A75-3520-9AC6-D9A524F9364F} = {32603704-7A75-3520-9AC6-D9A524F9364F}
		{7A4E9BB6-B9BD-3588-B699-22A1530112BF} = {7A4E9BB6-B9BD-3588-B699-22A1530112BF}
	EndProjectSection
EndProject
Global
	GlobalSection(SolutionConfigurationPlatforms) = preSolution
		Debug|x64 = Debug|x64
		Release|x64 = Release|x64
		MinSizeRel|x64 = MinSizeRel|x64
		RelWithDebInfo|x64 = RelWithDebInfo|x64
	EndGlobalSection
	GlobalSection(ProjectConfigurationPlatforms) = postSolution
		{D09B6AF9-0A0D-32E7-B4AF-4CC6C44447E1}.Debug|x64.ActiveCfg = Debug|x64
		{D09B6AF9-0A0D-32E7-B4AF-4CC6C44447E1}.Debug|x64.Build.0 = Debug|x64
		{D09B6AF9-0A0D-32E7-B4AF-4CC6C44447E1}.Release|x64.ActiveCfg = Release|x64
		{D09B6AF9-0A0D-32E7-B4AF-4CC6C44447E1}.Release|x64.Build.0 = Release|x64
		{D09B6AF9-0A0D-32E7-B4AF-4CC6C44447E1}.MinSizeRel|x64.ActiveCfg = MinSizeRel|x64
		{D09B6AF9-0A0D-32E7-B4AF-4CC6C44447E1}.MinSizeRel|x64.Build.0 = MinSizeRel|x64
		{D09B6AF9-0A0D-32E7-B4AF-4CC6C44447E1}.RelWithDebInfo|x64.ActiveCfg = RelWithDebInfo|x64
		{D09B6AF9-0A0D-32E7-B4AF-4CC6C44447E1}.RelWithDebInfo|x64.Build.0 = RelWithDebInfo|x64
		{8269F2BF-B36E-3A9F-BFE7-E8AE149A7605}.Debug|x64.ActiveCfg = Debug|x64
		{8269F2BF-B36E-3A9F-BFE7-E8AE149A7605}.Release|x64.ActiveCfg = Release|x64
		{8269F2BF-B36E-3A9F-BFE7-E8AE149A7605}.MinSizeRel|x64.ActiveCfg = MinSizeRel|x64
		{8269F2BF-B36E-3A9F-BFE7-E8AE149A7605}.RelWithDebInfo|x64.ActiveCfg = RelWithDebInfo|x64
		{32603704-7A75-3520-9AC6-D9A524F9364F}.Debug|x64.ActiveCfg = Debug|x64
		{32603704-7A75-3520-9AC6-D9A524F9364F}.Debug|x64.Build.0 = Debug|x64
		{32603704-7A75-3520-9AC6-D9A524F9364F}.Release|x64.ActiveCfg = Release|x64
		{32603704-7A75-3520-9AC6-D9A524F9364F}.Release|x64.Build.0 = Release|x64
		{32603704-7A75-3520-9AC6-D9A524F9364F}.MinSizeRel|x64.ActiveCfg = MinSizeRel|x64
		{32603704-7A75-3520-9AC6-D9A524F9364F}.MinSizeRel|x64.Build.0 = MinSizeRel|x64
		{32603704-7A75-3520-9AC6-D9A524F9364F}.RelWithDebInfo|x64.ActiveCfg = RelWithDebInfo|x64
		{32603704-7A75-3520-9AC6-D9A524F9364F}.RelWithDebInfo|x64.Build.0 = RelWithDebInfo|x64
		{52E61D03-2E2B-343E-AC6F-AF340FC0F472}.Debug|x64.ActiveCfg = Debug|x64
		{52E61D03-2E2B-343E-AC6F-AF340FC0F472}.Debug|x64.Build.0 = Debug|x64
		{52E61D03-2E2B-343E-AC6F-AF340FC0F472}.Release|x64.ActiveCfg = Release|x64
		{52E61D03-2E2B-343E-AC6F-AF340FC0F472}.Release|x64.Build.0 = Release|x64
		{52E61D03-2E2B-343E-AC6F-AF340FC0F472}.MinSizeRel|x64.ActiveCfg = MinSizeRel|x64
		{52E61D03-2E2B-343E-AC6F-AF340FC0F472}.MinSizeRel|x64.Build.0 = MinSizeRel|x64
		{52E61D03-2E2B-343E-AC6F-AF340FC0F472}.RelWithDebInfo|x64.ActiveCfg = RelWithDebInfo|x64
		{52E61D03-2E2B-343E-AC6F-AF340FC0F472}.RelWithDebInfo|x64.Build.0 = RelWithDebInfo|x64
		{41D50E1D-1FB2-3B78-9899-C6AB4006BD6C}.Debug|x64.ActiveCfg = Debug|x64
		{41D50E1D-1FB2-3B78-9899-C6AB4006BD6C}.Debug|x64.Build.0 = Debug|x64
		{41D50E1D-1FB2-3B78-9899-C6AB4006BD6C}.Release|x64.ActiveCfg = Release|x64
		{41D50E1D-1FB2-3B78-9899-C6AB4006BD6C}.Release|x64.Build.0 = Release|x64
		{41D50E1D-1FB2-3B78-9899-C6AB4006BD6C}.MinSizeRel|x64.ActiveCfg = MinSizeRel|x64
		{41D50E1D-1FB2-3B78-9899-C6AB4006BD6C}.MinSizeRel|x64.Build.0 = MinSizeRel|x64
		{41D50E1D-1FB2-3B78-9899-C6AB4006BD6C}.RelWithDebInfo|x64.ActiveCfg = RelWithDebInfo|x64
		{41D50E1D-1FB2-3B78-9899-C6AB4006BD6C}.RelWithDebInfo|x64.Build.0 = RelWithDebInfo|x64
		{2708396F-239E-3B46-A363-22447E8B480C}.Debug|x64.ActiveCfg = Debug|x64
		{2708396F-239E-3B46-A363-22447E8B480C}.Debug|x64.Build.0 = Debug|x64
		{2708396F-239E-3B46-A363-22447E8B480C}.Release|x64.ActiveCfg = Release|x64
		{2708396F-239E-3B46-A363-22447E8B480C}.Release|x64.Build.0 = Release|x64
		{2708396F-239E-3B46-A363-22447E8B480C}.MinSizeRel|x64.ActiveCfg = MinSizeRel|x64
		{2708396F-239E-3B46-A363-22447E8B480C}.MinSizeRel|x64.Build.0 = MinSizeRel|x64
		{2708396F-239E-3B46-A363-22447E8B480C}.RelWithDebInfo|x64.ActiveCfg = RelWithDebInfo|x64
		{2708396F-239E-3B46-A363-22447E8B480C}.RelWithDebInfo|x64.Build.0 = RelWithDebInfo|x64
		{27923F21-9A49-33E9-A576-862C975E5654}.Debug|x64.ActiveCfg = Debug|x64
		{27923F21-9A49-33E9-A576-862C975E5654}.Debug|x64.Build.0 = Debug|x64
		{27923F21-9A49-33E9-A576-862C975E5654}.Release|x64.ActiveCfg = Release|x64
		{27923F21-9A49-33E9-A576-862C975E5654}.Release|x64.Build.0 = Release|x64
		{27923F21-9A49-33E9-A576-862C975E5654}.MinSizeRel|x64.ActiveCfg = MinSizeRel|x64
		{27923F21-9A49-33E9-A576-862C975E5654}.MinSizeRel|x64.Build.0 = MinSizeRel|x64
		{27923F21-9A49-33E9-A576-862C975E5654}.RelWithDebInfo|x64.ActiveCfg = RelWithDebInfo|x64
		{27923F21-9A49-33E9-A576-862C975E5654}.RelWithDebInfo|x64.Build.0 = RelWithDebInfo|x64
		{423C641E-06CF-3D42-831E-2E2C7DAEC084}.Debug|x64.ActiveCfg = Debug|x64
		{423C641E-06CF-3D42-831E-2E2C7DAEC084}.Debug|x64.Build.0 = Debug|x64
		{423C641E-06CF-3D42-831E-2E2C7DAEC084}.Release|x64.ActiveCfg = Release|x64
		{423C641E-06CF-3D42-831E-2E2C7DAEC084}.Release|x64.Build.0 = Release|x64
		{423C641E-06CF-3D42-831E-2E2C7DAEC084}.MinSizeRel|x64.ActiveCfg = MinSizeRel|x64
		{423C641E-06CF-3D42-831E-2E2C7DAEC084}.MinSizeRel|x64.Build.0 = MinSizeRel|x64
		{423C641E-06CF-3D42-831E-2E2C7DAEC084}.RelWithDebInfo|x64.ActiveCfg = RelWithDebInfo|x64
		{423C641E-06CF-3D42-831E-2E2C7DAEC084}.RelWithDebInfo|x64.Build.0 = RelWithDebInfo|x64
		{FD2A607C-1647-3A6E-8887-B32F5BA5C8A2}.Debug|x64.ActiveCfg = Debug|x64
		{FD2A607C-1647-3A6E-8887-B32F5BA5C8A2}.Debug|x64.Build.0 = Debug|x64
		{FD2A607C-1647-3A6E-8887-B32F5BA5C8A2}.Release|x64.ActiveCfg = Release|x64
		{FD2A607C-1647-3A6E-8887-B32F5BA5C8A2}.Release|x64.Build.0 = Release|x64
		{FD2A607C-1647-3A6E-8887-B32F5BA5C8A2}.MinSizeRel|x64.ActiveCfg = MinSizeRel|x64
		{FD2A607C-1647-3A6E-8887-B32F5BA5C8A2}.MinSizeRel|x64.Build.0 = MinSizeRel|x64
		{FD2A607C-1647-3A6E-8887-B32F5BA5C8A2}.RelWithDebInfo|x64.ActiveCfg = RelWithDebInfo|x64
		{FD2A607C-1647-3A6E-8887-B32F5BA5C8A2}.RelWithDebInfo|x64.Build.0 = RelWithDebInfo|x64
		{3D13B8E8-32B9-324A-918A-3AFCFA066F64}.Debug|x64.ActiveCfg = Debug|x64
		{3D13B8E8-32B9-324A-918A-3AFCFA066F64}.Debug|x64.Build.0 = Debug|x64
		{3D13B8E8-32B9-324A-918A-3AFCFA066F64}.Release|x64.ActiveCfg = Release|x64
		{3D13B8E8-32B9-324A-918A-3AFCFA066F64}.Release|x64.Build.0 = Release|x64
		{3D13B8E8-32B9-324A-918A-3AFCFA066F64}.MinSizeRel|x64.ActiveCfg = MinSizeRel|x64
		{3D13B8E8-32B9-324A-918A-3AFCFA066F64}.MinSizeRel|x64.Build.0 = MinSizeRel|x64
		{3D13B8E8-32B9-324A-918A-3AFCFA066F64}.RelWithDebInfo|x64.ActiveCfg = RelWithDebInfo|x64
		{3D13B8E8-32B9-324A-918A-3AFCFA066F64}.RelWithDebInfo|x64.Build.0 = RelWithDebInfo|x64
		{7A4E9BB6-B9BD-3588-B699-22A1530112BF}.Debug|x64.ActiveCfg = Debug|x64
		{7A4E9BB6-B9BD-3588-B699-22A1530112BF}.Debug|x64.Build.0 = Debug|x64
		{7A4E9BB6-B9BD-3588-B699-22A1530112BF}.Release|x64.ActiveCfg = Release|x64
		{7A4E9BB6-B9BD-3588-B699-22A1530112BF}.Release|x64.Build.0 = Release|x64
		{7A4E9BB6-B9BD-3588-B699-22A1530112BF}.MinSizeRel|x64.ActiveCfg = MinSizeRel|x64
		{7A4E9BB6-B9BD-3588-B699-22A1530112BF}.MinSizeRel|x64.Build.0 = MinSizeRel|x64
		{7A4E9BB6-B9BD-3588-B699-22A1530112BF}.RelWithDebInfo|x64.ActiveCfg = RelWithDebInfo|x64
		{7A4E9BB6-B9BD-3588-B699-22A1530112BF}.RelWithDebInfo|x64.Build.0 = RelWithDebInfo|x64
		{01BC564F-27D2-32E0-9B17-1E6BEBC4F5A2}.Debug|x64.ActiveCfg = Debug|x64
		{01BC564F-27D2-32E0-9B17-1E6BEBC4F5A2}.Debug|x64.Build.0 = Debug|x64
		{01BC564F-27D2-32E0-9B17-1E6BEBC4F5A2}.Release|x64.ActiveCfg = Release|x64
		{01BC564F-27D2-32E0-9B17-1E6BEBC4F5A2}.Release|x64.Build.0 = Release|x64
		{01BC564F-27D2-32E0-9B17-1E6BEBC4F5A2}.MinSizeRel|x64.ActiveCfg = MinSizeRel|x64
		{01BC564F-27D2-32E0-9B17-1E6BEBC4F5A2}.MinSizeRel|x64.Build.0 = MinSizeRel|x64
		{01BC564F-27D2-32E0-9B17-1E6BEBC4F5A2}.RelWithDebInfo|x64.ActiveCfg = RelWithDebInfo|x64
		{01BC564F-27D2-32E0-9B17-1E6BEBC4F5A2}.RelWithDebInfo|x64.Build.0 = RelWithDebInfo|x64
		{F92C70A8-5547-352D-9763-406269F30F61}.Debug|x64.ActiveCfg = Debug|x64
		{F92C70A8-5547-352D-9763-406269F30F61}.Debug|x64.Build.0 = Debug|x64
		{F92C70A8-5547-352D-9763-406269F30F61}.Release|x64.ActiveCfg = Release|x64
		{F92C70A8-5547-352D-9763-406269F30F61}.Release|x64.Build.0 = Release|x64
		{F92C70A8-5547-352D-9763-406269F30F61}.MinSizeRel|x64.ActiveCfg = MinSizeRel|x64
		{F92C70A8-5547-352D-9763-406269F30F61}.MinSizeRel|x64.Build.0 = MinSizeRel|x64
		{F92C70A8-5547-352D-9763-406269F30F61}.RelWithDebInfo|x64.ActiveCfg = RelWithDebInfo|x64
		{F92C70A8-5547-352D-9763-406269F30F61}.RelWithDebInfo|x64.Build.0 = RelWithDebInfo|x64
		{180A0033-7CCD-3842-A7E1-47DFBDA849D6}.Debug|x64.ActiveCfg = Debug|x64
		{180A0033-7CCD-3842-A7E1-47DFBDA849D6}.Debug|x64.Build.0 = Debug|x64
		{180A0033-7CCD-3842-A7E1-47DFBDA849D6}.Release|x64.ActiveCfg = Release|x64
		{180A0033-7CCD-3842-A7E1-47DFBDA849D6}.Release|x64.Build.0 = Release|x64
		{180A0033-7CCD-3842-A7E1-47DFBDA849D6}.MinSizeRel|x64.ActiveCfg = MinSizeRel|x64
		{180A0033-7CCD-3842-A7E1-47DFBDA849D6}.MinSizeRel|x64.Build.0 = MinSizeRel|x64
		{180A0033-7CCD-3842-A7E1-47DFBDA849D6}.RelWithDebInfo|x64.ActiveCfg = RelWithDebInfo|x64
		{180A0033-7CCD-3842-A7E1-47DFBDA849D6}.RelWithDebInfo|x64.Build.0 = RelWithDebInfo|x64
		{4C956234-1397-3662-8C9C-5550626FA116}.Debug|x64.ActiveCfg = Debug|x64
		{4C956234-1397-3662-8C9C-5550626FA116}.Debug|x64.Build.0 = Debug|x64
		{4C956234-1397-3662-8C9C-5550626FA116}.Release|x64.ActiveCfg = Release|x64
		{4C956234-1397-3662-8C9C-5550626FA116}.Release|x64.Build.0 = Release|x64
		{4C956234-1397-3662-8C9C-5550626FA116}.MinSizeRel|x64.ActiveCfg = MinSizeRel|x64
		{4C956234-1397-3662-8C9C-5550626FA116}.MinSizeRel|x64.Build.0 = MinSizeRel|x64
		{4C956234-1397-3662-8C9C-5550626FA116}.RelWithDebInfo|x64.ActiveCfg = RelWithDebInfo|x64
		{4C956234-1397-3662-8C9C-5550626FA116}.RelWithDebInfo|x64.Build.0 = RelWithDebInfo|x64
		{D69E6871-36E6-3AE7-90FD-75FE3D825DE3}.Debug|x64.ActiveCfg = Debug|x64
		{D69E6871-36E6-3AE7-90FD-75FE3D825DE3}.Debug|x64.Build.0 = Debug|x64
		{D69E6871-36E6-3AE7-90FD-75FE3D825DE3}.Release|x64.ActiveCfg = Release|x64
		{D69E6871-36E6-3AE7-90FD-75FE3D825DE3}.Release|x64.Build.0 = Release|x64
		{D69E6871-36E6-3AE7-90FD-75FE3D825DE3}.MinSizeRel|x64.ActiveCfg = MinSizeRel|x64
		{D69E6871-36E6-3AE7-90FD-75FE3D825DE3}.MinSizeRel|x64.Build.0 = MinSizeRel|x64
		{D69E6871-36E6-3AE7-90FD-75FE3D825DE3}.RelWithDebInfo|x64.ActiveCfg = RelWithDebInfo|x64
		{D69E6871-36E6-3AE7-90FD-75FE3D825DE3}.RelWithDebInfo|x64.Build.0 = RelWithDebInfo|x64
		{BDBA40BE-8103-33C3-85BE-7ACFEE96029A}.Debug|x64.ActiveCfg = Debug|x64
		{BDBA40BE-8103-33C3-85BE-7ACFEE96029A}.Debug|x64.Build.0 = Debug|x64
		{BDBA40BE-8103-33C3-85BE-7ACFEE96029A}.Release|x64.ActiveCfg = Release|x64
		{BDBA40BE-8103-33C3-85BE-7ACFEE96029A}.Release|x64.Build.0 = Release|x64
		{BDBA40BE-8103-33C3-85BE-7ACFEE96029A}.MinSizeRel|x64.ActiveCfg = MinSizeRel|x64
		{BDBA40BE-8103-33C3-85BE-7ACFEE96029A}.MinSizeRel|x64.Build.0 = MinSizeRel|x64
		{BDBA40BE-8103-33C3-85BE-7ACFEE96029A}.RelWithDebInfo|x64.ActiveCfg = RelWithDebInfo|x64
		{BDBA40BE-8103-33C3-85BE-7ACFEE96029A}.RelWithDebInfo|x64.Build.0 = RelWithDebInfo|x64
		{F6545930-2030-3020-B642-1DA745AA1A9B}.Debug|x64.ActiveCfg = Debug|x64
		{F6545930-2030-3020-B642-1DA745AA1A9B}.Debug|x64.Build.0 = Debug|x64
		{F6545930-2030-3020-B642-1DA745AA1A9B}.Release|x64.ActiveCfg = Release|x64
		{F6545930-2030-3020-B642-1DA745AA1A9B}.Release|x64.Build.0 = Release|x64
		{F6545930-2030-3020-B642-1DA745AA1A9B}.MinSizeRel|x64.ActiveCfg = MinSizeRel|x64
		{F6545930-2030-3020-B642-1DA745AA1A9B}.MinSizeRel|x64.Build.0 = MinSizeRel|x64
		{F6545930-2030-3020-B642-1DA745AA1A9B}.RelWithDebInfo|x64.ActiveCfg = RelWithDebInfo|x64
		{F6545930-2030-3020-B642-1DA745AA1A9B}.RelWithDebInfo|x64.Build.0 = RelWithDebInfo|x64
		{3ECB5B29-0D04-331D-BE8B-CE9868FEC3F6}.Debug|x64.ActiveCfg = Debug|x64
		{3ECB5B29-0D04-331D-BE8B-CE9868FEC3F6}.Debug|x64.Build.0 = Debug|x64
		{3ECB5B29-0D04-331D-BE8B-CE9868FEC3F6}.Release|x64.ActiveCfg = Release|x64
		{3ECB5B29-0D04-331D-BE8B-CE9868FEC3F6}.Release|x64.Build.0 = Release|x64
		{3ECB5B29-0D04-331D-BE8B-CE9868FEC3F6}.MinSizeRel|x64.ActiveCfg = MinSizeRel|x64
		{3ECB5B29-0D04-331D-BE8B-CE9868FEC3F6}.MinSizeRel|x64.Build.0 = MinSizeRel|x64
		{3ECB5B29-0D04-331D-BE8B-CE9868FEC3F6}.RelWithDebInfo|x64.ActiveCfg = RelWithDebInfo|x64
		{3ECB5B29-0D04-331D-BE8B-CE9868FEC3F6}.RelWithDebInfo|x64.Build.0 = RelWithDebInfo|x64
		{19ED5A31-5926-355A-B36D-18CB4471C3E5}.Debug|x64.ActiveCfg = Debug|x64
		{19ED5A31-5926-355A-B36D-18CB4471C3E5}.Debug|x64.Build.0 = Debug|x64
		{19ED5A31-5926-355A-B36D-18CB4471C3E5}.Release|x64.ActiveCfg = Release|x64
		{19ED5A31-5926-355A-B36D-18CB4471C3E5}.Release|x64.Build.0 = Release|x64
		{19ED5A31-5926-355A-B36D-18CB4471C3E5}.MinSizeRel|x64.ActiveCfg = MinSizeRel|x64
		{19ED5A31-5926-355A-B36D-18CB4471C3E5}.MinSizeRel|x64.Build.0 = MinSizeRel|x64
		{19ED5A31-5926-355A-B36D-18CB4471C3E5}.RelWithDebInfo|x64.ActiveCfg = RelWithDebInfo|x64
		{19ED5A31-5926-355A-B36D-18CB4471C3E5}.RelWithDebInfo|x64.Build.0 = RelWithDebInfo|x64
		{E2D4C3B1-9CB0-37BC-87BB-E9F7563AF795}.Debug|x64.ActiveCfg = Debug|x64
		{E2D4C3B1-9CB0-37BC-87BB-E9F7563AF795}.Debug|x64.Build.0 = Debug|x64
		{E2D4C3B1-9CB0-37BC-87BB-E9F7563AF795}.Release|x64.ActiveCfg = Release|x64
		{E2D4C3B1-9CB0-37BC-87BB-E9F7563AF795}.Release|x64.Build.0 = Release|x64
		{E2D4C3B1-9CB0-37BC-87BB-E9F7563AF795}.MinSizeRel|x64.ActiveCfg = MinSizeRel|x64
		{E2D4C3B1-9CB0-37BC-87BB-E9F7563AF795}.MinSizeRel|x64.Build.0 = MinSizeRel|x64
		{E2D4C3B1-9CB0-37BC-87BB-E9F7563AF795}.RelWithDebInfo|x64.ActiveCfg = RelWithDebInfo|x64
		{E2D4C3B1-9CB0-37BC-87BB-E9F7563AF795}.RelWithDebInfo|x64.Build.0 = RelWithDebInfo|x64
		{1073AD1D-0815-399B-83A1-FAF8284E1A09}.Debug|x64.ActiveCfg = Debug|x64
		{1073AD1D-0815-399B-83A1-FAF8284E1A09}.Debug|x64.Build.0 = Debug|x64
		{1073AD1D-0815-399B-83A1-FAF8284E1A09}.Release|x64.ActiveCfg = Release|x64
		{1073AD1D-0815-399B-83A1-FAF8284E1A09}.Release|x64.Build.0 = Release|x64
		{1073AD1D-0815-399B-83A1-FAF8284E1A09}.MinSizeRel|x64.ActiveCfg = MinSizeRel|x64
		{1073AD1D-0815-399B-83A1-FAF8284E1A09}.MinSizeRel|x64.Build.0 = MinSizeRel|x64
		{1073AD1D-0815-399B-83A1-FAF8284E1A09}.RelWithDebInfo|x64.ActiveCfg = RelWithDebInfo|x64
		{1073AD1D-0815-399B-83A1-FAF8284E1A09}.RelWithDebInfo|x64.Build.0 = RelWithDebInfo|x64
		{E822962D-39F0-3879-8E59-0D92701D904F}.Debug|x64.ActiveCfg = Debug|x64
		{E822962D-39F0-3879-8E59-0D92701D904F}.Debug|x64.Build.0 = Debug|x64
		{E822962D-39F0-3879-8E59-0D92701D904F}.Release|x64.ActiveCfg = Release|x64
		{E822962D-39F0-3879-8E59-0D92701D904F}.Release|x64.Build.0 = Release|x64
		{E822962D-39F0-3879-8E59-0D92701D904F}.MinSizeRel|x64.ActiveCfg = MinSizeRel|x64
		{E822962D-39F0-3879-8E59-0D92701D904F}.MinSizeRel|x64.Build.0 = MinSizeRel|x64
		{E822962D-39F0-3879-8E59-0D92701D904F}.RelWithDebInfo|x64.ActiveCfg = RelWithDebInfo|x64
		{E822962D-39F0-3879-8E59-0D92701D904F}.RelWithDebInfo|x64.Build.0 = RelWithDebInfo|x64
		{6A51CC94-C6FA-3872-8B90-2D67C4037625}.Debug|x64.ActiveCfg = Debug|x64
		{6A51CC94-C6FA-3872-8B90-2D67C4037625}.Debug|x64.Build.0 = Debug|x64
		{6A51CC94-C6FA-3872-8B90-2D67C4037625}.Release|x64.ActiveCfg = Release|x64
		{6A51CC94-C6FA-3872-8B90-2D67C4037625}.Release|x64.Build.0 = Release|x64
		{6A51CC94-C6FA-3872-8B90-2D67C4037625}.MinSizeRel|x64.ActiveCfg = MinSizeRel|x64
		{6A51CC94-C6FA-3872-8B90-2D67C4037625}.MinSizeRel|x64.Build.0 = MinSizeRel|x64
		{6A51CC94-C6FA-3872-8B90-2D67C4037625}.RelWithDebInfo|x64.ActiveCfg = RelWithDebInfo|x64
		{6A51CC94-C6FA-3872-8B90-2D67C4037625}.RelWithDebInfo|x64.Build.0 = RelWithDebInfo|x64
		{FDEB5E5F-BD02-37F2-A611-DFDC57885D5F}.Debug|x64.ActiveCfg = Debug|x64
		{FDEB5E5F-BD02-37F2-A611-DFDC57885D5F}.Debug|x64.Build.0 = Debug|x64
		{FDEB5E5F-BD02-37F2-A611-DFDC57885D5F}.Release|x64.ActiveCfg = Release|x64
		{FDEB5E5F-BD02-37F2-A611-DFDC57885D5F}.Release|x64.Build.0 = Release|x64
		{FDEB5E5F-BD02-37F2-A611-DFDC57885D5F}.MinSizeRel|x64.ActiveCfg = MinSizeRel|x64
		{FDEB5E5F-BD02-37F2-A611-DFDC57885D5F}.MinSizeRel|x64.Build.0 = MinSizeRel|x64
		{FDEB5E5F-BD02-37F2-A611-DFDC57885D5F}.RelWithDebInfo|x64.ActiveCfg = RelWithDebInfo|x64
		{FDEB5E5F-BD02-37F2-A611-DFDC57885D5F}.RelWithDebInfo|x64.Build.0 = RelWithDebInfo|x64
		{0968118E-9CEE-339D-B3BF-127D291F73AB}.Debug|x64.ActiveCfg = Debug|x64
		{0968118E-9CEE-339D-B3BF-127D291F73AB}.Debug|x64.Build.0 = Debug|x64
		{0968118E-9CEE-339D-B3BF-127D291F73AB}.Release|x64.ActiveCfg = Release|x64
		{0968118E-9CEE-339D-B3BF-127D291F73AB}.Release|x64.Build.0 = Release|x64
		{0968118E-9CEE-339D-B3BF-127D291F73AB}.MinSizeRel|x64.ActiveCfg = MinSizeRel|x64
		{0968118E-9CEE-339D-B3BF-127D291F73AB}.MinSizeRel|x64.Build.0 = MinSizeRel|x64
		{0968118E-9CEE-339D-B3BF-127D291F73AB}.RelWithDebInfo|x64.ActiveCfg = RelWithDebInfo|x64
		{0968118E-9CEE-339D-B3BF-127D291F73AB}.RelWithDebInfo|x64.Build.0 = RelWithDebInfo|x64
		{4E43B238-6BC8-3874-8717-33C97CF96ADB}.Debug|x64.ActiveCfg = Debug|x64
		{4E43B238-6BC8-3874-8717-33C97CF96ADB}.Debug|x64.Build.0 = Debug|x64
		{4E43B238-6BC8-3874-8717-33C97CF96ADB}.Release|x64.ActiveCfg = Release|x64
		{4E43B238-6BC8-3874-8717-33C97CF96ADB}.Release|x64.Build.0 = Release|x64
		{4E43B238-6BC8-3874-8717-33C97CF96ADB}.MinSizeRel|x64.ActiveCfg = MinSizeRel|x64
		{4E43B238-6BC8-3874-8717-33C97CF96ADB}.MinSizeRel|x64.Build.0 = MinSizeRel|x64
		{4E43B238-6BC8-3874-8717-33C97CF96ADB}.RelWithDebInfo|x64.ActiveCfg = RelWithDebInfo|x64
		{4E43B238-6BC8-3874-8717-33C97CF96ADB}.RelWithDebInfo|x64.Build.0 = RelWithDebInfo|x64
		{FC80C31C-D178-3D4B-87D2-68E827E96EA1}.Debug|x64.ActiveCfg = Debug|x64
		{FC80C31C-D178-3D4B-87D2-68E827E96EA1}.Release|x64.ActiveCfg = Release|x64
		{FC80C31C-D178-3D4B-87D2-68E827E96EA1}.MinSizeRel|x64.ActiveCfg = MinSizeRel|x64
		{FC80C31C-D178-3D4B-87D2-68E827E96EA1}.RelWithDebInfo|x64.ActiveCfg = RelWithDebInfo|x64
		{2BAC2928-8B0C-35D2-8591-D661DB559CF0}.Debug|x64.ActiveCfg = Debug|x64
		{2BAC2928-8B0C-35D2-8591-D661DB559CF0}.Debug|x64.Build.0 = Debug|x64
		{2BAC2928-8B0C-35D2-8591-D661DB559CF0}.Release|x64.ActiveCfg = Release|x64
		{2BAC2928-8B0C-35D2-8591-D661DB559CF0}.Release|x64.Build.0 = Release|x64
		{2BAC2928-8B0C-35D2-8591-D661DB559CF0}.MinSizeRel|x64.ActiveCfg = MinSizeRel|x64
		{2BAC2928-8B0C-35D2-8591-D661DB559CF0}.MinSizeRel|x64.Build.0 = MinSizeRel|x64
		{2BAC2928-8B0C-35D2-8591-D661DB559CF0}.RelWithDebInfo|x64.ActiveCfg = RelWithDebInfo|x64
		{2BAC2928-8B0C-35D2-8591-D661DB559CF0}.RelWithDebInfo|x64.Build.0 = RelWithDebInfo|x64
		{AE03D5BD-4704-38E5-9595-AE3060E5E06E}.Debug|x64.ActiveCfg = Debug|x64
		{AE03D5BD-4704-38E5-9595-AE3060E5E06E}.Debug|x64.Build.0 = Debug|x64
		{AE03D5BD-4704-38E5-9595-AE3060E5E06E}.Release|x64.ActiveCfg = Release|x64
		{AE03D5BD-4704-38E5-9595-AE3060E5E06E}.Release|x64.Build.0 = Release|x64
		{AE03D5BD-4704-38E5-9595-AE3060E5E06E}.MinSizeRel|x64.ActiveCfg = MinSizeRel|x64
		{AE03D5BD-4704-38E5-9595-AE3060E5E06E}.MinSizeRel|x64.Build.0 = MinSizeRel|x64
		{AE03D5BD-4704-38E5-9595-AE3060E5E06E}.RelWithDebInfo|x64.ActiveCfg = RelWithDebInfo|x64
		{AE03D5BD-4704-38E5-9595-AE3060E5E06E}.RelWithDebInfo|x64.Build.0 = RelWithDebInfo|x64
	EndGlobalSection
	GlobalSection(NestedProjects) = preSolution
		{D09B6AF9-0A0D-32E7-B4AF-4CC6C44447E1} = {CE346C1F-5A88-3AA5-A5EC-D8E80040D367}
		{8269F2BF-B36E-3A9F-BFE7-E8AE149A7605} = {CE346C1F-5A88-3AA5-A5EC-D8E80040D367}
		{32603704-7A75-3520-9AC6-D9A524F9364F} = {CE346C1F-5A88-3AA5-A5EC-D8E80040D367}
		{B4C7C137-B518-3D70-96BC-C28CCA3604A2} = {CCD4D87E-2DC8-3AE2-AAFC-9B40330A2340}
		{F97CB645-73A0-3436-8942-6D65C609409E} = {CCD4D87E-2DC8-3AE2-AAFC-9B40330A2340}
		{7A4E9BB6-B9BD-3588-B699-22A1530112BF} = {CCD4D87E-2DC8-3AE2-AAFC-9B40330A2340}
		{52E61D03-2E2B-343E-AC6F-AF340FC0F472} = {B4C7C137-B518-3D70-96BC-C28CCA3604A2}
		{3D13B8E8-32B9-324A-918A-3AFCFA066F64} = {B4C7C137-B518-3D70-96BC-C28CCA3604A2}
		{F92C70A8-5547-352D-9763-406269F30F61} = {B4C7C137-B518-3D70-96BC-C28CCA3604A2}
		{3ECB5B29-0D04-331D-BE8B-CE9868FEC3F6} = {B4C7C137-B518-3D70-96BC-C28CCA3604A2}
		{1073AD1D-0815-399B-83A1-FAF8284E1A09} = {B4C7C137-B518-3D70-96BC-C28CCA3604A2}
		{E822962D-39F0-3879-8E59-0D92701D904F} = {B4C7C137-B518-3D70-96BC-C28CCA3604A2}
		{2BAC2928-8B0C-35D2-8591-D661DB559CF0} = {B4C7C137-B518-3D70-96BC-C28CCA3604A2}
		{41D50E1D-1FB2-3B78-9899-C6AB4006BD6C} = {F97CB645-73A0-3436-8942-6D65C609409E}
		{2708396F-239E-3B46-A363-22447E8B480C} = {F97CB645-73A0-3436-8942-6D65C609409E}
		{27923F21-9A49-33E9-A576-862C975E5654} = {F97CB645-73A0-3436-8942-6D65C609409E}
		{423C641E-06CF-3D42-831E-2E2C7DAEC084} = {F97CB645-73A0-3436-8942-6D65C609409E}
		{FD2A607C-1647-3A6E-8887-B32F5BA5C8A2} = {F97CB645-73A0-3436-8942-6D65C609409E}
		{01BC564F-27D2-32E0-9B17-1E6BEBC4F5A2} = {F97CB645-73A0-3436-8942-6D65C609409E}
		{180A0033-7CCD-3842-A7E1-47DFBDA849D6} = {F97CB645-73A0-3436-8942-6D65C609409E}
		{4C956234-1397-3662-8C9C-5550626FA116} = {F97CB645-73A0-3436-8942-6D65C609409E}
		{D69E6871-36E6-3AE7-90FD-75FE3D825DE3} = {F97CB645-73A0-3436-8942-6D65C609409E}
		{BDBA40BE-8103-33C3-85BE-7ACFEE96029A} = {F97CB645-73A0-3436-8942-6D65C609409E}
		{F6545930-2030-3020-B642-1DA745AA1A9B} = {F97CB645-73A0-3436-8942-6D65C609409E}
		{19ED5A31-5926-355A-B36D-18CB4471C3E5} = {F97CB645-73A0-3436-8942-6D65C609409E}
		{E2D4C3B1-9CB0-37BC-87BB-E9F7563AF795} = {F97CB645-73A0-3436-8942-6D65C609409E}
		{6A51CC94-C6FA-3872-8B90-2D67C4037625} = {F97CB645-73A0-3436-8942-6D65C609409E}
		{FDEB5E5F-BD02-37F2-A611-DFDC57885D5F} = {F97CB645-73A0-3436-8942-6D65C609409E}
		{0968118E-9CEE-339D-B3BF-127D291F73AB} = {F97CB645-73A0-3436-8942-6D65C609409E}
		{4E43B238-6BC8-3874-8717-33C97CF96ADB} = {F97CB645-73A0-3436-8942-6D65C609409E}
		{AE03D5BD-4704-38E5-9595-AE3060E5E06E} = {F97CB645-73A0-3436-8942-6D65C609409E}
	EndGlobalSection
	GlobalSection(ExtensibilityGlobals) = postSolution
		SolutionGuid = {B4FEC83B-ECBB-3031-A7A5-071BBA628A12}
	EndGlobalSection
	GlobalSection(ExtensibilityAddIns) = postSolution
	EndGlobalSection
EndGlobal
