<?xml version="1.0" encoding="utf-8"?>
<Project ToolsVersion="4.0" xmlns="http://schemas.microsoft.com/developer/msbuild/2003">
  <ItemGroup>
    <Filter Include="Entities">
      <UniqueIdentifier>{71c0f1e3-9cd0-4fa1-852a-c5899d511ff8}</UniqueIdentifier>
    </Filter>
    <Filter Include="GameStates">
      <UniqueIdentifier>{dadaaf06-c26b-47c9-ab8e-98f18a184829}</UniqueIdentifier>
    </Filter>
    <Filter Include="Game">
      <UniqueIdentifier>{4FC737F1-C7A5-4376-A066-2A32D752A2FF}</UniqueIdentifier>
      <Extensions>cpp;c;cc;cxx;def;odl;idl;hpj;bat;asm;asmx</Extensions>
    </Filter>
    <Filter Include="Shaders">
      <UniqueIdentifier>{4b35ffd9-4120-4f09-b7b4-de2a9a1b5f2d}</UniqueIdentifier>
    </Filter>
    <Filter Include="GIS">
      <UniqueIdentifier>{e1c5014f-9128-4410-94ca-f1466d835da9}</UniqueIdentifier>
    </Filter>
    <Filter Include="GIS\shapelib">
      <UniqueIdentifier>{5d411c0e-41cf-4b2b-b10d-d15a2ce0460b}</UniqueIdentifier>
    </Filter>
    <Filter Include="GIS\shapelib\unused">
      <UniqueIdentifier>{7f5e19a6-8b8e-43d5-8e86-b4a6cda3186f}</UniqueIdentifier>
    </Filter>
  </ItemGroup>
  <ItemGroup>
    <ClInclude Include="Entities\BuildingComponent.h">
      <Filter>Entities</Filter>
    </ClInclude>
    <ClInclude Include="Entities\ContourComponent.h">
      <Filter>Entities</Filter>
    </ClInclude>
    <ClInclude Include="GameStates\FrontEndState.h">
      <Filter>GameStates</Filter>
    </ClInclude>
    <ClInclude Include="Entities\WorldComponent.h">
      <Filter>Entities</Filter>
    </ClInclude>
    <ClInclude Include="Entities\CheckpointComponent.h">
      <Filter>Entities</Filter>
    </ClInclude>
    <ClInclude Include="Entities\PowerupComponent.h">
      <Filter>Entities</Filter>
    </ClInclude>
    <ClInclude Include="Pch.h" />
    <ClInclude Include="Game.h">
      <Filter>Game</Filter>
    </ClInclude>
    <ClInclude Include="GameStates\TestGameState.h">
      <Filter>GameStates</Filter>
    </ClInclude>
    <ClInclude Include="GameStates\InGameState.h">
      <Filter>GameStates</Filter>
    </ClInclude>
    <ClInclude Include="GIS\shapelib\shapefil.h">
      <Filter>GIS\shapelib</Filter>
    </ClInclude>
  </ItemGroup>
  <ItemGroup>
    <ClCompile Include="Game.cpp">
      <Filter>Game</Filter>
    </ClCompile>
    <ClCompile Include="Entities\BuildingComponent.cpp">
      <Filter>Entities</Filter>
    </ClCompile>
    <ClCompile Include="Entities\ContourComponent.cpp">
      <Filter>Entities</Filter>
    </ClCompile>
    <ClCompile Include="GameStates\FrontEndState.cpp">
      <Filter>GameStates</Filter>
    </ClCompile>
    <ClCompile Include="Entities\WorldComponent.cpp">
      <Filter>Entities</Filter>
    </ClCompile>
    <ClCompile Include="Entities\CheckpointComponent.cpp">
      <Filter>Entities</Filter>
    </ClCompile>
    <ClCompile Include="Entities\PowerupComponent.cpp">
      <Filter>Entities</Filter>
    </ClCompile>
    <ClCompile Include="Pch.cpp" />
    <ClCompile Include="GameStates\TestGameState.cpp">
      <Filter>GameStates</Filter>
    </ClCompile>
    <ClCompile Include="GameStates\InGameState.cpp">
      <Filter>GameStates</Filter>
    </ClCompile>
    <ClCompile Include="GIS\shapelib\dbfopen.c">
      <Filter>GIS\shapelib</Filter>
    </ClCompile>
    <ClCompile Include="GIS\shapelib\safileio.c">
      <Filter>GIS\shapelib</Filter>
    </ClCompile>
    <ClCompile Include="GIS\shapelib\sbnsearch.c">
      <Filter>GIS\shapelib</Filter>
    </ClCompile>
    <ClCompile Include="GIS\shapelib\shpopen.c">
      <Filter>GIS\shapelib</Filter>
    </ClCompile>
    <ClCompile Include="GIS\shapelib\shptree.c">
      <Filter>GIS\shapelib</Filter>
    </ClCompile>
    <ClCompile Include="GIS\shapelib\dbfadd.c">
      <Filter>GIS\shapelib\unused</Filter>
    </ClCompile>
    <ClCompile Include="GIS\shapelib\dbfcreate.c">
      <Filter>GIS\shapelib\unused</Filter>
    </ClCompile>
    <ClCompile Include="GIS\shapelib\dbfdump.c">
      <Filter>GIS\shapelib\unused</Filter>
    </ClCompile>
    <ClCompile Include="GIS\shapelib\shpadd.c">
      <Filter>GIS\shapelib\unused</Filter>
    </ClCompile>
    <ClCompile Include="GIS\shapelib\shpcreate.c">
      <Filter>GIS\shapelib\unused</Filter>
    </ClCompile>
    <ClCompile Include="GIS\shapelib\shpdump.c">
      <Filter>GIS\shapelib\unused</Filter>
    </ClCompile>
    <ClCompile Include="GIS\shapelib\shprewind.c">
      <Filter>GIS\shapelib\unused</Filter>
    </ClCompile>
    <ClCompile Include="GIS\shapelib\shptest.c">
      <Filter>GIS\shapelib\unused</Filter>
    </ClCompile>
    <ClCompile Include="GIS\shapelib\shptreedump.c">
      <Filter>GIS\shapelib\unused</Filter>
    </ClCompile>
    <ClCompile Include="GIS\shapelib\shputils.c">
      <Filter>GIS\shapelib\unused</Filter>
    </ClCompile>
  </ItemGroup>
  <ItemGroup>
    <None Include="..\Data\Shaders\TestFragmentShader.glsl">
      <Filter>Shaders</Filter>
    </None>
    <None Include="..\Data\Shaders\TestVertexShader.glsl">
      <Filter>Shaders</Filter>
    </None>
    <None Include="..\Data\Shaders\TestShader.yaml">
      <Filter>Shaders</Filter>
    </None>
  </ItemGroup>
</Project>