Microsoft Visual Studio Solution File, Format Version 12.00
# Visual Studio 15
Project("{8BC9CEB8-8B4A-11D0-8D11-00A0C91BC942}") = "ALL_BUILD", "ALL_BUILD.vcxproj", "{02BE1D82-5C2E-362B-B2AE-2D24992626FD}"
	ProjectSection(ProjectDependencies) = postProject
		{1C0C3F8F-FC8A-3568-9768-06820A925D5C} = {1C0C3F8F-FC8A-3568-9768-06820A925D5C}
		{DF5BE8F2-97AB-390A-A31E-817931A90907} = {DF5BE8F2-97AB-390A-A31E-817931A90907}
		{7CDD0DAF-A00F-3CAB-AF41-A397955B0DD9} = {7CDD0DAF-A00F-3CAB-AF41-A397955B0DD9}
		{41922198-0707-3430-B399-7847F24E5CA8} = {41922198-0707-3430-B399-7847F24E5CA8}
		{81D81DB7-A721-3035-8174-425E726AB41A} = {81D81DB7-A721-3035-8174-425E726AB41A}
	EndProjectSection
EndProject
Project("{8BC9CEB8-8B4A-11D0-8D11-00A0C91BC942}") = "INSTALL", "INSTALL.vcxproj", "{5F9D2956-1232-36E0-B75C-3B9B38F98A88}"
	ProjectSection(ProjectDependencies) = postProject
		{02BE1D82-5C2E-362B-B2AE-2D24992626FD} = {02BE1D82-5C2E-362B-B2AE-2D24992626FD}
		{1C0C3F8F-FC8A-3568-9768-06820A925D5C} = {1C0C3F8F-FC8A-3568-9768-06820A925D5C}
	EndProjectSection
EndProject
Project("{8BC9CEB8-8B4A-11D0-8D11-00A0C91BC942}") = "ZERO_CHECK", "ZERO_CHECK.vcxproj", "{1C0C3F8F-FC8A-3568-9768-06820A925D5C}"
	ProjectSection(ProjectDependencies) = postProject
	EndProjectSection
EndProject
Project("{8BC9CEB8-8B4A-11D0-8D11-00A0C91BC942}") = "glew", "glew.vcxproj", "{DF5BE8F2-97AB-390A-A31E-817931A90907}"
	ProjectSection(ProjectDependencies) = postProject
		{1C0C3F8F-FC8A-3568-9768-06820A925D5C} = {1C0C3F8F-FC8A-3568-9768-06820A925D5C}
	EndProjectSection
EndProject
Project("{8BC9CEB8-8B4A-11D0-8D11-00A0C91BC942}") = "glew_s", "glew_s.vcxproj", "{7CDD0DAF-A00F-3CAB-AF41-A397955B0DD9}"
	ProjectSection(ProjectDependencies) = postProject
		{1C0C3F8F-FC8A-3568-9768-06820A925D5C} = {1C0C3F8F-FC8A-3568-9768-06820A925D5C}
	EndProjectSection
EndProject
Project("{8BC9CEB8-8B4A-11D0-8D11-00A0C91BC942}") = "glewinfo", "glewinfo.vcxproj", "{41922198-0707-3430-B399-7847F24E5CA8}"
	ProjectSection(ProjectDependencies) = postProject
		{1C0C3F8F-FC8A-3568-9768-06820A925D5C} = {1C0C3F8F-FC8A-3568-9768-06820A925D5C}
		{DF5BE8F2-97AB-390A-A31E-817931A90907} = {DF5BE8F2-97AB-390A-A31E-817931A90907}
	EndProjectSection
EndProject
Project("{8BC9CEB8-8B4A-11D0-8D11-00A0C91BC942}") = "uninstall", "uninstall.vcxproj", "{27FBC025-9CF4-32F5-83ED-4D41E8B3F4BF}"
	ProjectSection(ProjectDependencies) = postProject
		{1C0C3F8F-FC8A-3568-9768-06820A925D5C} = {1C0C3F8F-FC8A-3568-9768-06820A925D5C}
	EndProjectSection
EndProject
Project("{8BC9CEB8-8B4A-11D0-8D11-00A0C91BC942}") = "visualinfo", "visualinfo.vcxproj", "{81D81DB7-A721-3035-8174-425E726AB41A}"
	ProjectSection(ProjectDependencies) = postProject
		{1C0C3F8F-FC8A-3568-9768-06820A925D5C} = {1C0C3F8F-FC8A-3568-9768-06820A925D5C}
		{DF5BE8F2-97AB-390A-A31E-817931A90907} = {DF5BE8F2-97AB-390A-A31E-817931A90907}
	EndProjectSection
EndProject
Global
	GlobalSection(SolutionConfigurationPlatforms) = preSolution
		Debug|x64 = Debug|x64
		Release|x64 = Release|x64
		MinSizeRel|x64 = MinSizeRel|x64
		RelWithDebInfo|x64 = RelWithDebInfo|x64
	EndGlobalSection
	GlobalSection(ProjectConfigurationPlatforms) = postSolution
		{02BE1D82-5C2E-362B-B2AE-2D24992626FD}.Debug|x64.ActiveCfg = Debug|x64
		{02BE1D82-5C2E-362B-B2AE-2D24992626FD}.Debug|x64.Build.0 = Debug|x64
		{02BE1D82-5C2E-362B-B2AE-2D24992626FD}.Release|x64.ActiveCfg = Release|x64
		{02BE1D82-5C2E-362B-B2AE-2D24992626FD}.Release|x64.Build.0 = Release|x64
		{02BE1D82-5C2E-362B-B2AE-2D24992626FD}.MinSizeRel|x64.ActiveCfg = MinSizeRel|x64
		{02BE1D82-5C2E-362B-B2AE-2D24992626FD}.MinSizeRel|x64.Build.0 = MinSizeRel|x64
		{02BE1D82-5C2E-362B-B2AE-2D24992626FD}.RelWithDebInfo|x64.ActiveCfg = RelWithDebInfo|x64
		{02BE1D82-5C2E-362B-B2AE-2D24992626FD}.RelWithDebInfo|x64.Build.0 = RelWithDebInfo|x64
		{5F9D2956-1232-36E0-B75C-3B9B38F98A88}.Debug|x64.ActiveCfg = Debug|x64
		{5F9D2956-1232-36E0-B75C-3B9B38F98A88}.Release|x64.ActiveCfg = Release|x64
		{5F9D2956-1232-36E0-B75C-3B9B38F98A88}.MinSizeRel|x64.ActiveCfg = MinSizeRel|x64
		{5F9D2956-1232-36E0-B75C-3B9B38F98A88}.RelWithDebInfo|x64.ActiveCfg = RelWithDebInfo|x64
		{1C0C3F8F-FC8A-3568-9768-06820A925D5C}.Debug|x64.ActiveCfg = Debug|x64
		{1C0C3F8F-FC8A-3568-9768-06820A925D5C}.Debug|x64.Build.0 = Debug|x64
		{1C0C3F8F-FC8A-3568-9768-06820A925D5C}.Release|x64.ActiveCfg = Release|x64
		{1C0C3F8F-FC8A-3568-9768-06820A925D5C}.Release|x64.Build.0 = Release|x64
		{1C0C3F8F-FC8A-3568-9768-06820A925D5C}.MinSizeRel|x64.ActiveCfg = MinSizeRel|x64
		{1C0C3F8F-FC8A-3568-9768-06820A925D5C}.MinSizeRel|x64.Build.0 = MinSizeRel|x64
		{1C0C3F8F-FC8A-3568-9768-06820A925D5C}.RelWithDebInfo|x64.ActiveCfg = RelWithDebInfo|x64
		{1C0C3F8F-FC8A-3568-9768-06820A925D5C}.RelWithDebInfo|x64.Build.0 = RelWithDebInfo|x64
		{DF5BE8F2-97AB-390A-A31E-817931A90907}.Debug|x64.ActiveCfg = Debug|x64
		{DF5BE8F2-97AB-390A-A31E-817931A90907}.Debug|x64.Build.0 = Debug|x64
		{DF5BE8F2-97AB-390A-A31E-817931A90907}.Release|x64.ActiveCfg = Release|x64
		{DF5BE8F2-97AB-390A-A31E-817931A90907}.Release|x64.Build.0 = Release|x64
		{DF5BE8F2-97AB-390A-A31E-817931A90907}.MinSizeRel|x64.ActiveCfg = MinSizeRel|x64
		{DF5BE8F2-97AB-390A-A31E-817931A90907}.MinSizeRel|x64.Build.0 = MinSizeRel|x64
		{DF5BE8F2-97AB-390A-A31E-817931A90907}.RelWithDebInfo|x64.ActiveCfg = RelWithDebInfo|x64
		{DF5BE8F2-97AB-390A-A31E-817931A90907}.RelWithDebInfo|x64.Build.0 = RelWithDebInfo|x64
		{7CDD0DAF-A00F-3CAB-AF41-A397955B0DD9}.Debug|x64.ActiveCfg = Debug|x64
		{7CDD0DAF-A00F-3CAB-AF41-A397955B0DD9}.Debug|x64.Build.0 = Debug|x64
		{7CDD0DAF-A00F-3CAB-AF41-A397955B0DD9}.Release|x64.ActiveCfg = Release|x64
		{7CDD0DAF-A00F-3CAB-AF41-A397955B0DD9}.Release|x64.Build.0 = Release|x64
		{7CDD0DAF-A00F-3CAB-AF41-A397955B0DD9}.MinSizeRel|x64.ActiveCfg = MinSizeRel|x64
		{7CDD0DAF-A00F-3CAB-AF41-A397955B0DD9}.MinSizeRel|x64.Build.0 = MinSizeRel|x64
		{7CDD0DAF-A00F-3CAB-AF41-A397955B0DD9}.RelWithDebInfo|x64.ActiveCfg = RelWithDebInfo|x64
		{7CDD0DAF-A00F-3CAB-AF41-A397955B0DD9}.RelWithDebInfo|x64.Build.0 = RelWithDebInfo|x64
		{41922198-0707-3430-B399-7847F24E5CA8}.Debug|x64.ActiveCfg = Debug|x64
		{41922198-0707-3430-B399-7847F24E5CA8}.Debug|x64.Build.0 = Debug|x64
		{41922198-0707-3430-B399-7847F24E5CA8}.Release|x64.ActiveCfg = Release|x64
		{41922198-0707-3430-B399-7847F24E5CA8}.Release|x64.Build.0 = Release|x64
		{41922198-0707-3430-B399-7847F24E5CA8}.MinSizeRel|x64.ActiveCfg = MinSizeRel|x64
		{41922198-0707-3430-B399-7847F24E5CA8}.MinSizeRel|x64.Build.0 = MinSizeRel|x64
		{41922198-0707-3430-B399-7847F24E5CA8}.RelWithDebInfo|x64.ActiveCfg = RelWithDebInfo|x64
		{41922198-0707-3430-B399-7847F24E5CA8}.RelWithDebInfo|x64.Build.0 = RelWithDebInfo|x64
		{27FBC025-9CF4-32F5-83ED-4D41E8B3F4BF}.Debug|x64.ActiveCfg = Debug|x64
		{27FBC025-9CF4-32F5-83ED-4D41E8B3F4BF}.Release|x64.ActiveCfg = Release|x64
		{27FBC025-9CF4-32F5-83ED-4D41E8B3F4BF}.MinSizeRel|x64.ActiveCfg = MinSizeRel|x64
		{27FBC025-9CF4-32F5-83ED-4D41E8B3F4BF}.RelWithDebInfo|x64.ActiveCfg = RelWithDebInfo|x64
		{81D81DB7-A721-3035-8174-425E726AB41A}.Debug|x64.ActiveCfg = Debug|x64
		{81D81DB7-A721-3035-8174-425E726AB41A}.Debug|x64.Build.0 = Debug|x64
		{81D81DB7-A721-3035-8174-425E726AB41A}.Release|x64.ActiveCfg = Release|x64
		{81D81DB7-A721-3035-8174-425E726AB41A}.Release|x64.Build.0 = Release|x64
		{81D81DB7-A721-3035-8174-425E726AB41A}.MinSizeRel|x64.ActiveCfg = MinSizeRel|x64
		{81D81DB7-A721-3035-8174-425E726AB41A}.MinSizeRel|x64.Build.0 = MinSizeRel|x64
		{81D81DB7-A721-3035-8174-425E726AB41A}.RelWithDebInfo|x64.ActiveCfg = RelWithDebInfo|x64
		{81D81DB7-A721-3035-8174-425E726AB41A}.RelWithDebInfo|x64.Build.0 = RelWithDebInfo|x64
	EndGlobalSection
	GlobalSection(ExtensibilityGlobals) = postSolution
		SolutionGuid = {BEA248BD-3F39-34BF-BDBB-84C883EF0B82}
	EndGlobalSection
	GlobalSection(ExtensibilityAddIns) = postSolution
	EndGlobalSection
EndGlobal
