<?xml version="1.0" encoding="UTF-8"?>
<Project ToolsVersion="15.0" xmlns="http://schemas.microsoft.com/developer/msbuild/2003">
  <ItemGroup>
    <ClCompile Include="D:\work\github\CalgaryGame2017\sdks\glew-2.1.0\src\visualinfo.c">
      <Filter>Source Files</Filter>
    </ClCompile>
  </ItemGroup>
  <ItemGroup>
    <CustomBuild Include="D:\work\github\CalgaryGame2017\sdks\glew-2.1.0\build\cmake\CMakeLists.txt" />
  </ItemGroup>
  <ItemGroup>
    <ResourceCompile Include="D:\work\github\CalgaryGame2017\sdks\glew-2.1.0\build\visualinfo.rc">
      <Filter>Source Files</Filter>
    </ResourceCompile>
  </ItemGroup>
  <ItemGroup>
    <Filter Include="Source Files">
      <UniqueIdentifier>{3A67C105-568F-3424-ABF6-4AF2CA5E52C8}</UniqueIdentifier>
    </Filter>
  </ItemGroup>
</Project>
