<?xml version="1.0" encoding="UTF-8"?>
<Project ToolsVersion="15.0" xmlns="http://schemas.microsoft.com/developer/msbuild/2003">
  <ItemGroup>
    <CustomBuild Include="D:\work\github\CalgaryGame2017\sdks\glfw-3.2.1\solution\CMakeFiles\407d8182a3027477056e8fa1d10ed9ad\INSTALL_force.rule">
      <Filter>CMake Rules</Filter>
    </CustomBuild>
  </ItemGroup>
  <ItemGroup>
    <Filter Include="CMake Rules">
      <UniqueIdentifier>{B787C8A1-69E2-3DE1-BFB9-BE99C902419E}</UniqueIdentifier>
    </Filter>
  </ItemGroup>
</Project>
