<?xml version="1.0" encoding="UTF-8"?>
<Project ToolsVersion="15.0" xmlns="http://schemas.microsoft.com/developer/msbuild/2003">
  <ItemGroup>
    <ClCompile Include="D:\work\github\CalgaryGame2017\sdks\glfw-3.2.1\tests\monitors.c">
      <Filter>Source Files</Filter>
    </ClCompile>
    <ClCompile Include="D:\work\github\CalgaryGame2017\sdks\glfw-3.2.1\deps\getopt.c">
      <Filter>Source Files</Filter>
    </ClCompile>
    <ClCompile Include="D:\work\github\CalgaryGame2017\sdks\glfw-3.2.1\deps\glad.c">
      <Filter>Source Files</Filter>
    </ClCompile>
  </ItemGroup>
  <ItemGroup>
    <ClInclude Include="D:\work\github\CalgaryGame2017\sdks\glfw-3.2.1\deps\getopt.h">
      <Filter>Header Files</Filter>
    </ClInclude>
    <ClInclude Include="D:\work\github\CalgaryGame2017\sdks\glfw-3.2.1\deps\glad\glad.h">
      <Filter>Header Files</Filter>
    </ClInclude>
  </ItemGroup>
  <ItemGroup>
    <CustomBuild Include="D:\work\github\CalgaryGame2017\sdks\glfw-3.2.1\tests\CMakeLists.txt" />
  </ItemGroup>
  <ItemGroup>
    <Filter Include="Source Files">
      <UniqueIdentifier>{59E08498-B619-3883-BD4A-A415D3D65889}</UniqueIdentifier>
    </Filter>
    <Filter Include="Header Files">
      <UniqueIdentifier>{99214180-DBD4-3DD5-B137-6726BDDF636B}</UniqueIdentifier>
    </Filter>
  </ItemGroup>
</Project>
