Microsoft Visual Studio Solution File, Format Version 12.00
# Visual Studio 16
Project("{8BC9CEB8-8B4A-11D0-8D11-00A0C91BC942}") = "ALL_BUILD", "ALL_BUILD.vcxproj", "{AC6A8DA6-EAE0-3C3F-BB22-C2DC4D22F349}"
	ProjectSection(ProjectDependencies) = postProject
		{3F6F2348-ADAF-3F26-B4C0-297890EC658F} = {3F6F2348-ADAF-3F26-B4C0-297890EC658F}
		{62A2573A-D1C7-3F29-82E1-560536BA0F3D} = {62A2573A-D1C7-3F29-82E1-560536BA0F3D}
		{844DFCDA-B60E-3160-85A6-B4C17600BD25} = {844DFCDA-B60E-3160-85A6-B4C17600BD25}
		{C6E0072C-E9BB-3DCD-A3E5-A8546980CEC9} = {C6E0072C-E9BB-3DCD-A3E5-A8546980CEC9}
		{204A0E48-2951-30C2-ACF1-7E7CF1EE7911} = {204A0E48-2951-30C2-ACF1-7E7CF1EE7911}
		{45117236-7580-323E-B3D2-AB237EC22FE0} = {45117236-7580-323E-B3D2-AB237EC22FE0}
		{93532914-E0A7-3A7F-9ACD-127BB7DAC84D} = {93532914-E0A7-3A7F-9ACD-127BB7DAC84D}
	EndProjectSection
EndProject
Project("{8BC9CEB8-8B4A-11D0-8D11-00A0C91BC942}") = "INSTALL", "INSTALL.vcxproj", "{370099E3-6A0C-3198-ABC7-7EE90F54B4DE}"
	ProjectSection(ProjectDependencies) = postProject
		{AC6A8DA6-EAE0-3C3F-BB22-C2DC4D22F349} = {AC6A8DA6-EAE0-3C3F-BB22-C2DC4D22F349}
		{3F6F2348-ADAF-3F26-B4C0-297890EC658F} = {3F6F2348-ADAF-3F26-B4C0-297890EC658F}
	EndProjectSection
EndProject
Project("{8BC9CEB8-8B4A-11D0-8D11-00A0C91BC942}") = "RUN_TESTS", "RUN_TESTS.vcxproj", "{56A1732A-643A-3C48-9C7A-E596553F44B9}"
	ProjectSection(ProjectDependencies) = postProject
		{3F6F2348-ADAF-3F26-B4C0-297890EC658F} = {3F6F2348-ADAF-3F26-B4C0-297890EC658F}
	EndProjectSection
EndProject
Project("{8BC9CEB8-8B4A-11D0-8D11-00A0C91BC942}") = "ZERO_CHECK", "ZERO_CHECK.vcxproj", "{3F6F2348-ADAF-3F26-B4C0-297890EC658F}"
	ProjectSection(ProjectDependencies) = postProject
	EndProjectSection
EndProject
Project("{8BC9CEB8-8B4A-11D0-8D11-00A0C91BC942}") = "format", "format.vcxproj", "{20BA3999-B561-39F3-8661-AB99C1ED4DF0}"
	ProjectSection(ProjectDependencies) = postProject
		{3F6F2348-ADAF-3F26-B4C0-297890EC658F} = {3F6F2348-ADAF-3F26-B4C0-297890EC658F}
	EndProjectSection
EndProject
Project("{8BC9CEB8-8B4A-11D0-8D11-00A0C91BC942}") = "googletest_project", "test\googletest_project.vcxproj", "{62A2573A-D1C7-3F29-82E1-560536BA0F3D}"
	ProjectSection(ProjectDependencies) = postProject
		{3F6F2348-ADAF-3F26-B4C0-297890EC658F} = {3F6F2348-ADAF-3F26-B4C0-297890EC658F}
	EndProjectSection
EndProject
Project("{8BC9CEB8-8B4A-11D0-8D11-00A0C91BC942}") = "parse", "util\parse.vcxproj", "{844DFCDA-B60E-3160-85A6-B4C17600BD25}"
	ProjectSection(ProjectDependencies) = postProject
		{3F6F2348-ADAF-3F26-B4C0-297890EC658F} = {3F6F2348-ADAF-3F26-B4C0-297890EC658F}
		{93532914-E0A7-3A7F-9ACD-127BB7DAC84D} = {93532914-E0A7-3A7F-9ACD-127BB7DAC84D}
	EndProjectSection
EndProject
Project("{8BC9CEB8-8B4A-11D0-8D11-00A0C91BC942}") = "read", "util\read.vcxproj", "{C6E0072C-E9BB-3DCD-A3E5-A8546980CEC9}"
	ProjectSection(ProjectDependencies) = postProject
		{3F6F2348-ADAF-3F26-B4C0-297890EC658F} = {3F6F2348-ADAF-3F26-B4C0-297890EC658F}
		{93532914-E0A7-3A7F-9ACD-127BB7DAC84D} = {93532914-E0A7-3A7F-9ACD-127BB7DAC84D}
	EndProjectSection
EndProject
Project("{8BC9CEB8-8B4A-11D0-8D11-00A0C91BC942}") = "run-tests", "test\run-tests.vcxproj", "{204A0E48-2951-30C2-ACF1-7E7CF1EE7911}"
	ProjectSection(ProjectDependencies) = postProject
		{3F6F2348-ADAF-3F26-B4C0-297890EC658F} = {3F6F2348-ADAF-3F26-B4C0-297890EC658F}
		{62A2573A-D1C7-3F29-82E1-560536BA0F3D} = {62A2573A-D1C7-3F29-82E1-560536BA0F3D}
		{93532914-E0A7-3A7F-9ACD-127BB7DAC84D} = {93532914-E0A7-3A7F-9ACD-127BB7DAC84D}
	EndProjectSection
EndProject
Project("{8BC9CEB8-8B4A-11D0-8D11-00A0C91BC942}") = "sandbox", "util\sandbox.vcxproj", "{45117236-7580-323E-B3D2-AB237EC22FE0}"
	ProjectSection(ProjectDependencies) = postProject
		{3F6F2348-ADAF-3F26-B4C0-297890EC658F} = {3F6F2348-ADAF-3F26-B4C0-297890EC658F}
		{93532914-E0A7-3A7F-9ACD-127BB7DAC84D} = {93532914-E0A7-3A7F-9ACD-127BB7DAC84D}
	EndProjectSection
EndProject
Project("{8BC9CEB8-8B4A-11D0-8D11-00A0C91BC942}") = "yaml-cpp", "yaml-cpp.vcxproj", "{93532914-E0A7-3A7F-9ACD-127BB7DAC84D}"
	ProjectSection(ProjectDependencies) = postProject
		{3F6F2348-ADAF-3F26-B4C0-297890EC658F} = {3F6F2348-ADAF-3F26-B4C0-297890EC658F}
	EndProjectSection
EndProject
Global
	GlobalSection(SolutionConfigurationPlatforms) = preSolution
		Debug|x64 = Debug|x64
		Release|x64 = Release|x64
		MinSizeRel|x64 = MinSizeRel|x64
		RelWithDebInfo|x64 = RelWithDebInfo|x64
	EndGlobalSection
	GlobalSection(ProjectConfigurationPlatforms) = postSolution
		{AC6A8DA6-EAE0-3C3F-BB22-C2DC4D22F349}.Debug|x64.ActiveCfg = Debug|x64
		{AC6A8DA6-EAE0-3C3F-BB22-C2DC4D22F349}.Debug|x64.Build.0 = Debug|x64
		{AC6A8DA6-EAE0-3C3F-BB22-C2DC4D22F349}.Release|x64.ActiveCfg = Release|x64
		{AC6A8DA6-EAE0-3C3F-BB22-C2DC4D22F349}.Release|x64.Build.0 = Release|x64
		{AC6A8DA6-EAE0-3C3F-BB22-C2DC4D22F349}.MinSizeRel|x64.ActiveCfg = MinSizeRel|x64
		{AC6A8DA6-EAE0-3C3F-BB22-C2DC4D22F349}.MinSizeRel|x64.Build.0 = MinSizeRel|x64
		{AC6A8DA6-EAE0-3C3F-BB22-C2DC4D22F349}.RelWithDebInfo|x64.ActiveCfg = RelWithDebInfo|x64
		{AC6A8DA6-EAE0-3C3F-BB22-C2DC4D22F349}.RelWithDebInfo|x64.Build.0 = RelWithDebInfo|x64
		{370099E3-6A0C-3198-ABC7-7EE90F54B4DE}.Debug|x64.ActiveCfg = Debug|x64
		{370099E3-6A0C-3198-ABC7-7EE90F54B4DE}.Release|x64.ActiveCfg = Release|x64
		{370099E3-6A0C-3198-ABC7-7EE90F54B4DE}.MinSizeRel|x64.ActiveCfg = MinSizeRel|x64
		{370099E3-6A0C-3198-ABC7-7EE90F54B4DE}.RelWithDebInfo|x64.ActiveCfg = RelWithDebInfo|x64
		{56A1732A-643A-3C48-9C7A-E596553F44B9}.Debug|x64.ActiveCfg = Debug|x64
		{56A1732A-643A-3C48-9C7A-E596553F44B9}.Release|x64.ActiveCfg = Release|x64
		{56A1732A-643A-3C48-9C7A-E596553F44B9}.MinSizeRel|x64.ActiveCfg = MinSizeRel|x64
		{56A1732A-643A-3C48-9C7A-E596553F44B9}.RelWithDebInfo|x64.ActiveCfg = RelWithDebInfo|x64
		{3F6F2348-ADAF-3F26-B4C0-297890EC658F}.Debug|x64.ActiveCfg = Debug|x64
		{3F6F2348-ADAF-3F26-B4C0-297890EC658F}.Debug|x64.Build.0 = Debug|x64
		{3F6F2348-ADAF-3F26-B4C0-297890EC658F}.Release|x64.ActiveCfg = Release|x64
		{3F6F2348-ADAF-3F26-B4C0-297890EC658F}.Release|x64.Build.0 = Release|x64
		{3F6F2348-ADAF-3F26-B4C0-297890EC658F}.MinSizeRel|x64.ActiveCfg = MinSizeRel|x64
		{3F6F2348-ADAF-3F26-B4C0-297890EC658F}.MinSizeRel|x64.Build.0 = MinSizeRel|x64
		{3F6F2348-ADAF-3F26-B4C0-297890EC658F}.RelWithDebInfo|x64.ActiveCfg = RelWithDebInfo|x64
		{3F6F2348-ADAF-3F26-B4C0-297890EC658F}.RelWithDebInfo|x64.Build.0 = RelWithDebInfo|x64
		{20BA3999-B561-39F3-8661-AB99C1ED4DF0}.Debug|x64.ActiveCfg = Debug|x64
		{20BA3999-B561-39F3-8661-AB99C1ED4DF0}.Release|x64.ActiveCfg = Release|x64
		{20BA3999-B561-39F3-8661-AB99C1ED4DF0}.MinSizeRel|x64.ActiveCfg = MinSizeRel|x64
		{20BA3999-B561-39F3-8661-AB99C1ED4DF0}.RelWithDebInfo|x64.ActiveCfg = RelWithDebInfo|x64
		{62A2573A-D1C7-3F29-82E1-560536BA0F3D}.Debug|x64.ActiveCfg = Debug|x64
		{62A2573A-D1C7-3F29-82E1-560536BA0F3D}.Debug|x64.Build.0 = Debug|x64
		{62A2573A-D1C7-3F29-82E1-560536BA0F3D}.Release|x64.ActiveCfg = Release|x64
		{62A2573A-D1C7-3F29-82E1-560536BA0F3D}.Release|x64.Build.0 = Release|x64
		{62A2573A-D1C7-3F29-82E1-560536BA0F3D}.MinSizeRel|x64.ActiveCfg = MinSizeRel|x64
		{62A2573A-D1C7-3F29-82E1-560536BA0F3D}.MinSizeRel|x64.Build.0 = MinSizeRel|x64
		{62A2573A-D1C7-3F29-82E1-560536BA0F3D}.RelWithDebInfo|x64.ActiveCfg = RelWithDebInfo|x64
		{62A2573A-D1C7-3F29-82E1-560536BA0F3D}.RelWithDebInfo|x64.Build.0 = RelWithDebInfo|x64
		{844DFCDA-B60E-3160-85A6-B4C17600BD25}.Debug|x64.ActiveCfg = Debug|x64
		{844DFCDA-B60E-3160-85A6-B4C17600BD25}.Debug|x64.Build.0 = Debug|x64
		{844DFCDA-B60E-3160-85A6-B4C17600BD25}.Release|x64.ActiveCfg = Release|x64
		{844DFCDA-B60E-3160-85A6-B4C17600BD25}.Release|x64.Build.0 = Release|x64
		{844DFCDA-B60E-3160-85A6-B4C17600BD25}.MinSizeRel|x64.ActiveCfg = MinSizeRel|x64
		{844DFCDA-B60E-3160-85A6-B4C17600BD25}.MinSizeRel|x64.Build.0 = MinSizeRel|x64
		{844DFCDA-B60E-3160-85A6-B4C17600BD25}.RelWithDebInfo|x64.ActiveCfg = RelWithDebInfo|x64
		{844DFCDA-B60E-3160-85A6-B4C17600BD25}.RelWithDebInfo|x64.Build.0 = RelWithDebInfo|x64
		{C6E0072C-E9BB-3DCD-A3E5-A8546980CEC9}.Debug|x64.ActiveCfg = Debug|x64
		{C6E0072C-E9BB-3DCD-A3E5-A8546980CEC9}.Debug|x64.Build.0 = Debug|x64
		{C6E0072C-E9BB-3DCD-A3E5-A8546980CEC9}.Release|x64.ActiveCfg = Release|x64
		{C6E0072C-E9BB-3DCD-A3E5-A8546980CEC9}.Release|x64.Build.0 = Release|x64
		{C6E0072C-E9BB-3DCD-A3E5-A8546980CEC9}.MinSizeRel|x64.ActiveCfg = MinSizeRel|x64
		{C6E0072C-E9BB-3DCD-A3E5-A8546980CEC9}.MinSizeRel|x64.Build.0 = MinSizeRel|x64
		{C6E0072C-E9BB-3DCD-A3E5-A8546980CEC9}.RelWithDebInfo|x64.ActiveCfg = RelWithDebInfo|x64
		{C6E0072C-E9BB-3DCD-A3E5-A8546980CEC9}.RelWithDebInfo|x64.Build.0 = RelWithDebInfo|x64
		{204A0E48-2951-30C2-ACF1-7E7CF1EE7911}.Debug|x64.ActiveCfg = Debug|x64
		{204A0E48-2951-30C2-ACF1-7E7CF1EE7911}.Debug|x64.Build.0 = Debug|x64
		{204A0E48-2951-30C2-ACF1-7E7CF1EE7911}.Release|x64.ActiveCfg = Release|x64
		{204A0E48-2951-30C2-ACF1-7E7CF1EE7911}.Release|x64.Build.0 = Release|x64
		{204A0E48-2951-30C2-ACF1-7E7CF1EE7911}.MinSizeRel|x64.ActiveCfg = MinSizeRel|x64
		{204A0E48-2951-30C2-ACF1-7E7CF1EE7911}.MinSizeRel|x64.Build.0 = MinSizeRel|x64
		{204A0E48-2951-30C2-ACF1-7E7CF1EE7911}.RelWithDebInfo|x64.ActiveCfg = RelWithDebInfo|x64
		{204A0E48-2951-30C2-ACF1-7E7CF1EE7911}.RelWithDebInfo|x64.Build.0 = RelWithDebInfo|x64
		{45117236-7580-323E-B3D2-AB237EC22FE0}.Debug|x64.ActiveCfg = Debug|x64
		{45117236-7580-323E-B3D2-AB237EC22FE0}.Debug|x64.Build.0 = Debug|x64
		{45117236-7580-323E-B3D2-AB237EC22FE0}.Release|x64.ActiveCfg = Release|x64
		{45117236-7580-323E-B3D2-AB237EC22FE0}.Release|x64.Build.0 = Release|x64
		{45117236-7580-323E-B3D2-AB237EC22FE0}.MinSizeRel|x64.ActiveCfg = MinSizeRel|x64
		{45117236-7580-323E-B3D2-AB237EC22FE0}.MinSizeRel|x64.Build.0 = MinSizeRel|x64
		{45117236-7580-323E-B3D2-AB237EC22FE0}.RelWithDebInfo|x64.ActiveCfg = RelWithDebInfo|x64
		{45117236-7580-323E-B3D2-AB237EC22FE0}.RelWithDebInfo|x64.Build.0 = RelWithDebInfo|x64
		{93532914-E0A7-3A7F-9ACD-127BB7DAC84D}.Debug|x64.ActiveCfg = Debug|x64
		{93532914-E0A7-3A7F-9ACD-127BB7DAC84D}.Debug|x64.Build.0 = Debug|x64
		{93532914-E0A7-3A7F-9ACD-127BB7DAC84D}.Release|x64.ActiveCfg = Release|x64
		{93532914-E0A7-3A7F-9ACD-127BB7DAC84D}.Release|x64.Build.0 = Release|x64
		{93532914-E0A7-3A7F-9ACD-127BB7DAC84D}.MinSizeRel|x64.ActiveCfg = MinSizeRel|x64
		{93532914-E0A7-3A7F-9ACD-127BB7DAC84D}.MinSizeRel|x64.Build.0 = MinSizeRel|x64
		{93532914-E0A7-3A7F-9ACD-127BB7DAC84D}.RelWithDebInfo|x64.ActiveCfg = RelWithDebInfo|x64
		{93532914-E0A7-3A7F-9ACD-127BB7DAC84D}.RelWithDebInfo|x64.Build.0 = RelWithDebInfo|x64
	EndGlobalSection
	GlobalSection(ExtensibilityGlobals) = postSolution
		SolutionGuid = {293E01B1-1214-3471-896F-4ABE6FE03992}
	EndGlobalSection
	GlobalSection(ExtensibilityAddIns) = postSolution
	EndGlobalSection
EndGlobal
