<?xml version="1.0" encoding="utf-8"?>
<Project ToolsVersion="16.0" xmlns="http://schemas.microsoft.com/developer/msbuild/2003">
  <ItemGroup>
    <CustomBuild Include="C:\work\GitHub\CalgaryGame2018\source\yaml-cpp\build\CMakeFiles\d680091c3c1560a5fbe673a0dd1db272\generate.stamp.rule">
      <Filter>CMake Rules</Filter>
    </CustomBuild>
  </ItemGroup>
  <ItemGroup>
    <Filter Include="CMake Rules">
      <UniqueIdentifier>{E0FA2ECD-8B97-340D-B4D6-524EDA0326EE}</UniqueIdentifier>
    </Filter>
  </ItemGroup>
</Project>
