<?xml version="1.0" encoding="UTF-8"?>
<Project ToolsVersion="15.0" xmlns="http://schemas.microsoft.com/developer/msbuild/2003">
  <ItemGroup>
    <CustomBuild Include="C:\work\CalgaryGame2017\sdks\glfw-3.2.1\binaries\CMakeFiles\7b11b0ddb8d72fd54310c7ee071aee1c\INSTALL_force.rule">
      <Filter>CMake Rules</Filter>
    </CustomBuild>
  </ItemGroup>
  <ItemGroup>
    <Filter Include="CMake Rules">
      <UniqueIdentifier>{7A1B8347-4BE4-3626-B0C9-911872E81CC1}</UniqueIdentifier>
    </Filter>
  </ItemGroup>
</Project>
